// !$*UTF8*$!
{
	archiveVersion = 1;
	classes = {
	};
	objectVersion = 77;
	objects = {

/* Begin PBXBuildFile section */
		03680B355B6CCB7EE648EAAF /* commit-msg.sample in Resources */ = {isa = PBXBuildFile; fileRef = 1A9028CF39F1422171C97160 /* commit-msg.sample */; };
		0690907B21C589DD318D9F45 /* DocumentType.swift in Sources */ = {isa = PBXBuildFile; fileRef = 1F3D9A75C6013AAA258E0158 /* DocumentType.swift */; };
		09B86609F09D9EE6315A1292 /* OnboardingScreens.swift in Sources */ = {isa = PBXBuildFile; fileRef = ABBC997537BDA8146552D9DF /* OnboardingScreens.swift */; };
		0EE7DEEA2E73CC15B6DB863D /* PetDocument.swift in Sources */ = {isa = PBXBuildFile; fileRef = 35BEC2F96299893AAA1B26D1 /* PetDocument.swift */; };
		11037C327F6129B8A4E818A2 /* pre-commit.sample in Resources */ = {isa = PBXBuildFile; fileRef = F28F5BD49D9C16A3E46EC95E /* pre-commit.sample */; };
		12B75AA3D656CC9E9985B54D /* Typography.swift in Sources */ = {isa = PBXBuildFile; fileRef = 2F0DA6B6411F53049521A2C1 /* Typography.swift */; };
		12E88B0497A3BFE8BD132E01 /* MonthGrid.swift in Sources */ = {isa = PBXBuildFile; fileRef = C2CBDF1605AB542A495CC9FE /* MonthGrid.swift */; };
		17EF9C412B839FC9E4B26BA2 /* RecurrenceEngine.swift in Sources */ = {isa = PBXBuildFile; fileRef = BBD66E8AAD3F4443C80F9602 /* RecurrenceEngine.swift */; };
		184CACE9047E1015A0D2C1B4 /* pack-8e66a19a22d96d4502c0973263ab8c384f9ef160.rev in Resources */ = {isa = PBXBuildFile; fileRef = 3452EE6BBA78EE8797905C9E /* pack-8e66a19a22d96d4502c0973263ab8c384f9ef160.rev */; };
		188D0B406DA9A4F771D3F781 /* VaultSearchView.swift in Sources */ = {isa = PBXBuildFile; fileRef = 204D993F55620FEC99EC77D6 /* VaultSearchView.swift */; };
		1DEBE4CEA1EF6E5747857E7B /* CalendarView.swift in Sources */ = {isa = PBXBuildFile; fileRef = 7DC6DFDC296A056B2B18F9BC /* CalendarView.swift */; };
		20BA9952C18D5B2F5EC6A4AB /* Pet.swift in Sources */ = {isa = PBXBuildFile; fileRef = A56BB6523B5B761DAAACDFCE /* Pet.swift */; };
		20BB3345ABBFC6A24D3AD071 /* RootView.swift in Sources */ = {isa = PBXBuildFile; fileRef = 471376D6B9EE814590231F79 /* RootView.swift */; };
		30969EA7B4793150E6DC3896 /* QuickLogSheet.swift in Sources */ = {isa = PBXBuildFile; fileRef = BC76F68803CC98D3B3E0316B /* QuickLogSheet.swift */; };
		332D848D464C9F34D1899C85 /* Spacing.swift in Sources */ = {isa = PBXBuildFile; fileRef = B085A566B38E46A55755A719 /* Spacing.swift */; };
		36859515DAA5AE8E3086351C /* OCRService.swift in Sources */ = {isa = PBXBuildFile; fileRef = 990D081FB0E910226D4132CF /* OCRService.swift */; };
		3B0FC70EFDC2A63E021C8235 /* ReminderType.swift in Sources */ = {isa = PBXBuildFile; fileRef = 2744E3D8EDFBFFF1A4C9F852 /* ReminderType.swift */; };
		3B7BCADFF48F8A3AC36BF11A /* SubscriptionStore.swift in Sources */ = {isa = PBXBuildFile; fileRef = 5B9068DE1F3C25E5E34667E1 /* SubscriptionStore.swift */; };
		3C0FC2A708585F175A33162E /* PetProfileViewDTO.swift in Sources */ = {isa = PBXBuildFile; fileRef = D1D28E8DD7056DAF3554680E /* PetProfileViewDTO.swift */; };
		3E18D88A66D0A71F32441190 /* VaultHomeView.swift in Sources */ = {isa = PBXBuildFile; fileRef = 2EEC8E15296CC1C22E740E62 /* VaultHomeView.swift */; };
		40B20F9415715342786F94D8 /* push-to-checkout.sample in Resources */ = {isa = PBXBuildFile; fileRef = B44FC5437B0EED3782ADE926 /* push-to-checkout.sample */; };
		411F4E9EB5A910F9CAA7FAA3 /* PawlyApp.swift in Sources */ = {isa = PBXBuildFile; fileRef = "TEMP_B8118CC4-7582-45C4-A974-27A10D7367BC" /* PawlyApp.swift */; };
		4177A96857E5E588C0A0D2E4 /* post-update.sample in Resources */ = {isa = PBXBuildFile; fileRef = FA27CD5FD2847F2B297C7868 /* post-update.sample */; };
		4202AEBE56121D5CBEEDCA3E /* prepare-commit-msg.sample in Resources */ = {isa = PBXBuildFile; fileRef = 145FD4EB35CD9B63C8991A93 /* prepare-commit-msg.sample */; };
		43C327A51E06DCFBC31FEE00 /* DiscoverView.swift in Sources */ = {isa = PBXBuildFile; fileRef = F88091CCFB9B990FBC63EA30 /* DiscoverView.swift */; };
		4597798078FE77A552623EBF /* AIDoctorView.swift in Sources */ = {isa = PBXBuildFile; fileRef = CDC7FEDBD30B4304BBA538BD /* AIDoctorView.swift */; };
		485D0550C2C40BA7A911EADC /* PawlyTests.swift in Sources */ = {isa = PBXBuildFile; fileRef = 45F7D8EE25A6996FCF7F8083 /* PawlyTests.swift */; };
		5640FB33F3F1F4B62A30C6A1 /* DocumentUploadSheet.swift in Sources */ = {isa = PBXBuildFile; fileRef = 6E059DF2D7DDAD5C67323BBA /* DocumentUploadSheet.swift */; };
		6024CDE95F7C1069C6045B6C /* HomeView.swift in Sources */ = {isa = PBXBuildFile; fileRef = 8E4DC15F26EC66776C6B7C46 /* HomeView.swift */; };
		622F98D1098DA4CFAAE250E2 /* Species.swift in Sources */ = {isa = PBXBuildFile; fileRef = 748135EB8A20CF617EE37B71 /* Species.swift */; };
		6259A1C0A7B480BCFB411518 /* DocumentDetailView.swift in Sources */ = {isa = PBXBuildFile; fileRef = 8DA598B984688E6B8E066EE8 /* DocumentDetailView.swift */; };
		64DAF22F36E40FA2DFEE4D67 /* supabase_schema.sql in Resources */ = {isa = PBXBuildFile; fileRef = "TEMP_CE0EFD24-74EF-4A2E-9F17-AB73E561DBDB" /* supabase_schema.sql */; };
		66585ACEB11E279B7600EF8B /* Assets.xcassets in Resources */ = {isa = PBXBuildFile; fileRef = "TEMP_FDBBE9C1-5FC2-4428-B0F3-5BE7CBF01D28" /* Assets.xcassets */; };
		67E17E0E36ADE7352ED25EA3 /* OnboardingDraft.swift in Sources */ = {isa = PBXBuildFile; fileRef = DF979BC3BFF74E33B7B8E27F /* OnboardingDraft.swift */; };
		68B83849C80812F0B67FFA5D /* pre-merge-commit.sample in Resources */ = {isa = PBXBuildFile; fileRef = C87DDDA71A8B59FF9AC60F48 /* pre-merge-commit.sample */; };
		6C5F12AA6A94E9052AD885CF /* SupabaseDTOs.swift in Sources */ = {isa = PBXBuildFile; fileRef = 8C11DB78BCD484BC087724E9 /* SupabaseDTOs.swift */; };
		6EE4F82FA73DAF3712B0E4B2 /* pre-receive.sample in Resources */ = {isa = PBXBuildFile; fileRef = A55D130FBD797A68109A5EAB /* pre-receive.sample */; };
		7194870A6B3383EB5D6DBB39 /* PetContextStore.swift in Sources */ = {isa = PBXBuildFile; fileRef = 90E43EAAF3E7E338A4C2F207 /* PetContextStore.swift */; };
		7505E27F63D1CC8F1279A9C5 /* TravelPaperworkSheet.swift in Sources */ = {isa = PBXBuildFile; fileRef = AE0C385ABAE0C6BC03CB1C79 /* TravelPaperworkSheet.swift */; };
		790CF6CBC8A50A79E0E734A0 /* MainTabView.swift in Sources */ = {isa = PBXBuildFile; fileRef = FC73EB60E91B222E56B5726F /* MainTabView.swift */; };
		798A7C53129168D6034ADE21 /* PawlyCard.swift in Sources */ = {isa = PBXBuildFile; fileRef = AC8465200035BA2774D6B656 /* PawlyCard.swift */; };
		808580CFA67344C6D0656BBC /* applypatch-msg.sample in Resources */ = {isa = PBXBuildFile; fileRef = DB8C4282CDD9763CCF66D735 /* applypatch-msg.sample */; };
		84D9EC054433B9B6DE544193 /* PetsView.swift in Sources */ = {isa = PBXBuildFile; fileRef = 4B99932BB2FD29671729C957 /* PetsView.swift */; };
		8780E207879BC397CD100343 /* Motion.swift in Sources */ = {isa = PBXBuildFile; fileRef = B8F0FECA4E0B105B0143DF30 /* Motion.swift */; };
		88E6BE6AFE5AA30421F6982C /* SupabaseService.swift in Sources */ = {isa = PBXBuildFile; fileRef = 42F3FED57E00329565C1DAFC /* SupabaseService.swift */; };
		8B41AA5D4F7A8F2E7A2AD943 /* DataStore.swift in Sources */ = {isa = PBXBuildFile; fileRef = EDB40E6558EE28705DDC1696 /* DataStore.swift */; };
		8C7787B6C1E5BEDE90838B9E /* pre-rebase.sample in Resources */ = {isa = PBXBuildFile; fileRef = 449E0993DEF19BAC08794537 /* pre-rebase.sample */; };
		8E1BDCDD5922490D93A346C9 /* PawlyTextField.swift in Sources */ = {isa = PBXBuildFile; fileRef = 3E67F476005E815E8CCB3747 /* PawlyTextField.swift */; };
		9087EF46BB6D47FE48DF6756 /* LogEntry.swift in Sources */ = {isa = PBXBuildFile; fileRef = BAC73679E7C2B8B72390CFF1 /* LogEntry.swift */; };
		916820C31B004507B62F1441 /* PreviewSupport.swift in Sources */ = {isa = PBXBuildFile; fileRef = BCCFEE196EF8287E95D81C90 /* PreviewSupport.swift */; };
		93AC7EB9123A6645F5D0C48B /* DayDetailSheet.swift in Sources */ = {isa = PBXBuildFile; fileRef = 96D2EEDE3FCEFAE6B0430B29 /* DayDetailSheet.swift */; };
		962A663F99A3AC2EE5759D23 /* TravelPaperworkService.swift in Sources */ = {isa = PBXBuildFile; fileRef = 14A5A2ACAF3DE04654420A39 /* TravelPaperworkService.swift */; };
		965DAD0BD756FDFBAE03694C /* MoodEntry.swift in Sources */ = {isa = PBXBuildFile; fileRef = CE7561E0406F3B29603697ED /* MoodEntry.swift */; };
		9D9D7EACFF8C99FC6F267205 /* StatusDot.swift in Sources */ = {isa = PBXBuildFile; fileRef = A346A589A529196C96165CE9 /* StatusDot.swift */; };
		A0390254A98E3171866DFB8B /* RecurrencePicker.swift in Sources */ = {isa = PBXBuildFile; fileRef = 49D55B6CF97017E5AAB3DDD2 /* RecurrencePicker.swift */; };
		A3B8C3B39AF9CA6E21394EA0 /* sendemail-validate.sample in Resources */ = {isa = PBXBuildFile; fileRef = A3DD85E0831F9B7BB44180CE /* sendemail-validate.sample */; };
		A3DFB10E16058188153B6B68 /* SupabaseConfig.swift in Sources */ = {isa = PBXBuildFile; fileRef = D732DC936882088A3F1692BA /* SupabaseConfig.swift */; };
		A8E5A60E58BF2618F8FE5414 /* pre-push.sample in Resources */ = {isa = PBXBuildFile; fileRef = 8835AAE861C258778B02A0C3 /* pre-push.sample */; };
		AA3CC07E5B35C8451895C987 /* update.sample in Resources */ = {isa = PBXBuildFile; fileRef = 9D704C2C9C1BE3635D57BB15 /* update.sample */; };
		AA90B529ED27FAEA6918194A /* Date+Pawly.swift in Sources */ = {isa = PBXBuildFile; fileRef = 83A2B7990C019839F1DA732F /* Date+Pawly.swift */; };
		AF21460400CBED8E7682FFB3 /* RemindersListView.swift in Sources */ = {isa = PBXBuildFile; fileRef = 7FA3C8FD7E65170F0854E7AA /* RemindersListView.swift */; };
		B3805E45B94821EAA703A31A /* pre-applypatch.sample in Resources */ = {isa = PBXBuildFile; fileRef = 1F957BA962D5E316D5BBF842 /* pre-applypatch.sample */; };
		B8C6A7D10F4A5AAE452F7246 /* Reminder.swift in Sources */ = {isa = PBXBuildFile; fileRef = 2205C73F83C44E2BB18BE934 /* Reminder.swift */; };
		BDF577FC84E46FC4AE423DC8 /* OnboardingCoordinator.swift in Sources */ = {isa = PBXBuildFile; fileRef = DCF2728588EDB6C3866744FD /* OnboardingCoordinator.swift */; };
		BF858F71932CEACA7CD4AD1C /* PawlyColors.swift in Sources */ = {isa = PBXBuildFile; fileRef = 3773C6EA7C80EF0CC546D8A4 /* PawlyColors.swift */; };
		C0CB697CCE0E14EF75C3E9AE /* PetProfileView.swift in Sources */ = {isa = PBXBuildFile; fileRef = 7A0CD760EB7DB060CC8865E8 /* PetProfileView.swift */; };
		C5F89C6F297AAEFF1C2EF216 /* HapticsService.swift in Sources */ = {isa = PBXBuildFile; fileRef = 2A1584E7056EC47EEEF24FC6 /* HapticsService.swift */; };
		C977CF7589582F415D18CB4D /* MockAIDoctorService.swift in Sources */ = {isa = PBXBuildFile; fileRef = B33DACCAA52F951B4C817512 /* MockAIDoctorService.swift */; };
		CB1A24CC00D4DD3302533C96 /* DocumentEncryptionService.swift in Sources */ = {isa = PBXBuildFile; fileRef = 357F1DE9EC2F615A4B45A348 /* DocumentEncryptionService.swift */; };
		CDA2274E7E281CB2F8B0D309 /* NotificationService.swift in Sources */ = {isa = PBXBuildFile; fileRef = 65F04FFBD11EB4BA2A4D8BDB /* NotificationService.swift */; };
		D242D40705F00016DA8DE34F /* WeekTimelineView.swift in Sources */ = {isa = PBXBuildFile; fileRef = 2553EFC0E80A5208D95179D0 /* WeekTimelineView.swift */; };
		D27A5B42C741B288004D8541 /* RemindersListViewDTO.swift in Sources */ = {isa = PBXBuildFile; fileRef = 06AF7BA81BCA9619BA1ED972 /* RemindersListViewDTO.swift */; };
		D423733BB03F90AAB2CA619C /* pack-8e66a19a22d96d4502c0973263ab8c384f9ef160.pack in Resources */ = {isa = PBXBuildFile; fileRef = 68526C2D08E10F6068830958 /* pack-8e66a19a22d96d4502c0973263ab8c384f9ef160.pack */; };
		D8E733E06B05F7E832DECD1F /* Image+PhotoData.swift in Sources */ = {isa = PBXBuildFile; fileRef = 2568D5D714E3FDCDF6AB397D /* Image+PhotoData.swift */; };
		D92C753CF3BB0398D24F2726 /* SubscriptionPaywallView.swift in Sources */ = {isa = PBXBuildFile; fileRef = B95F9E2A008F4272363B2F4E /* SubscriptionPaywallView.swift */; };
		D9B485279CC5A01BD030A431 /* ReminderEditView.swift in Sources */ = {isa = PBXBuildFile; fileRef = 8BAF81E101085D59FCDC056F /* ReminderEditView.swift */; };
		DA5DA8E89C2B7856009F7329 /* Supabase in Frameworks */ = {isa = PBXBuildFile; productRef = FE51CE2C6C809C7BE7169BC0 /* Supabase */; };
		E25369ECCDE81829D459DAF2 /* RecipesView.swift in Sources */ = {isa = PBXBuildFile; fileRef = 4DE7F82B64CED87E92948350 /* RecipesView.swift */; };
		E67929F8953EA161CA9A37D2 /* ReminderInstance.swift in Sources */ = {isa = PBXBuildFile; fileRef = 773BF51D421D305731D7BABC /* ReminderInstance.swift */; };
		E882871BE75D308673DC0792 /* HygieneLibraryView.swift in Sources */ = {isa = PBXBuildFile; fileRef = 988655E393CF34F78457EC91 /* HygieneLibraryView.swift */; };
		E8AA4529995F4B5B5A6310C2 /* pack-8e66a19a22d96d4502c0973263ab8c384f9ef160.idx in Resources */ = {isa = PBXBuildFile; fileRef = BD356505370F8748B36A44B1 /* pack-8e66a19a22d96d4502c0973263ab8c384f9ef160.idx */; };
		EDB4429DD80A06CA94CBE821 /* ConfidenceBadge.swift in Sources */ = {isa = PBXBuildFile; fileRef = DFC55492CF98BE59B0FD2C73 /* ConfidenceBadge.swift */; };
		F09EDB2375F423975FD2367F /* PetSwitcherCarousel.swift in Sources */ = {isa = PBXBuildFile; fileRef = EAAE32F9656AF12666DF1E78 /* PetSwitcherCarousel.swift */; };
		F0E1025FDDA8AEC2C19B83FA /* Recurrence.swift in Sources */ = {isa = PBXBuildFile; fileRef = A50A6B6F222AD0FE624FD5F0 /* Recurrence.swift */; };
		FAF19F61D811DA68A6C41CDD /* SeedData.swift in Sources */ = {isa = PBXBuildFile; fileRef = 712AD4B3555EC68C7A68CBB3 /* SeedData.swift */; };
		FD08194BE59FA2B7FA3AB4C1 /* PawlyButtonStyle.swift in Sources */ = {isa = PBXBuildFile; fileRef = B22532CCFB411C0BE1185DA5 /* PawlyButtonStyle.swift */; };
		FFD9A20758EBFF2A1961C722 /* fsmonitor-watchman.sample in Resources */ = {isa = PBXBuildFile; fileRef = 2451D12286F36A2F84DABAC3 /* fsmonitor-watchman.sample */; };
/* End PBXBuildFile section */

/* Begin PBXContainerItemProxy section */
		D6BEDECBD8C99F6AB287F067 /* PBXContainerItemProxy */ = {
			isa = PBXContainerItemProxy;
			containerPortal = B8EB757B8F504E30BF293D2B /* Project object */;
			proxyType = 1;
			remoteGlobalIDString = B447878F40DFDA711B8DAD4D;
			remoteInfo = Pawly;
		};
/* End PBXContainerItemProxy section */

/* Begin PBXFileReference section */
		06AF7BA81BCA9619BA1ED972 /* RemindersListViewDTO.swift */ = {isa = PBXFileReference; lastKnownFileType = sourcecode.swift; path = RemindersListViewDTO.swift; sourceTree = "<group>"; };
		08766A1A5B55F262CB21A31A /* main */ = {isa = PBXFileReference; path = main; sourceTree = "<group>"; };
		145FD4EB35CD9B63C8991A93 /* prepare-commit-msg.sample */ = {isa = PBXFileReference; path = "prepare-commit-msg.sample"; sourceTree = "<group>"; };
		14A5A2ACAF3DE04654420A39 /* TravelPaperworkService.swift */ = {isa = PBXFileReference; lastKnownFileType = sourcecode.swift; path = TravelPaperworkService.swift; sourceTree = "<group>"; };
		152F1B91189CF0E864361593 /* description */ = {isa = PBXFileReference; path = description; sourceTree = "<group>"; };
		1A9028CF39F1422171C97160 /* commit-msg.sample */ = {isa = PBXFileReference; path = "commit-msg.sample"; sourceTree = "<group>"; };
		1B70E02BD70DF8AA7FB10B2F /* c40928127e54a11269cda99a4db0e1f244f526 */ = {isa = PBXFileReference; path = c40928127e54a11269cda99a4db0e1f244f526; sourceTree = "<group>"; };
		1CAF293DE08AB618189B20C7 /* d2829da8da18ea72ec0173604df5ff7c02ca59 */ = {isa = PBXFileReference; path = d2829da8da18ea72ec0173604df5ff7c02ca59; sourceTree = "<group>"; };
		1F3D9A75C6013AAA258E0158 /* DocumentType.swift */ = {isa = PBXFileReference; lastKnownFileType = sourcecode.swift; path = DocumentType.swift; sourceTree = "<group>"; };
		1F957BA962D5E316D5BBF842 /* pre-applypatch.sample */ = {isa = PBXFileReference; path = "pre-applypatch.sample"; sourceTree = "<group>"; };
		204D993F55620FEC99EC77D6 /* VaultSearchView.swift */ = {isa = PBXFileReference; lastKnownFileType = sourcecode.swift; path = VaultSearchView.swift; sourceTree = "<group>"; };
		2143DE84D4EFA1B621B17A9E /* da1013d164701f62b1b6210ea0dc923e3762a5 */ = {isa = PBXFileReference; path = da1013d164701f62b1b6210ea0dc923e3762a5; sourceTree = "<group>"; };
		2205C73F83C44E2BB18BE934 /* Reminder.swift */ = {isa = PBXFileReference; lastKnownFileType = sourcecode.swift; path = Reminder.swift; sourceTree = "<group>"; };
		2451D12286F36A2F84DABAC3 /* fsmonitor-watchman.sample */ = {isa = PBXFileReference; path = "fsmonitor-watchman.sample"; sourceTree = "<group>"; };
		2553EFC0E80A5208D95179D0 /* WeekTimelineView.swift */ = {isa = PBXFileReference; lastKnownFileType = sourcecode.swift; path = WeekTimelineView.swift; sourceTree = "<group>"; };
		2568D5D714E3FDCDF6AB397D /* Image+PhotoData.swift */ = {isa = PBXFileReference; lastKnownFileType = sourcecode.swift; path = "Image+PhotoData.swift"; sourceTree = "<group>"; };
		2744E3D8EDFBFFF1A4C9F852 /* ReminderType.swift */ = {isa = PBXFileReference; lastKnownFileType = sourcecode.swift; path = ReminderType.swift; sourceTree = "<group>"; };
		2A1584E7056EC47EEEF24FC6 /* HapticsService.swift */ = {isa = PBXFileReference; lastKnownFileType = sourcecode.swift; path = HapticsService.swift; sourceTree = "<group>"; };
		2C143F7E162380B6FADA701A /* Pawly.app */ = {isa = PBXFileReference; includeInIndex = 0; lastKnownFileType = wrapper.application; path = Pawly.app; sourceTree = BUILT_PRODUCTS_DIR; };
		2E8FBE4F45F80E22BDD98DCF /* packed-refs */ = {isa = PBXFileReference; path = "packed-refs"; sourceTree = "<group>"; };
		2EEC8E15296CC1C22E740E62 /* VaultHomeView.swift */ = {isa = PBXFileReference; lastKnownFileType = sourcecode.swift; path = VaultHomeView.swift; sourceTree = "<group>"; };
		2F0DA6B6411F53049521A2C1 /* Typography.swift */ = {isa = PBXFileReference; lastKnownFileType = sourcecode.swift; path = Typography.swift; sourceTree = "<group>"; };
		2FC82D090E1AF444A495EC8B /* config */ = {isa = PBXFileReference; path = config; sourceTree = "<group>"; };
		30C3B033442EDB4C13FBD86A /* 88c21306b5a1d5f72cdafd0581a3a0e987eefb */ = {isa = PBXFileReference; path = 88c21306b5a1d5f72cdafd0581a3a0e987eefb; sourceTree = "<group>"; };
		3452EE6BBA78EE8797905C9E /* pack-8e66a19a22d96d4502c0973263ab8c384f9ef160.rev */ = {isa = PBXFileReference; path = "pack-8e66a19a22d96d4502c0973263ab8c384f9ef160.rev"; sourceTree = "<group>"; };
		357F1DE9EC2F615A4B45A348 /* DocumentEncryptionService.swift */ = {isa = PBXFileReference; lastKnownFileType = sourcecode.swift; path = DocumentEncryptionService.swift; sourceTree = "<group>"; };
		35BEC2F96299893AAA1B26D1 /* PetDocument.swift */ = {isa = PBXFileReference; lastKnownFileType = sourcecode.swift; path = PetDocument.swift; sourceTree = "<group>"; };
		3773C6EA7C80EF0CC546D8A4 /* PawlyColors.swift */ = {isa = PBXFileReference; lastKnownFileType = sourcecode.swift; path = PawlyColors.swift; sourceTree = "<group>"; };
		3BA398FEE487C8BB127A107A /* 4202d2de6ad34d14493d786f4bb5f421cd3fb5 */ = {isa = PBXFileReference; path = 4202d2de6ad34d14493d786f4bb5f421cd3fb5; sourceTree = "<group>"; };
		3E67F476005E815E8CCB3747 /* PawlyTextField.swift */ = {isa = PBXFileReference; lastKnownFileType = sourcecode.swift; path = PawlyTextField.swift; sourceTree = "<group>"; };
		3FB39C41971052534F8B8D93 /* main */ = {isa = PBXFileReference; path = main; sourceTree = "<group>"; };
		3FF9A4CFFA47598BD4BD2B78 /* 8b283a59a6c60491ba839676906dd456ad703d */ = {isa = PBXFileReference; path = 8b283a59a6c60491ba839676906dd456ad703d; sourceTree = "<group>"; };
		425133266BE98CFE7357B123 /* FETCH_HEAD */ = {isa = PBXFileReference; path = FETCH_HEAD; sourceTree = "<group>"; };
		42F3FED57E00329565C1DAFC /* SupabaseService.swift */ = {isa = PBXFileReference; lastKnownFileType = sourcecode.swift; path = SupabaseService.swift; sourceTree = "<group>"; };
		438B07610507CF51E9CA1190 /* main */ = {isa = PBXFileReference; path = main; sourceTree = "<group>"; };
		43D2E6E7CE086C594E19002A /* main */ = {isa = PBXFileReference; path = main; sourceTree = "<group>"; };
		449E0993DEF19BAC08794537 /* pre-rebase.sample */ = {isa = PBXFileReference; path = "pre-rebase.sample"; sourceTree = "<group>"; };
		45F7D8EE25A6996FCF7F8083 /* PawlyTests.swift */ = {isa = PBXFileReference; lastKnownFileType = sourcecode.swift; path = PawlyTests.swift; sourceTree = "<group>"; };
		471376D6B9EE814590231F79 /* RootView.swift */ = {isa = PBXFileReference; lastKnownFileType = sourcecode.swift; path = RootView.swift; sourceTree = "<group>"; };
		47165B6457260F642204C470 /* 70ffed355bd3111d34f7f88856cdf4380c8601 */ = {isa = PBXFileReference; path = 70ffed355bd3111d34f7f88856cdf4380c8601; sourceTree = "<group>"; };
		49652985CDD7301BDFD3F7F3 /* 04b5d38f7d72130850655d701568edc324ba56 */ = {isa = PBXFileReference; path = 04b5d38f7d72130850655d701568edc324ba56; sourceTree = "<group>"; };
		49D55B6CF97017E5AAB3DDD2 /* RecurrencePicker.swift */ = {isa = PBXFileReference; lastKnownFileType = sourcecode.swift; path = RecurrencePicker.swift; sourceTree = "<group>"; };
		4B99932BB2FD29671729C957 /* PetsView.swift */ = {isa = PBXFileReference; lastKnownFileType = sourcecode.swift; path = PetsView.swift; sourceTree = "<group>"; };
		4BB350EC173C4368414BB4BD /* dcc44b33f11e1dcef08c98fb002907650428be */ = {isa = PBXFileReference; path = dcc44b33f11e1dcef08c98fb002907650428be; sourceTree = "<group>"; };
		4DE7F82B64CED87E92948350 /* RecipesView.swift */ = {isa = PBXFileReference; lastKnownFileType = sourcecode.swift; path = RecipesView.swift; sourceTree = "<group>"; };
		50302E97B17D519ECA796C71 /* HEAD */ = {isa = PBXFileReference; path = HEAD; sourceTree = "<group>"; };
		5090E08771A276045A9B7B28 /* ORIG_HEAD */ = {isa = PBXFileReference; path = ORIG_HEAD; sourceTree = "<group>"; };
		531F2369B4338F9CFE0A3EFC /* 2bac0ef673dc23466dc3c17e0f4a9a482d0a4d */ = {isa = PBXFileReference; path = 2bac0ef673dc23466dc3c17e0f4a9a482d0a4d; sourceTree = "<group>"; };
		5A9AB7F8FDA2F46810704B4A /* 0ad882d956bf264c839a6b30b050be4d3d68b0 */ = {isa = PBXFileReference; path = 0ad882d956bf264c839a6b30b050be4d3d68b0; sourceTree = "<group>"; };
		5B9068DE1F3C25E5E34667E1 /* SubscriptionStore.swift */ = {isa = PBXFileReference; lastKnownFileType = sourcecode.swift; path = SubscriptionStore.swift; sourceTree = "<group>"; };
		5E4E650C39ED7F45DC5772AB /* 087b4dcfe106625c6edb3819456c2bad092001 */ = {isa = PBXFileReference; path = 087b4dcfe106625c6edb3819456c2bad092001; sourceTree = "<group>"; };
		5FFAE4D36E6F46F3B78B036B /* 7fcabe527164f61aae3bb7798c4eb4563be530 */ = {isa = PBXFileReference; path = 7fcabe527164f61aae3bb7798c4eb4563be530; sourceTree = "<group>"; };
		60AD46AB62087017B5C50A9A /* 7d5db4074075e2a19dd81174e15dc0b8ffbf4c */ = {isa = PBXFileReference; path = 7d5db4074075e2a19dd81174e15dc0b8ffbf4c; sourceTree = "<group>"; };
		61003EF8109A38090B7D5967 /* HEAD */ = {isa = PBXFileReference; path = HEAD; sourceTree = "<group>"; };
		657356E5D2C2CE0189F7F250 /* b215cf4f83a6b3c19da3fa016581fddd6a580c */ = {isa = PBXFileReference; path = b215cf4f83a6b3c19da3fa016581fddd6a580c; sourceTree = "<group>"; };
		65F04FFBD11EB4BA2A4D8BDB /* NotificationService.swift */ = {isa = PBXFileReference; lastKnownFileType = sourcecode.swift; path = NotificationService.swift; sourceTree = "<group>"; };
		68526C2D08E10F6068830958 /* pack-8e66a19a22d96d4502c0973263ab8c384f9ef160.pack */ = {isa = PBXFileReference; path = "pack-8e66a19a22d96d4502c0973263ab8c384f9ef160.pack"; sourceTree = "<group>"; };
		6C7F8D43A309319BA805D64B /* d48cccde6736c1f303cda0ed3eb62386fb14b1 */ = {isa = PBXFileReference; path = d48cccde6736c1f303cda0ed3eb62386fb14b1; sourceTree = "<group>"; };
		6E059DF2D7DDAD5C67323BBA /* DocumentUploadSheet.swift */ = {isa = PBXFileReference; lastKnownFileType = sourcecode.swift; path = DocumentUploadSheet.swift; sourceTree = "<group>"; };
		712AD4B3555EC68C7A68CBB3 /* SeedData.swift */ = {isa = PBXFileReference; lastKnownFileType = sourcecode.swift; path = SeedData.swift; sourceTree = "<group>"; };
		748135EB8A20CF617EE37B71 /* Species.swift */ = {isa = PBXFileReference; lastKnownFileType = sourcecode.swift; path = Species.swift; sourceTree = "<group>"; };
		76194AB6D05133DA3AE87DB0 /* 50a965b82fb5620a4e1742dfb3550f9dfbc08b */ = {isa = PBXFileReference; path = 50a965b82fb5620a4e1742dfb3550f9dfbc08b; sourceTree = "<group>"; };
		773BF51D421D305731D7BABC /* ReminderInstance.swift */ = {isa = PBXFileReference; lastKnownFileType = sourcecode.swift; path = ReminderInstance.swift; sourceTree = "<group>"; };
		7A0CD760EB7DB060CC8865E8 /* PetProfileView.swift */ = {isa = PBXFileReference; lastKnownFileType = sourcecode.swift; path = PetProfileView.swift; sourceTree = "<group>"; };
		7B161438E7271DB9C81FD88E /* c19cc17a1d6452956495c8f392c3673f08a9eb */ = {isa = PBXFileReference; path = c19cc17a1d6452956495c8f392c3673f08a9eb; sourceTree = "<group>"; };
		7DA9B74073251216C8777B83 /* 9336049f5211dbd4c20f5c2e3c1096708f8843 */ = {isa = PBXFileReference; path = 9336049f5211dbd4c20f5c2e3c1096708f8843; sourceTree = "<group>"; };
		7DC6DFDC296A056B2B18F9BC /* CalendarView.swift */ = {isa = PBXFileReference; lastKnownFileType = sourcecode.swift; path = CalendarView.swift; sourceTree = "<group>"; };
		7EF4EDB55189D33EE1D616A7 /* 8c15a582d1486971cc5fbd5e3979c7c810858b */ = {isa = PBXFileReference; path = 8c15a582d1486971cc5fbd5e3979c7c810858b; sourceTree = "<group>"; };
		7FA3C8FD7E65170F0854E7AA /* RemindersListView.swift */ = {isa = PBXFileReference; lastKnownFileType = sourcecode.swift; path = RemindersListView.swift; sourceTree = "<group>"; };
		83A2B7990C019839F1DA732F /* Date+Pawly.swift */ = {isa = PBXFileReference; lastKnownFileType = sourcecode.swift; path = "Date+Pawly.swift"; sourceTree = "<group>"; };
		8663A5A7BE374826613EFA31 /* d2bf21688c781a63396df4f8a0ccdb8641174a */ = {isa = PBXFileReference; path = d2bf21688c781a63396df4f8a0ccdb8641174a; sourceTree = "<group>"; };
		8835AAE861C258778B02A0C3 /* pre-push.sample */ = {isa = PBXFileReference; path = "pre-push.sample"; sourceTree = "<group>"; };
		8BAF81E101085D59FCDC056F /* ReminderEditView.swift */ = {isa = PBXFileReference; lastKnownFileType = sourcecode.swift; path = ReminderEditView.swift; sourceTree = "<group>"; };
		8C11DB78BCD484BC087724E9 /* SupabaseDTOs.swift */ = {isa = PBXFileReference; lastKnownFileType = sourcecode.swift; path = SupabaseDTOs.swift; sourceTree = "<group>"; };
		8DA598B984688E6B8E066EE8 /* DocumentDetailView.swift */ = {isa = PBXFileReference; lastKnownFileType = sourcecode.swift; path = DocumentDetailView.swift; sourceTree = "<group>"; };
		8E4DC15F26EC66776C6B7C46 /* HomeView.swift */ = {isa = PBXFileReference; lastKnownFileType = sourcecode.swift; path = HomeView.swift; sourceTree = "<group>"; };
		8F58DB953EED5E71C8B69665 /* b4390b2ffba1bea4c650fc7d1268e4395476af */ = {isa = PBXFileReference; path = b4390b2ffba1bea4c650fc7d1268e4395476af; sourceTree = "<group>"; };
		90E43EAAF3E7E338A4C2F207 /* PetContextStore.swift */ = {isa = PBXFileReference; lastKnownFileType = sourcecode.swift; path = PetContextStore.swift; sourceTree = "<group>"; };
		921BD39C2CB4B1392DE26F60 /* PawlyTests.xctest */ = {isa = PBXFileReference; includeInIndex = 0; lastKnownFileType = wrapper.cfbundle; path = PawlyTests.xctest; sourceTree = BUILT_PRODUCTS_DIR; };
		942E02E63E0365B592F4B829 /* HEAD */ = {isa = PBXFileReference; path = HEAD; sourceTree = "<group>"; };
		96D2EEDE3FCEFAE6B0430B29 /* DayDetailSheet.swift */ = {isa = PBXFileReference; lastKnownFileType = sourcecode.swift; path = DayDetailSheet.swift; sourceTree = "<group>"; };
		988655E393CF34F78457EC91 /* HygieneLibraryView.swift */ = {isa = PBXFileReference; lastKnownFileType = sourcecode.swift; path = HygieneLibraryView.swift; sourceTree = "<group>"; };
		990D081FB0E910226D4132CF /* OCRService.swift */ = {isa = PBXFileReference; lastKnownFileType = sourcecode.swift; path = OCRService.swift; sourceTree = "<group>"; };
		9B683A49A5F1D06DA2D8A640 /* index */ = {isa = PBXFileReference; path = index; sourceTree = "<group>"; };
		9D704C2C9C1BE3635D57BB15 /* update.sample */ = {isa = PBXFileReference; path = update.sample; sourceTree = "<group>"; };
		A346A589A529196C96165CE9 /* StatusDot.swift */ = {isa = PBXFileReference; lastKnownFileType = sourcecode.swift; path = StatusDot.swift; sourceTree = "<group>"; };
		A3DD85E0831F9B7BB44180CE /* sendemail-validate.sample */ = {isa = PBXFileReference; path = "sendemail-validate.sample"; sourceTree = "<group>"; };
		A4CF2CC70C4FA8EB6A6C2335 /* 9c3dd2529966463e23e4634f7a1f1b7dabdf30 */ = {isa = PBXFileReference; path = 9c3dd2529966463e23e4634f7a1f1b7dabdf30; sourceTree = "<group>"; };
		A50A6B6F222AD0FE624FD5F0 /* Recurrence.swift */ = {isa = PBXFileReference; lastKnownFileType = sourcecode.swift; path = Recurrence.swift; sourceTree = "<group>"; };
		A55D130FBD797A68109A5EAB /* pre-receive.sample */ = {isa = PBXFileReference; path = "pre-receive.sample"; sourceTree = "<group>"; };
		A56BB6523B5B761DAAACDFCE /* Pet.swift */ = {isa = PBXFileReference; lastKnownFileType = sourcecode.swift; path = Pet.swift; sourceTree = "<group>"; };
		ABBC997537BDA8146552D9DF /* OnboardingScreens.swift */ = {isa = PBXFileReference; lastKnownFileType = sourcecode.swift; path = OnboardingScreens.swift; sourceTree = "<group>"; };
		ABD1578EB994C58C991826A4 /* HEAD */ = {isa = PBXFileReference; path = HEAD; sourceTree = "<group>"; };
		AC8465200035BA2774D6B656 /* PawlyCard.swift */ = {isa = PBXFileReference; lastKnownFileType = sourcecode.swift; path = PawlyCard.swift; sourceTree = "<group>"; };
		AE0C385ABAE0C6BC03CB1C79 /* TravelPaperworkSheet.swift */ = {isa = PBXFileReference; lastKnownFileType = sourcecode.swift; path = TravelPaperworkSheet.swift; sourceTree = "<group>"; };
		AF061ADD04048981BF2ECE32 /* 9ec470cd9bbc465824d87663693b4a1362c4df */ = {isa = PBXFileReference; path = 9ec470cd9bbc465824d87663693b4a1362c4df; sourceTree = "<group>"; };
		AF1C19F035B3FC8227153BFF /* 68d546d43b18bca37037b0cc0e9015916e5d85 */ = {isa = PBXFileReference; path = 68d546d43b18bca37037b0cc0e9015916e5d85; sourceTree = "<group>"; };
		B085A566B38E46A55755A719 /* Spacing.swift */ = {isa = PBXFileReference; lastKnownFileType = sourcecode.swift; path = Spacing.swift; sourceTree = "<group>"; };
		B22532CCFB411C0BE1185DA5 /* PawlyButtonStyle.swift */ = {isa = PBXFileReference; lastKnownFileType = sourcecode.swift; path = PawlyButtonStyle.swift; sourceTree = "<group>"; };
		B33DACCAA52F951B4C817512 /* MockAIDoctorService.swift */ = {isa = PBXFileReference; lastKnownFileType = sourcecode.swift; path = MockAIDoctorService.swift; sourceTree = "<group>"; };
		B44FC5437B0EED3782ADE926 /* push-to-checkout.sample */ = {isa = PBXFileReference; path = "push-to-checkout.sample"; sourceTree = "<group>"; };
		B8F0FECA4E0B105B0143DF30 /* Motion.swift */ = {isa = PBXFileReference; lastKnownFileType = sourcecode.swift; path = Motion.swift; sourceTree = "<group>"; };
		B95F9E2A008F4272363B2F4E /* SubscriptionPaywallView.swift */ = {isa = PBXFileReference; lastKnownFileType = sourcecode.swift; path = SubscriptionPaywallView.swift; sourceTree = "<group>"; };
		BAC73679E7C2B8B72390CFF1 /* LogEntry.swift */ = {isa = PBXFileReference; lastKnownFileType = sourcecode.swift; path = LogEntry.swift; sourceTree = "<group>"; };
		BBD66E8AAD3F4443C80F9602 /* RecurrenceEngine.swift */ = {isa = PBXFileReference; lastKnownFileType = sourcecode.swift; path = RecurrenceEngine.swift; sourceTree = "<group>"; };
		BC76F68803CC98D3B3E0316B /* QuickLogSheet.swift */ = {isa = PBXFileReference; lastKnownFileType = sourcecode.swift; path = QuickLogSheet.swift; sourceTree = "<group>"; };
		BCCFEE196EF8287E95D81C90 /* PreviewSupport.swift */ = {isa = PBXFileReference; lastKnownFileType = sourcecode.swift; path = PreviewSupport.swift; sourceTree = "<group>"; };
		BD356505370F8748B36A44B1 /* pack-8e66a19a22d96d4502c0973263ab8c384f9ef160.idx */ = {isa = PBXFileReference; path = "pack-8e66a19a22d96d4502c0973263ab8c384f9ef160.idx"; sourceTree = "<group>"; };
		BE25FF5F53EF5413335A6489 /* f05ef3a9145b0d0cdd650c47fbdbbc7f478440 */ = {isa = PBXFileReference; path = f05ef3a9145b0d0cdd650c47fbdbbc7f478440; sourceTree = "<group>"; };
		C2CBDF1605AB542A495CC9FE /* MonthGrid.swift */ = {isa = PBXFileReference; lastKnownFileType = sourcecode.swift; path = MonthGrid.swift; sourceTree = "<group>"; };
		C6E0BDCE4620C4387CF3E1BA /* 08635331a8b897a41bc829640f73203702952e */ = {isa = PBXFileReference; path = 08635331a8b897a41bc829640f73203702952e; sourceTree = "<group>"; };
		C7199FBC709325C2EE1B0C6F /* a5a6d8b0fb4f20a8566b04b769a531a9f98f63 */ = {isa = PBXFileReference; path = a5a6d8b0fb4f20a8566b04b769a531a9f98f63; sourceTree = "<group>"; };
		C87DDDA71A8B59FF9AC60F48 /* pre-merge-commit.sample */ = {isa = PBXFileReference; path = "pre-merge-commit.sample"; sourceTree = "<group>"; };
		CDC7FEDBD30B4304BBA538BD /* AIDoctorView.swift */ = {isa = PBXFileReference; lastKnownFileType = sourcecode.swift; path = AIDoctorView.swift; sourceTree = "<group>"; };
		CE7561E0406F3B29603697ED /* MoodEntry.swift */ = {isa = PBXFileReference; lastKnownFileType = sourcecode.swift; path = MoodEntry.swift; sourceTree = "<group>"; };
		CEB37954E406D7AA38B4B090 /* 2fbbbed7fd225eaae39339de68a7a425230b4a */ = {isa = PBXFileReference; path = 2fbbbed7fd225eaae39339de68a7a425230b4a; sourceTree = "<group>"; };
		D082065517338CF1F10BC603 /* b8c90ac457bd2590784552aa1d31819e16d0fe */ = {isa = PBXFileReference; path = b8c90ac457bd2590784552aa1d31819e16d0fe; sourceTree = "<group>"; };
		D1D28E8DD7056DAF3554680E /* PetProfileViewDTO.swift */ = {isa = PBXFileReference; lastKnownFileType = sourcecode.swift; path = PetProfileViewDTO.swift; sourceTree = "<group>"; };
		D732DC936882088A3F1692BA /* SupabaseConfig.swift */ = {isa = PBXFileReference; lastKnownFileType = sourcecode.swift; path = SupabaseConfig.swift; sourceTree = "<group>"; };
		D94D845A1E7A2538E0C5489B /* 13e83cc96d9cd5ce1f0c3974658928bcbfe3f5 */ = {isa = PBXFileReference; path = 13e83cc96d9cd5ce1f0c3974658928bcbfe3f5; sourceTree = "<group>"; };
		DB8C4282CDD9763CCF66D735 /* applypatch-msg.sample */ = {isa = PBXFileReference; path = "applypatch-msg.sample"; sourceTree = "<group>"; };
		DCF2728588EDB6C3866744FD /* OnboardingCoordinator.swift */ = {isa = PBXFileReference; lastKnownFileType = sourcecode.swift; path = OnboardingCoordinator.swift; sourceTree = "<group>"; };
		DE55EA7FEBA5DD0F9A337BDD /* 939bf106db8184726614945183e5d416cc2aa2 */ = {isa = PBXFileReference; path = 939bf106db8184726614945183e5d416cc2aa2; sourceTree = "<group>"; };
		DF8E4770807EDD770864CDB0 /* exclude */ = {isa = PBXFileReference; path = exclude; sourceTree = "<group>"; };
		DF979BC3BFF74E33B7B8E27F /* OnboardingDraft.swift */ = {isa = PBXFileReference; lastKnownFileType = sourcecode.swift; path = OnboardingDraft.swift; sourceTree = "<group>"; };
		DFC55492CF98BE59B0FD2C73 /* ConfidenceBadge.swift */ = {isa = PBXFileReference; lastKnownFileType = sourcecode.swift; path = ConfidenceBadge.swift; sourceTree = "<group>"; };
		E04CE7DB1E160326970E4997 /* 759a69520a48c80e9c3ada7d1d9ab6946f5796 */ = {isa = PBXFileReference; path = 759a69520a48c80e9c3ada7d1d9ab6946f5796; sourceTree = "<group>"; };
		E2ADD612B258D2119D5575B6 /* 5c8c09164d8c112cd88109ce1651837e605155 */ = {isa = PBXFileReference; path = 5c8c09164d8c112cd88109ce1651837e605155; sourceTree = "<group>"; };
		E3B0E70FCC506C9496E4DB8D /* 6414039477ea4af2a10a0e0556df9a6c1dc6da */ = {isa = PBXFileReference; path = 6414039477ea4af2a10a0e0556df9a6c1dc6da; sourceTree = "<group>"; };
		EAAE32F9656AF12666DF1E78 /* PetSwitcherCarousel.swift */ = {isa = PBXFileReference; lastKnownFileType = sourcecode.swift; path = PetSwitcherCarousel.swift; sourceTree = "<group>"; };
		EDB40E6558EE28705DDC1696 /* DataStore.swift */ = {isa = PBXFileReference; lastKnownFileType = sourcecode.swift; path = DataStore.swift; sourceTree = "<group>"; };
		F28F5BD49D9C16A3E46EC95E /* pre-commit.sample */ = {isa = PBXFileReference; path = "pre-commit.sample"; sourceTree = "<group>"; };
		F6C7283103DBCA66FB1CEDCB /* 7e24dab1cb3d2aeec3cf65eefb0337b2e7a1d8 */ = {isa = PBXFileReference; path = 7e24dab1cb3d2aeec3cf65eefb0337b2e7a1d8; sourceTree = "<group>"; };
		F88091CCFB9B990FBC63EA30 /* DiscoverView.swift */ = {isa = PBXFileReference; lastKnownFileType = sourcecode.swift; path = DiscoverView.swift; sourceTree = "<group>"; };
		FA27CD5FD2847F2B297C7868 /* post-update.sample */ = {isa = PBXFileReference; path = "post-update.sample"; sourceTree = "<group>"; };
		FA6B07BFF7D3FA298D94D716 /* 7107b24edb6f60f8e0ddcb85d85dbc779ff506 */ = {isa = PBXFileReference; path = 7107b24edb6f60f8e0ddcb85d85dbc779ff506; sourceTree = "<group>"; };
		FC73EB60E91B222E56B5726F /* MainTabView.swift */ = {isa = PBXFileReference; lastKnownFileType = sourcecode.swift; path = MainTabView.swift; sourceTree = "<group>"; };
		"TEMP_B8118CC4-7582-45C4-A974-27A10D7367BC" /* PawlyApp.swift */ = {isa = PBXFileReference; lastKnownFileType = sourcecode.swift; path = PawlyApp.swift; sourceTree = "<group>"; };
		"TEMP_CE0EFD24-74EF-4A2E-9F17-AB73E561DBDB" /* supabase_schema.sql */ = {isa = PBXFileReference; path = supabase_schema.sql; sourceTree = "<group>"; };
		"TEMP_FDBBE9C1-5FC2-4428-B0F3-5BE7CBF01D28" /* Assets.xcassets */ = {isa = PBXFileReference; lastKnownFileType = folder.assetcatalog; path = Assets.xcassets; sourceTree = "<group>"; };
/* End PBXFileReference section */

/* Begin PBXFrameworksBuildPhase section */
		7E907C004D519BBC4DA75322 /* Frameworks */ = {
			isa = PBXFrameworksBuildPhase;
			buildActionMask = 2147483647;
			files = (
				DA5DA8E89C2B7856009F7329 /* Supabase in Frameworks */,
			);
			runOnlyForDeploymentPostprocessing = 0;
		};
/* End PBXFrameworksBuildPhase section */

/* Begin PBXGroup section */
		06BF0833B87F6016ED434445 /* 13 */ = {
			isa = PBXGroup;
			children = (
				4BB350EC173C4368414BB4BD /* dcc44b33f11e1dcef08c98fb002907650428be */,
			);
			path = 13;
			sourceTree = "<group>";
		};
		08C13A6F05D9C144AFFB2AD6 /* remotes */ = {
			isa = PBXGroup;
			children = (
				B403314F3F33082C4C7BB6A7 /* origin */,
			);
			path = remotes;
			sourceTree = "<group>";
		};
		0A60700BB4A33DD3618F70D7 /* cd */ = {
			isa = PBXGroup;
			children = (
				3FF9A4CFFA47598BD4BD2B78 /* 8b283a59a6c60491ba839676906dd456ad703d */,
			);
			path = cd;
			sourceTree = "<group>";
		};
		0F0B040D109E072CA13DE7AC /* Home */ = {
			isa = PBXGroup;
			children = (
				8E4DC15F26EC66776C6B7C46 /* HomeView.swift */,
				EAAE32F9656AF12666DF1E78 /* PetSwitcherCarousel.swift */,
			);
			path = Home;
			sourceTree = "<group>";
		};
		0FFD07E6AA6B30997B369097 /* 1c */ = {
			isa = PBXGroup;
			children = (
				5FFAE4D36E6F46F3B78B036B /* 7fcabe527164f61aae3bb7798c4eb4563be530 */,
			);
			path = 1c;
			sourceTree = "<group>";
		};
		147ECFE819B9215D6F215D72 /* f1 */ = {
			isa = PBXGroup;
			children = (
				C7199FBC709325C2EE1B0C6F /* a5a6d8b0fb4f20a8566b04b769a531a9f98f63 */,
				657356E5D2C2CE0189F7F250 /* b215cf4f83a6b3c19da3fa016581fddd6a580c */,
			);
			path = f1;
			sourceTree = "<group>";
		};
		1728B5A370A51252B3626C67 /* a2 */ = {
			isa = PBXGroup;
			children = (
				F6C7283103DBCA66FB1CEDCB /* 7e24dab1cb3d2aeec3cf65eefb0337b2e7a1d8 */,
			);
			path = a2;
			sourceTree = "<group>";
		};
		1A932B2E35B0DAF62B2B5B73 /* AIDoctor */ = {
			isa = PBXGroup;
			children = (
				CDC7FEDBD30B4304BBA538BD /* AIDoctorView.swift */,
			);
			path = AIDoctor;
			sourceTree = "<group>";
		};
		1B90A70E707DE5BEF198083B /* c5 */ = {
			isa = PBXGroup;
			children = (
				1B70E02BD70DF8AA7FB10B2F /* c40928127e54a11269cda99a4db0e1f244f526 */,
			);
			path = c5;
			sourceTree = "<group>";
		};
		1F8CC643BF5C3A079BB7288C /* 30 */ = {
			isa = PBXGroup;
			children = (
				8F58DB953EED5E71C8B69665 /* b4390b2ffba1bea4c650fc7d1268e4395476af */,
			);
			path = 30;
			sourceTree = "<group>";
		};
		20A010CCF6A2320FE0AA7648 /* hooks */ = {
			isa = PBXGroup;
			children = (
				DB8C4282CDD9763CCF66D735 /* applypatch-msg.sample */,
				1A9028CF39F1422171C97160 /* commit-msg.sample */,
				2451D12286F36A2F84DABAC3 /* fsmonitor-watchman.sample */,
				FA27CD5FD2847F2B297C7868 /* post-update.sample */,
				1F957BA962D5E316D5BBF842 /* pre-applypatch.sample */,
				F28F5BD49D9C16A3E46EC95E /* pre-commit.sample */,
				C87DDDA71A8B59FF9AC60F48 /* pre-merge-commit.sample */,
				8835AAE861C258778B02A0C3 /* pre-push.sample */,
				449E0993DEF19BAC08794537 /* pre-rebase.sample */,
				A55D130FBD797A68109A5EAB /* pre-receive.sample */,
				145FD4EB35CD9B63C8991A93 /* prepare-commit-msg.sample */,
				B44FC5437B0EED3782ADE926 /* push-to-checkout.sample */,
				A3DD85E0831F9B7BB44180CE /* sendemail-validate.sample */,
				9D704C2C9C1BE3635D57BB15 /* update.sample */,
			);
			path = hooks;
			sourceTree = "<group>";
		};
		21DD3BA1225132068C562CCA /* b2 */ = {
			isa = PBXGroup;
			children = (
				30C3B033442EDB4C13FBD86A /* 88c21306b5a1d5f72cdafd0581a3a0e987eefb */,
			);
			path = b2;
			sourceTree = "<group>";
		};
		2291672B6056C59C43A93B7D /* c0 */ = {
			isa = PBXGroup;
			children = (
				7EF4EDB55189D33EE1D616A7 /* 8c15a582d1486971cc5fbd5e3979c7c810858b */,
			);
			path = c0;
			sourceTree = "<group>";
		};
		2B65F1C797CE14EAA7EB0CCE /* f3 */ = {
			isa = PBXGroup;
			children = (
				5A9AB7F8FDA2F46810704B4A /* 0ad882d956bf264c839a6b30b050be4d3d68b0 */,
			);
			path = f3;
			sourceTree = "<group>";
		};
		2B6B37527727A7F317D11AC3 /* logs */ = {
			isa = PBXGroup;
			children = (
				ABD1578EB994C58C991826A4 /* HEAD */,
				54605433CE59E2343C9271B3 /* refs */,
			);
			path = logs;
			sourceTree = "<group>";
		};
		2F3781DFB6AC178CB67F6ABF /* Pets */ = {
			isa = PBXGroup;
			children = (
				7A0CD760EB7DB060CC8865E8 /* PetProfileView.swift */,
				D1D28E8DD7056DAF3554680E /* PetProfileViewDTO.swift */,
				4B99932BB2FD29671729C957 /* PetsView.swift */,
			);
			path = Pets;
			sourceTree = "<group>";
		};
		329B1FBE0538CCA091261EAF /* info */ = {
			isa = PBXGroup;
			children = (
				DF8E4770807EDD770864CDB0 /* exclude */,
			);
			path = info;
			sourceTree = "<group>";
		};
		36BFA7E78E2AA7CA316C309F /* 7b */ = {
			isa = PBXGroup;
			children = (
				E2ADD612B258D2119D5575B6 /* 5c8c09164d8c112cd88109ce1651837e605155 */,
			);
			path = 7b;
			sourceTree = "<group>";
		};
		39F92AE4240D4F8A87562F7B /* objects */ = {
			isa = PBXGroup;
			children = (
				4DCDF8CF402E98D8E9FEAD28 /* 0b */,
				0FFD07E6AA6B30997B369097 /* 1c */,
				44EB10DE463D2092BDEE7F9B /* 1e */,
				BACB0A62AF624B0059D8E456 /* 3f */,
				BEF45D79CCABA6E075AD432D /* 07 */,
				E2F71F217374B21C8147564D /* 7a */,
				36BFA7E78E2AA7CA316C309F /* 7b */,
				7F09627950CD236A28648295 /* 08 */,
				4E9CBB14E71CC4759DDE0606 /* 8a */,
				A0E5A849FC32694280C72A1B /* 8b */,
				5A725760AB237894E118B74B /* 9e */,
				06BF0833B87F6016ED434445 /* 13 */,
				A15DF9445801E45E29340917 /* 20 */,
				1F8CC643BF5C3A079BB7288C /* 30 */,
				3E80D9F1317E9646DE8B7E72 /* 33 */,
				BDFBBF3F63A34ED51E7376A1 /* 48 */,
				644F42F3A8ADC21FD119BDF7 /* 55 */,
				560A9AAD4CD70C162E3D3B6C /* 57 */,
				AA0292C5474875FF3317749B /* 72 */,
				7E89410457FF641FF1BED2AA /* 86 */,
				6B5FEE0A7AE75A7306C34D40 /* 97 */,
				1728B5A370A51252B3626C67 /* a2 */,
				FADC604CCCA9157D21368AE1 /* a9 */,
				96A69FD246A73EC84FE3B0A7 /* af */,
				21DD3BA1225132068C562CCA /* b2 */,
				7BA2823AD89034CBC07EE387 /* b6 */,
				4192F4846216FFF8B505A81D /* bb */,
				2291672B6056C59C43A93B7D /* c0 */,
				1B90A70E707DE5BEF198083B /* c5 */,
				0A60700BB4A33DD3618F70D7 /* cd */,
				A9C8BEC715CC30F5D61851AB /* d9 */,
				9CFBDC59FF592B4CF372A548 /* e5 */,
				147ECFE819B9215D6F215D72 /* f1 */,
				2B65F1C797CE14EAA7EB0CCE /* f3 */,
				47565DA98A6331A89AF1AAA6 /* fa */,
				FF2361483C44EB93F2691A23 /* fe */,
				80821BC8A8A841D731F8227A /* pack */,
			);
			path = objects;
			sourceTree = "<group>";
		};
		3E80D9F1317E9646DE8B7E72 /* 33 */ = {
			isa = PBXGroup;
			children = (
				AF1C19F035B3FC8227153BFF /* 68d546d43b18bca37037b0cc0e9015916e5d85 */,
			);
			path = 33;
			sourceTree = "<group>";
		};
		3F50A35CBF84B246D6926BB5 = {
			isa = PBXGroup;
			children = (
				EE465AFB3D6A99CE60628D08 /* .git */,
				F8814528C6541D8800A31D3F /* DesignSystem */,
				EE0E81378E6807C3217DCE80 /* Features */,
				6278EB5965142A56CF11F073 /* Models */,
				ECABCA489987A187E37F37ED /* Navigation */,
				C395B59593EC5CA78737438E /* PawlyTests */,
				FC83FD5A33A2814A67C1E99C /* Persistence */,
				AE718C4296793B2B26A6920B /* Services */,
				E636A23961F12C4EDFA57ABA /* Utilities */,
				CF0E4FC9F8806EEC9C2AE70A /* Products */,
			);
			sourceTree = "<group>";
		};
		4192F4846216FFF8B505A81D /* bb */ = {
			isa = PBXGroup;
			children = (
				49652985CDD7301BDFD3F7F3 /* 04b5d38f7d72130850655d701568edc324ba56 */,
			);
			path = bb;
			sourceTree = "<group>";
		};
		44EB10DE463D2092BDEE7F9B /* 1e */ = {
			isa = PBXGroup;
			children = (
				3BA398FEE487C8BB127A107A /* 4202d2de6ad34d14493d786f4bb5f421cd3fb5 */,
			);
			path = 1e;
			sourceTree = "<group>";
		};
		47565DA98A6331A89AF1AAA6 /* fa */ = {
			isa = PBXGroup;
			children = (
				A4CF2CC70C4FA8EB6A6C2335 /* 9c3dd2529966463e23e4634f7a1f1b7dabdf30 */,
			);
			path = fa;
			sourceTree = "<group>";
		};
		4DCDF8CF402E98D8E9FEAD28 /* 0b */ = {
			isa = PBXGroup;
			children = (
				6C7F8D43A309319BA805D64B /* d48cccde6736c1f303cda0ed3eb62386fb14b1 */,
			);
			path = 0b;
			sourceTree = "<group>";
		};
		4E9CBB14E71CC4759DDE0606 /* 8a */ = {
			isa = PBXGroup;
			children = (
				76194AB6D05133DA3AE87DB0 /* 50a965b82fb5620a4e1742dfb3550f9dfbc08b */,
			);
			path = 8a;
			sourceTree = "<group>";
		};
		54605433CE59E2343C9271B3 /* refs */ = {
			isa = PBXGroup;
			children = (
				6F0D50916E18756F6B24FB02 /* heads */,
				C4FDA67FCEAF4B3ADEF3A763 /* remotes */,
			);
			path = refs;
			sourceTree = "<group>";
		};
		54A32C4530105DC0AEB6BE21 /* heads */ = {
			isa = PBXGroup;
			children = (
				43D2E6E7CE086C594E19002A /* main */,
			);
			path = heads;
			sourceTree = "<group>";
		};
		560A9AAD4CD70C162E3D3B6C /* 57 */ = {
			isa = PBXGroup;
			children = (
				C6E0BDCE4620C4387CF3E1BA /* 08635331a8b897a41bc829640f73203702952e */,
			);
			path = 57;
			sourceTree = "<group>";
		};
		5A725760AB237894E118B74B /* 9e */ = {
			isa = PBXGroup;
			children = (
				531F2369B4338F9CFE0A3EFC /* 2bac0ef673dc23466dc3c17e0f4a9a482d0a4d */,
			);
			path = 9e;
			sourceTree = "<group>";
		};
		6278EB5965142A56CF11F073 /* Models */ = {
			isa = PBXGroup;
			children = (
				1F3D9A75C6013AAA258E0158 /* DocumentType.swift */,
				BAC73679E7C2B8B72390CFF1 /* LogEntry.swift */,
				CE7561E0406F3B29603697ED /* MoodEntry.swift */,
				A56BB6523B5B761DAAACDFCE /* Pet.swift */,
				35BEC2F96299893AAA1B26D1 /* PetDocument.swift */,
				A50A6B6F222AD0FE624FD5F0 /* Recurrence.swift */,
				2205C73F83C44E2BB18BE934 /* Reminder.swift */,
				773BF51D421D305731D7BABC /* ReminderInstance.swift */,
				2744E3D8EDFBFFF1A4C9F852 /* ReminderType.swift */,
				748135EB8A20CF617EE37B71 /* Species.swift */,
			);
			path = Models;
			sourceTree = "<group>";
		};
		644F42F3A8ADC21FD119BDF7 /* 55 */ = {
			isa = PBXGroup;
			children = (
				60AD46AB62087017B5C50A9A /* 7d5db4074075e2a19dd81174e15dc0b8ffbf4c */,
			);
			path = 55;
			sourceTree = "<group>";
		};
		6B5FEE0A7AE75A7306C34D40 /* 97 */ = {
			isa = PBXGroup;
			children = (
				D082065517338CF1F10BC603 /* b8c90ac457bd2590784552aa1d31819e16d0fe */,
			);
			path = 97;
			sourceTree = "<group>";
		};
		6F0D50916E18756F6B24FB02 /* heads */ = {
			isa = PBXGroup;
			children = (
				3FB39C41971052534F8B8D93 /* main */,
			);
			path = heads;
			sourceTree = "<group>";
		};
		727BC7AB9B02F5CA263A9624 /* QuickLog */ = {
			isa = PBXGroup;
			children = (
				BC76F68803CC98D3B3E0316B /* QuickLogSheet.swift */,
			);
			path = QuickLog;
			sourceTree = "<group>";
		};
		768111A1383B4EA5816C58B4 /* Discover */ = {
			isa = PBXGroup;
			children = (
				F88091CCFB9B990FBC63EA30 /* DiscoverView.swift */,
				1A932B2E35B0DAF62B2B5B73 /* AIDoctor */,
				98A3688D5BAFCEBB0B42D7C5 /* Hygiene */,
				AE36B26DD1C1D41E7BA9221E /* Recipes */,
			);
			path = Discover;
			sourceTree = "<group>";
		};
		7BA2823AD89034CBC07EE387 /* b6 */ = {
			isa = PBXGroup;
			children = (
				E3B0E70FCC506C9496E4DB8D /* 6414039477ea4af2a10a0e0556df9a6c1dc6da */,
			);
			path = b6;
			sourceTree = "<group>";
		};
		7E89410457FF641FF1BED2AA /* 86 */ = {
			isa = PBXGroup;
			children = (
				2143DE84D4EFA1B621B17A9E /* da1013d164701f62b1b6210ea0dc923e3762a5 */,
			);
			path = 86;
			sourceTree = "<group>";
		};
		7F09627950CD236A28648295 /* 08 */ = {
			isa = PBXGroup;
			children = (
				47165B6457260F642204C470 /* 70ffed355bd3111d34f7f88856cdf4380c8601 */,
			);
			path = 08;
			sourceTree = "<group>";
		};
		80821BC8A8A841D731F8227A /* pack */ = {
			isa = PBXGroup;
			children = (
				BD356505370F8748B36A44B1 /* pack-8e66a19a22d96d4502c0973263ab8c384f9ef160.idx */,
				68526C2D08E10F6068830958 /* pack-8e66a19a22d96d4502c0973263ab8c384f9ef160.pack */,
				3452EE6BBA78EE8797905C9E /* pack-8e66a19a22d96d4502c0973263ab8c384f9ef160.rev */,
			);
			path = pack;
			sourceTree = "<group>";
		};
		92C73FEB7802F4B63325A6A4 /* origin */ = {
			isa = PBXGroup;
			children = (
				50302E97B17D519ECA796C71 /* HEAD */,
				08766A1A5B55F262CB21A31A /* main */,
			);
			path = origin;
			sourceTree = "<group>";
		};
		96A69FD246A73EC84FE3B0A7 /* af */ = {
			isa = PBXGroup;
			children = (
				AF061ADD04048981BF2ECE32 /* 9ec470cd9bbc465824d87663693b4a1362c4df */,
			);
			path = af;
			sourceTree = "<group>";
		};
		98A3688D5BAFCEBB0B42D7C5 /* Hygiene */ = {
			isa = PBXGroup;
			children = (
				988655E393CF34F78457EC91 /* HygieneLibraryView.swift */,
			);
			path = Hygiene;
			sourceTree = "<group>";
		};
		9CFBDC59FF592B4CF372A548 /* e5 */ = {
			isa = PBXGroup;
			children = (
				E04CE7DB1E160326970E4997 /* 759a69520a48c80e9c3ada7d1d9ab6946f5796 */,
			);
			path = e5;
			sourceTree = "<group>";
		};
		A0E5A849FC32694280C72A1B /* 8b */ = {
			isa = PBXGroup;
			children = (
				1CAF293DE08AB618189B20C7 /* d2829da8da18ea72ec0173604df5ff7c02ca59 */,
			);
			path = 8b;
			sourceTree = "<group>";
		};
		A15DF9445801E45E29340917 /* 20 */ = {
			isa = PBXGroup;
			children = (
				7DA9B74073251216C8777B83 /* 9336049f5211dbd4c20f5c2e3c1096708f8843 */,
			);
			path = 20;
			sourceTree = "<group>";
		};
		A59B82E41354BA10D301A54B /* Calendar */ = {
			isa = PBXGroup;
			children = (
				7DC6DFDC296A056B2B18F9BC /* CalendarView.swift */,
				96D2EEDE3FCEFAE6B0430B29 /* DayDetailSheet.swift */,
				C2CBDF1605AB542A495CC9FE /* MonthGrid.swift */,
				2553EFC0E80A5208D95179D0 /* WeekTimelineView.swift */,
			);
			path = Calendar;
			sourceTree = "<group>";
		};
		A9C8BEC715CC30F5D61851AB /* d9 */ = {
			isa = PBXGroup;
			children = (
				7B161438E7271DB9C81FD88E /* c19cc17a1d6452956495c8f392c3673f08a9eb */,
			);
			path = d9;
			sourceTree = "<group>";
		};
		AA0292C5474875FF3317749B /* 72 */ = {
			isa = PBXGroup;
			children = (
				CEB37954E406D7AA38B4B090 /* 2fbbbed7fd225eaae39339de68a7a425230b4a */,
			);
			path = 72;
			sourceTree = "<group>";
		};
		AE36B26DD1C1D41E7BA9221E /* Recipes */ = {
			isa = PBXGroup;
			children = (
				4DE7F82B64CED87E92948350 /* RecipesView.swift */,
			);
			path = Recipes;
			sourceTree = "<group>";
		};
		AE718C4296793B2B26A6920B /* Services */ = {
			isa = PBXGroup;
			children = (
				EDB40E6558EE28705DDC1696 /* DataStore.swift */,
				357F1DE9EC2F615A4B45A348 /* DocumentEncryptionService.swift */,
				2A1584E7056EC47EEEF24FC6 /* HapticsService.swift */,
				B33DACCAA52F951B4C817512 /* MockAIDoctorService.swift */,
				65F04FFBD11EB4BA2A4D8BDB /* NotificationService.swift */,
				990D081FB0E910226D4132CF /* OCRService.swift */,
				90E43EAAF3E7E338A4C2F207 /* PetContextStore.swift */,
				5B9068DE1F3C25E5E34667E1 /* SubscriptionStore.swift */,
				D732DC936882088A3F1692BA /* SupabaseConfig.swift */,
				8C11DB78BCD484BC087724E9 /* SupabaseDTOs.swift */,
				42F3FED57E00329565C1DAFC /* SupabaseService.swift */,
				14A5A2ACAF3DE04654420A39 /* TravelPaperworkService.swift */,
			);
			path = Services;
			sourceTree = "<group>";
		};
		B403314F3F33082C4C7BB6A7 /* origin */ = {
			isa = PBXGroup;
			children = (
				61003EF8109A38090B7D5967 /* HEAD */,
				438B07610507CF51E9CA1190 /* main */,
			);
			path = origin;
			sourceTree = "<group>";
		};
		BACB0A62AF624B0059D8E456 /* 3f */ = {
			isa = PBXGroup;
			children = (
				8663A5A7BE374826613EFA31 /* d2bf21688c781a63396df4f8a0ccdb8641174a */,
			);
			path = 3f;
			sourceTree = "<group>";
		};
		BDFBBF3F63A34ED51E7376A1 /* 48 */ = {
			isa = PBXGroup;
			children = (
				5E4E650C39ED7F45DC5772AB /* 087b4dcfe106625c6edb3819456c2bad092001 */,
			);
			path = 48;
			sourceTree = "<group>";
		};
		BEF45D79CCABA6E075AD432D /* 07 */ = {
			isa = PBXGroup;
			children = (
				DE55EA7FEBA5DD0F9A337BDD /* 939bf106db8184726614945183e5d416cc2aa2 */,
			);
			path = 07;
			sourceTree = "<group>";
		};
		BEF75AEBED53E6D8C30C9400 /* Vault */ = {
			isa = PBXGroup;
			children = (
				8DA598B984688E6B8E066EE8 /* DocumentDetailView.swift */,
				6E059DF2D7DDAD5C67323BBA /* DocumentUploadSheet.swift */,
				B95F9E2A008F4272363B2F4E /* SubscriptionPaywallView.swift */,
				AE0C385ABAE0C6BC03CB1C79 /* TravelPaperworkSheet.swift */,
				2EEC8E15296CC1C22E740E62 /* VaultHomeView.swift */,
				204D993F55620FEC99EC77D6 /* VaultSearchView.swift */,
			);
			path = Vault;
			sourceTree = "<group>";
		};
		BF4107015446CD96C475C243 /* refs */ = {
			isa = PBXGroup;
			children = (
				54A32C4530105DC0AEB6BE21 /* heads */,
				08C13A6F05D9C144AFFB2AD6 /* remotes */,
			);
			path = refs;
			sourceTree = "<group>";
		};
		C0BBB01B3140554E5A99E67E /* Onboarding */ = {
			isa = PBXGroup;
			children = (
				DCF2728588EDB6C3866744FD /* OnboardingCoordinator.swift */,
				DF979BC3BFF74E33B7B8E27F /* OnboardingDraft.swift */,
				ABBC997537BDA8146552D9DF /* OnboardingScreens.swift */,
			);
			path = Onboarding;
			sourceTree = "<group>";
		};
		C395B59593EC5CA78737438E /* PawlyTests */ = {
			isa = PBXGroup;
			children = (
				45F7D8EE25A6996FCF7F8083 /* PawlyTests.swift */,
			);
			path = PawlyTests;
			sourceTree = "<group>";
		};
		C4FDA67FCEAF4B3ADEF3A763 /* remotes */ = {
			isa = PBXGroup;
			children = (
				92C73FEB7802F4B63325A6A4 /* origin */,
			);
			path = remotes;
			sourceTree = "<group>";
		};
		CF0E4FC9F8806EEC9C2AE70A /* Products */ = {
			isa = PBXGroup;
			children = (
				2C143F7E162380B6FADA701A /* Pawly.app */,
				921BD39C2CB4B1392DE26F60 /* PawlyTests.xctest */,
			);
			name = Products;
			sourceTree = "<group>";
		};
		E2F71F217374B21C8147564D /* 7a */ = {
			isa = PBXGroup;
			children = (
				FA6B07BFF7D3FA298D94D716 /* 7107b24edb6f60f8e0ddcb85d85dbc779ff506 */,
			);
			path = 7a;
			sourceTree = "<group>";
		};
		E636A23961F12C4EDFA57ABA /* Utilities */ = {
			isa = PBXGroup;
			children = (
				83A2B7990C019839F1DA732F /* Date+Pawly.swift */,
				2568D5D714E3FDCDF6AB397D /* Image+PhotoData.swift */,
				BCCFEE196EF8287E95D81C90 /* PreviewSupport.swift */,
			);
			path = Utilities;
			sourceTree = "<group>";
		};
		ECABCA489987A187E37F37ED /* Navigation */ = {
			isa = PBXGroup;
			children = (
				FC73EB60E91B222E56B5726F /* MainTabView.swift */,
				471376D6B9EE814590231F79 /* RootView.swift */,
			);
			path = Navigation;
			sourceTree = "<group>";
		};
		EE0E81378E6807C3217DCE80 /* Features */ = {
			isa = PBXGroup;
			children = (
				A59B82E41354BA10D301A54B /* Calendar */,
				768111A1383B4EA5816C58B4 /* Discover */,
				0F0B040D109E072CA13DE7AC /* Home */,
				C0BBB01B3140554E5A99E67E /* Onboarding */,
				2F3781DFB6AC178CB67F6ABF /* Pets */,
				727BC7AB9B02F5CA263A9624 /* QuickLog */,
				F93E822351C9740E230A1F4E /* Reminders */,
				BEF75AEBED53E6D8C30C9400 /* Vault */,
			);
			path = Features;
			sourceTree = "<group>";
		};
		EE465AFB3D6A99CE60628D08 /* .git */ = {
			isa = PBXGroup;
			children = (
				2FC82D090E1AF444A495EC8B /* config */,
				152F1B91189CF0E864361593 /* description */,
				425133266BE98CFE7357B123 /* FETCH_HEAD */,
				942E02E63E0365B592F4B829 /* HEAD */,
				9B683A49A5F1D06DA2D8A640 /* index */,
				5090E08771A276045A9B7B28 /* ORIG_HEAD */,
				2E8FBE4F45F80E22BDD98DCF /* packed-refs */,
				20A010CCF6A2320FE0AA7648 /* hooks */,
				329B1FBE0538CCA091261EAF /* info */,
				2B6B37527727A7F317D11AC3 /* logs */,
				39F92AE4240D4F8A87562F7B /* objects */,
				BF4107015446CD96C475C243 /* refs */,
			);
			path = .git;
			sourceTree = "<group>";
		};
		F8814528C6541D8800A31D3F /* DesignSystem */ = {
			isa = PBXGroup;
			children = (
				DFC55492CF98BE59B0FD2C73 /* ConfidenceBadge.swift */,
				B8F0FECA4E0B105B0143DF30 /* Motion.swift */,
				B22532CCFB411C0BE1185DA5 /* PawlyButtonStyle.swift */,
				AC8465200035BA2774D6B656 /* PawlyCard.swift */,
				3773C6EA7C80EF0CC546D8A4 /* PawlyColors.swift */,
				3E67F476005E815E8CCB3747 /* PawlyTextField.swift */,
				B085A566B38E46A55755A719 /* Spacing.swift */,
				A346A589A529196C96165CE9 /* StatusDot.swift */,
				2F0DA6B6411F53049521A2C1 /* Typography.swift */,
			);
			path = DesignSystem;
			sourceTree = "<group>";
		};
		F93E822351C9740E230A1F4E /* Reminders */ = {
			isa = PBXGroup;
			children = (
				49D55B6CF97017E5AAB3DDD2 /* RecurrencePicker.swift */,
				8BAF81E101085D59FCDC056F /* ReminderEditView.swift */,
				7FA3C8FD7E65170F0854E7AA /* RemindersListView.swift */,
				06AF7BA81BCA9619BA1ED972 /* RemindersListViewDTO.swift */,
			);
			path = Reminders;
			sourceTree = "<group>";
		};
		FADC604CCCA9157D21368AE1 /* a9 */ = {
			isa = PBXGroup;
			children = (
				D94D845A1E7A2538E0C5489B /* 13e83cc96d9cd5ce1f0c3974658928bcbfe3f5 */,
			);
			path = a9;
			sourceTree = "<group>";
		};
		FC83FD5A33A2814A67C1E99C /* Persistence */ = {
			isa = PBXGroup;
			children = (
				BBD66E8AAD3F4443C80F9602 /* RecurrenceEngine.swift */,
				712AD4B3555EC68C7A68CBB3 /* SeedData.swift */,
			);
			path = Persistence;
			sourceTree = "<group>";
		};
		FF2361483C44EB93F2691A23 /* fe */ = {
			isa = PBXGroup;
			children = (
				BE25FF5F53EF5413335A6489 /* f05ef3a9145b0d0cdd650c47fbdbbc7f478440 */,
			);
			path = fe;
			sourceTree = "<group>";
		};
		"TEMP_BD3435AA-E699-41F2-80FD-F5AB2F65D2D3" /* . */ = {
			isa = PBXGroup;
			children = (
				"TEMP_FDBBE9C1-5FC2-4428-B0F3-5BE7CBF01D28" /* Assets.xcassets */,
				"TEMP_CE0EFD24-74EF-4A2E-9F17-AB73E561DBDB" /* supabase_schema.sql */,
				"TEMP_B8118CC4-7582-45C4-A974-27A10D7367BC" /* PawlyApp.swift */,
				F8814528C6541D8800A31D3F /* DesignSystem */,
				EE0E81378E6807C3217DCE80 /* Features */,
				ECABCA489987A187E37F37ED /* Navigation */,
				6278EB5965142A56CF11F073 /* Models */,
				E636A23961F12C4EDFA57ABA /* Utilities */,
				FC83FD5A33A2814A67C1E99C /* Persistence */,
				EE465AFB3D6A99CE60628D08 /* .git */,
				AE718C4296793B2B26A6920B /* Services */,
			);
			name = .;
			path = .;
			sourceTree = "<group>";
		};
/* End PBXGroup section */

/* Begin PBXNativeTarget section */
		B447878F40DFDA711B8DAD4D /* Pawly */ = {
			isa = PBXNativeTarget;
			buildConfigurationList = 459402491062AC2B10183DF5 /* Build configuration list for PBXNativeTarget "Pawly" */;
			buildPhases = (
				41D1B01EE4BE7F32B0BC8A66 /* Sources */,
				601CCAA93FAA9C63C62D271F /* Resources */,
				7E907C004D519BBC4DA75322 /* Frameworks */,
			);
			buildRules = (
			);
			dependencies = (
			);
			name = Pawly;
			packageProductDependencies = (
				FE51CE2C6C809C7BE7169BC0 /* Supabase */,
			);
			productName = Pawly;
			productReference = 2C143F7E162380B6FADA701A /* Pawly.app */;
			productType = "com.apple.product-type.application";
		};
		C3356C31E16DDD80E9226CAD /* PawlyTests */ = {
			isa = PBXNativeTarget;
			buildConfigurationList = 06F9BD971E0AA1BDB74EB72F /* Build configuration list for PBXNativeTarget "PawlyTests" */;
			buildPhases = (
				9C425BAE3D1111AB62C72705 /* Sources */,
			);
			buildRules = (
			);
			dependencies = (
				D9A4F6C80B31C58930751418 /* PBXTargetDependency */,
			);
			name = PawlyTests;
			packageProductDependencies = (
			);
			productName = PawlyTests;
			productReference = 921BD39C2CB4B1392DE26F60 /* PawlyTests.xctest */;
			productType = "com.apple.product-type.bundle.unit-test";
		};
/* End PBXNativeTarget section */

/* Begin PBXProject section */
		B8EB757B8F504E30BF293D2B /* Project object */ = {
			isa = PBXProject;
			attributes = {
				BuildIndependentTargetsInParallel = YES;
				LastUpgradeCheck = 1430;
				TargetAttributes = {
					B447878F40DFDA711B8DAD4D = {
						DevelopmentTeam = "";
						ProvisioningStyle = Automatic;
					};
					C3356C31E16DDD80E9226CAD = {
						DevelopmentTeam = "";
						ProvisioningStyle = Automatic;
					};
				};
			};
			buildConfigurationList = E73D8F42B77469FF9E49D866 /* Build configuration list for PBXProject "Pawly" */;
			developmentRegion = en;
			hasScannedForEncodings = 0;
			knownRegions = (
				Base,
				en,
			);
			mainGroup = 3F50A35CBF84B246D6926BB5;
			minimizedProjectReferenceProxies = 1;
			packageReferences = (
				1A2E9E994D31DEE195C7792C /* XCRemoteSwiftPackageReference "supabase-swift" */,
			);
			preferredProjectObjectVersion = 77;
			productRefGroup = CF0E4FC9F8806EEC9C2AE70A /* Products */;
			projectDirPath = "";
			projectRoot = "";
			targets = (
				B447878F40DFDA711B8DAD4D /* Pawly */,
				C3356C31E16DDD80E9226CAD /* PawlyTests */,
			);
		};
/* End PBXProject section */

/* Begin PBXResourcesBuildPhase section */
		601CCAA93FAA9C63C62D271F /* Resources */ = {
			isa = PBXResourcesBuildPhase;
			buildActionMask = 2147483647;
			files = (
				66585ACEB11E279B7600EF8B /* Assets.xcassets in Resources */,
				808580CFA67344C6D0656BBC /* applypatch-msg.sample in Resources */,
				03680B355B6CCB7EE648EAAF /* commit-msg.sample in Resources */,
				FFD9A20758EBFF2A1961C722 /* fsmonitor-watchman.sample in Resources */,
				E8AA4529995F4B5B5A6310C2 /* pack-8e66a19a22d96d4502c0973263ab8c384f9ef160.idx in Resources */,
				D423733BB03F90AAB2CA619C /* pack-8e66a19a22d96d4502c0973263ab8c384f9ef160.pack in Resources */,
				184CACE9047E1015A0D2C1B4 /* pack-8e66a19a22d96d4502c0973263ab8c384f9ef160.rev in Resources */,
				4177A96857E5E588C0A0D2E4 /* post-update.sample in Resources */,
				B3805E45B94821EAA703A31A /* pre-applypatch.sample in Resources */,
				11037C327F6129B8A4E818A2 /* pre-commit.sample in Resources */,
				68B83849C80812F0B67FFA5D /* pre-merge-commit.sample in Resources */,
				A8E5A60E58BF2618F8FE5414 /* pre-push.sample in Resources */,
				8C7787B6C1E5BEDE90838B9E /* pre-rebase.sample in Resources */,
				6EE4F82FA73DAF3712B0E4B2 /* pre-receive.sample in Resources */,
				4202AEBE56121D5CBEEDCA3E /* prepare-commit-msg.sample in Resources */,
				40B20F9415715342786F94D8 /* push-to-checkout.sample in Resources */,
				A3B8C3B39AF9CA6E21394EA0 /* sendemail-validate.sample in Resources */,
				64DAF22F36E40FA2DFEE4D67 /* supabase_schema.sql in Resources */,
				AA3CC07E5B35C8451895C987 /* update.sample in Resources */,
			);
			runOnlyForDeploymentPostprocessing = 0;
		};
/* End PBXResourcesBuildPhase section */

/* Begin PBXSourcesBuildPhase section */
		41D1B01EE4BE7F32B0BC8A66 /* Sources */ = {
			isa = PBXSourcesBuildPhase;
			buildActionMask = 2147483647;
			files = (
				4597798078FE77A552623EBF /* AIDoctorView.swift in Sources */,
				1DEBE4CEA1EF6E5747857E7B /* CalendarView.swift in Sources */,
				EDB4429DD80A06CA94CBE821 /* ConfidenceBadge.swift in Sources */,
				8B41AA5D4F7A8F2E7A2AD943 /* DataStore.swift in Sources */,
				AA90B529ED27FAEA6918194A /* Date+Pawly.swift in Sources */,
				93AC7EB9123A6645F5D0C48B /* DayDetailSheet.swift in Sources */,
				43C327A51E06DCFBC31FEE00 /* DiscoverView.swift in Sources */,
				6259A1C0A7B480BCFB411518 /* DocumentDetailView.swift in Sources */,
				CB1A24CC00D4DD3302533C96 /* DocumentEncryptionService.swift in Sources */,
				0690907B21C589DD318D9F45 /* DocumentType.swift in Sources */,
				5640FB33F3F1F4B62A30C6A1 /* DocumentUploadSheet.swift in Sources */,
				C5F89C6F297AAEFF1C2EF216 /* HapticsService.swift in Sources */,
				6024CDE95F7C1069C6045B6C /* HomeView.swift in Sources */,
				E882871BE75D308673DC0792 /* HygieneLibraryView.swift in Sources */,
				D8E733E06B05F7E832DECD1F /* Image+PhotoData.swift in Sources */,
				9087EF46BB6D47FE48DF6756 /* LogEntry.swift in Sources */,
				790CF6CBC8A50A79E0E734A0 /* MainTabView.swift in Sources */,
				C977CF7589582F415D18CB4D /* MockAIDoctorService.swift in Sources */,
				12E88B0497A3BFE8BD132E01 /* MonthGrid.swift in Sources */,
				965DAD0BD756FDFBAE03694C /* MoodEntry.swift in Sources */,
				8780E207879BC397CD100343 /* Motion.swift in Sources */,
				CDA2274E7E281CB2F8B0D309 /* NotificationService.swift in Sources */,
				36859515DAA5AE8E3086351C /* OCRService.swift in Sources */,
				BDF577FC84E46FC4AE423DC8 /* OnboardingCoordinator.swift in Sources */,
				67E17E0E36ADE7352ED25EA3 /* OnboardingDraft.swift in Sources */,
				09B86609F09D9EE6315A1292 /* OnboardingScreens.swift in Sources */,
				411F4E9EB5A910F9CAA7FAA3 /* PawlyApp.swift in Sources */,
				FD08194BE59FA2B7FA3AB4C1 /* PawlyButtonStyle.swift in Sources */,
				798A7C53129168D6034ADE21 /* PawlyCard.swift in Sources */,
				BF858F71932CEACA7CD4AD1C /* PawlyColors.swift in Sources */,
				8E1BDCDD5922490D93A346C9 /* PawlyTextField.swift in Sources */,
				20BA9952C18D5B2F5EC6A4AB /* Pet.swift in Sources */,
				7194870A6B3383EB5D6DBB39 /* PetContextStore.swift in Sources */,
				0EE7DEEA2E73CC15B6DB863D /* PetDocument.swift in Sources */,
				C0CB697CCE0E14EF75C3E9AE /* PetProfileView.swift in Sources */,
				3C0FC2A708585F175A33162E /* PetProfileViewDTO.swift in Sources */,
				F09EDB2375F423975FD2367F /* PetSwitcherCarousel.swift in Sources */,
				84D9EC054433B9B6DE544193 /* PetsView.swift in Sources */,
				916820C31B004507B62F1441 /* PreviewSupport.swift in Sources */,
				30969EA7B4793150E6DC3896 /* QuickLogSheet.swift in Sources */,
				E25369ECCDE81829D459DAF2 /* RecipesView.swift in Sources */,
				F0E1025FDDA8AEC2C19B83FA /* Recurrence.swift in Sources */,
				17EF9C412B839FC9E4B26BA2 /* RecurrenceEngine.swift in Sources */,
				A0390254A98E3171866DFB8B /* RecurrencePicker.swift in Sources */,
				B8C6A7D10F4A5AAE452F7246 /* Reminder.swift in Sources */,
				D9B485279CC5A01BD030A431 /* ReminderEditView.swift in Sources */,
				E67929F8953EA161CA9A37D2 /* ReminderInstance.swift in Sources */,
				3B0FC70EFDC2A63E021C8235 /* ReminderType.swift in Sources */,
				AF21460400CBED8E7682FFB3 /* RemindersListView.swift in Sources */,
				D27A5B42C741B288004D8541 /* RemindersListViewDTO.swift in Sources */,
				20BB3345ABBFC6A24D3AD071 /* RootView.swift in Sources */,
				FAF19F61D811DA68A6C41CDD /* SeedData.swift in Sources */,
				332D848D464C9F34D1899C85 /* Spacing.swift in Sources */,
				622F98D1098DA4CFAAE250E2 /* Species.swift in Sources */,
				9D9D7EACFF8C99FC6F267205 /* StatusDot.swift in Sources */,
				D92C753CF3BB0398D24F2726 /* SubscriptionPaywallView.swift in Sources */,
				3B7BCADFF48F8A3AC36BF11A /* SubscriptionStore.swift in Sources */,
				A3DFB10E16058188153B6B68 /* SupabaseConfig.swift in Sources */,
				6C5F12AA6A94E9052AD885CF /* SupabaseDTOs.swift in Sources */,
				88E6BE6AFE5AA30421F6982C /* SupabaseService.swift in Sources */,
				962A663F99A3AC2EE5759D23 /* TravelPaperworkService.swift in Sources */,
				7505E27F63D1CC8F1279A9C5 /* TravelPaperworkSheet.swift in Sources */,
				12B75AA3D656CC9E9985B54D /* Typography.swift in Sources */,
				3E18D88A66D0A71F32441190 /* VaultHomeView.swift in Sources */,
				188D0B406DA9A4F771D3F781 /* VaultSearchView.swift in Sources */,
				D242D40705F00016DA8DE34F /* WeekTimelineView.swift in Sources */,
			);
			runOnlyForDeploymentPostprocessing = 0;
		};
		9C425BAE3D1111AB62C72705 /* Sources */ = {
			isa = PBXSourcesBuildPhase;
			buildActionMask = 2147483647;
			files = (
				485D0550C2C40BA7A911EADC /* PawlyTests.swift in Sources */,
			);
			runOnlyForDeploymentPostprocessing = 0;
		};
/* End PBXSourcesBuildPhase section */

/* Begin PBXTargetDependency section */
		D9A4F6C80B31C58930751418 /* PBXTargetDependency */ = {
			isa = PBXTargetDependency;
			target = B447878F40DFDA711B8DAD4D /* Pawly */;
			targetProxy = D6BEDECBD8C99F6AB287F067 /* PBXContainerItemProxy */;
		};
/* End PBXTargetDependency section */

/* Begin XCBuildConfiguration section */
		6FE0E80546A0D3F6359D0ABD /* Release */ = {
			isa = XCBuildConfiguration;
			buildSettings = {
				BUNDLE_LOADER = "$(TEST_HOST)";
				GENERATE_INFOPLIST_FILE = YES;
				IPHONEOS_DEPLOYMENT_TARGET = 17.0;
				LD_RUNPATH_SEARCH_PATHS = (
					"$(inherited)",
					"@executable_path/Frameworks",
					"@loader_path/Frameworks",
				);
				PRODUCT_BUNDLE_IDENTIFIER = com.yourname.pawly.tests;
				SDKROOT = iphoneos;
				TARGETED_DEVICE_FAMILY = "1,2";
				TEST_HOST = "$(BUILT_PRODUCTS_DIR)/Pawly.app/Pawly";
			};
			name = Release;
		};
		766B38BD34D15F5A2C4AF70B /* Debug */ = {
			isa = XCBuildConfiguration;
			buildSettings = {
				BUNDLE_LOADER = "$(TEST_HOST)";
				GENERATE_INFOPLIST_FILE = YES;
				IPHONEOS_DEPLOYMENT_TARGET = 17.0;
				LD_RUNPATH_SEARCH_PATHS = (
					"$(inherited)",
					"@executable_path/Frameworks",
					"@loader_path/Frameworks",
				);
				PRODUCT_BUNDLE_IDENTIFIER = com.yourname.pawly.tests;
				SDKROOT = iphoneos;
				TARGETED_DEVICE_FAMILY = "1,2";
				TEST_HOST = "$(BUILT_PRODUCTS_DIR)/Pawly.app/Pawly";
			};
			name = Debug;
		};
		99A8FD23912A84C640BAA443 /* Release */ = {
			isa = XCBuildConfiguration;
			buildSettings = {
				ALWAYS_SEARCH_USER_PATHS = NO;
				CLANG_ANALYZER_NONNULL = YES;
				CLANG_ANALYZER_NUMBER_OBJECT_CONVERSION = YES_AGGRESSIVE;
				CLANG_CXX_LANGUAGE_STANDARD = "gnu++14";
				CLANG_CXX_LIBRARY = "libc++";
				CLANG_ENABLE_MODULES = YES;
				CLANG_ENABLE_OBJC_ARC = YES;
				CLANG_ENABLE_OBJC_WEAK = YES;
				CLANG_WARN_BLOCK_CAPTURE_AUTORELEASING = YES;
				CLANG_WARN_BOOL_CONVERSION = YES;
				CLANG_WARN_COMMA = YES;
				CLANG_WARN_CONSTANT_CONVERSION = YES;
				CLANG_WARN_DEPRECATED_OBJC_IMPLEMENTATIONS = YES;
				CLANG_WARN_DIRECT_OBJC_ISA_USAGE = YES_ERROR;
				CLANG_WARN_DOCUMENTATION_COMMENTS = YES;
				CLANG_WARN_EMPTY_BODY = YES;
				CLANG_WARN_ENUM_CONVERSION = YES;
				CLANG_WARN_INFINITE_RECURSION = YES;
				CLANG_WARN_INT_CONVERSION = YES;
				CLANG_WARN_NON_LITERAL_NULL_CONVERSION = YES;
				CLANG_WARN_OBJC_IMPLICIT_RETAIN_SELF = YES;
				CLANG_WARN_OBJC_LITERAL_CONVERSION = YES;
				CLANG_WARN_OBJC_ROOT_CLASS = YES_ERROR;
				CLANG_WARN_QUOTED_INCLUDE_IN_FRAMEWORK_HEADER = YES;
				CLANG_WARN_RANGE_LOOP_ANALYSIS = YES;
				CLANG_WARN_STRICT_PROTOTYPES = YES;
				CLANG_WARN_SUSPICIOUS_MOVE = YES;
				CLANG_WARN_UNGUARDED_AVAILABILITY = YES_AGGRESSIVE;
				CLANG_WARN_UNREACHABLE_CODE = YES;
				CLANG_WARN__DUPLICATE_METHOD_MATCH = YES;
				CODE_SIGNING_ALLOWED = NO;
				CODE_SIGNING_REQUIRED = NO;
				CODE_SIGN_IDENTITY = "-";
				CODE_SIGN_STYLE = Automatic;
				COPY_PHASE_STRIP = NO;
				DEBUG_INFORMATION_FORMAT = "dwarf-with-dsym";
				DEVELOPMENT_TEAM = "";
				ENABLE_NS_ASSERTIONS = NO;
				ENABLE_STRICT_OBJC_MSGSEND = YES;
				ENABLE_USER_SCRIPT_SANDBOXING = NO;
				GCC_C_LANGUAGE_STANDARD = gnu11;
				GCC_NO_COMMON_BLOCKS = YES;
				GCC_WARN_64_TO_32_BIT_CONVERSION = YES;
				GCC_WARN_ABOUT_RETURN_TYPE = YES_ERROR;
				GCC_WARN_UNDECLARED_SELECTOR = YES;
				GCC_WARN_UNINITIALIZED_AUTOS = YES_AGGRESSIVE;
				GCC_WARN_UNUSED_FUNCTION = YES;
				GCC_WARN_UNUSED_VARIABLE = YES;
				IPHONEOS_DEPLOYMENT_TARGET = 17.0;
				MTL_ENABLE_DEBUG_INFO = NO;
				MTL_FAST_MATH = YES;
				PRODUCT_NAME = "$(TARGET_NAME)";
				SDKROOT = iphoneos;
				SWIFT_COMPILATION_MODE = wholemodule;
				SWIFT_OPTIMIZATION_LEVEL = "-O";
				SWIFT_VERSION = 5.9;
			};
			name = Release;
		};
		B6DC594CC7044E2731F1155B /* Debug */ = {
			isa = XCBuildConfiguration;
			buildSettings = {
				ASSETCATALOG_COMPILER_APPICON_NAME = AppIcon;
				ASSETCATALOG_COMPILER_GLOBAL_ACCENT_COLOR_NAME = AccentColor;
				CODE_SIGN_IDENTITY = "iPhone Developer";
				GENERATE_INFOPLIST_FILE = NO;
				INFOPLIST_FILE = Info.plist;
				IPHONEOS_DEPLOYMENT_TARGET = 17.0;
				LD_RUNPATH_SEARCH_PATHS = (
					"$(inherited)",
					"@executable_path/Frameworks",
				);
				PRODUCT_BUNDLE_IDENTIFIER = com.yourname.pawly;
				SDKROOT = iphoneos;
				TARGETED_DEVICE_FAMILY = "1,2";
			};
			name = Debug;
		};
		EB10153A86B578A7F41F68DA /* Release */ = {
			isa = XCBuildConfiguration;
			buildSettings = {
				ASSETCATALOG_COMPILER_APPICON_NAME = AppIcon;
				ASSETCATALOG_COMPILER_GLOBAL_ACCENT_COLOR_NAME = AccentColor;
				CODE_SIGN_IDENTITY = "iPhone Developer";
				GENERATE_INFOPLIST_FILE = NO;
				INFOPLIST_FILE = Info.plist;
				IPHONEOS_DEPLOYMENT_TARGET = 17.0;
				LD_RUNPATH_SEARCH_PATHS = (
					"$(inherited)",
					"@executable_path/Frameworks",
				);
				PRODUCT_BUNDLE_IDENTIFIER = com.yourname.pawly;
				SDKROOT = iphoneos;
				TARGETED_DEVICE_FAMILY = "1,2";
			};
			name = Release;
		};
		F89A153318792F58674E188D /* Debug */ = {
			isa = XCBuildConfiguration;
			buildSettings = {
				ALWAYS_SEARCH_USER_PATHS = NO;
				CLANG_ANALYZER_NONNULL = YES;
				CLANG_ANALYZER_NUMBER_OBJECT_CONVERSION = YES_AGGRESSIVE;
				CLANG_CXX_LANGUAGE_STANDARD = "gnu++14";
				CLANG_CXX_LIBRARY = "libc++";
				CLANG_ENABLE_MODULES = YES;
				CLANG_ENABLE_OBJC_ARC = YES;
				CLANG_ENABLE_OBJC_WEAK = YES;
				CLANG_WARN_BLOCK_CAPTURE_AUTORELEASING = YES;
				CLANG_WARN_BOOL_CONVERSION = YES;
				CLANG_WARN_COMMA = YES;
				CLANG_WARN_CONSTANT_CONVERSION = YES;
				CLANG_WARN_DEPRECATED_OBJC_IMPLEMENTATIONS = YES;
				CLANG_WARN_DIRECT_OBJC_ISA_USAGE = YES_ERROR;
				CLANG_WARN_DOCUMENTATION_COMMENTS = YES;
				CLANG_WARN_EMPTY_BODY = YES;
				CLANG_WARN_ENUM_CONVERSION = YES;
				CLANG_WARN_INFINITE_RECURSION = YES;
				CLANG_WARN_INT_CONVERSION = YES;
				CLANG_WARN_NON_LITERAL_NULL_CONVERSION = YES;
				CLANG_WARN_OBJC_IMPLICIT_RETAIN_SELF = YES;
				CLANG_WARN_OBJC_LITERAL_CONVERSION = YES;
				CLANG_WARN_OBJC_ROOT_CLASS = YES_ERROR;
				CLANG_WARN_QUOTED_INCLUDE_IN_FRAMEWORK_HEADER = YES;
				CLANG_WARN_RANGE_LOOP_ANALYSIS = YES;
				CLANG_WARN_STRICT_PROTOTYPES = YES;
				CLANG_WARN_SUSPICIOUS_MOVE = YES;
				CLANG_WARN_UNGUARDED_AVAILABILITY = YES_AGGRESSIVE;
				CLANG_WARN_UNREACHABLE_CODE = YES;
				CLANG_WARN__DUPLICATE_METHOD_MATCH = YES;
				CODE_SIGNING_ALLOWED = NO;
				CODE_SIGNING_REQUIRED = NO;
				CODE_SIGN_IDENTITY = "-";
				CODE_SIGN_STYLE = Automatic;
				COPY_PHASE_STRIP = NO;
				DEBUG_INFORMATION_FORMAT = dwarf;
				DEVELOPMENT_TEAM = "";
				ENABLE_STRICT_OBJC_MSGSEND = YES;
				ENABLE_TESTABILITY = YES;
				ENABLE_USER_SCRIPT_SANDBOXING = NO;
				GCC_C_LANGUAGE_STANDARD = gnu11;
				GCC_DYNAMIC_NO_PIC = NO;
				GCC_NO_COMMON_BLOCKS = YES;
				GCC_OPTIMIZATION_LEVEL = 0;
				GCC_PREPROCESSOR_DEFINITIONS = (
					"$(inherited)",
					"DEBUG=1",
				);
				GCC_WARN_64_TO_32_BIT_CONVERSION = YES;
				GCC_WARN_ABOUT_RETURN_TYPE = YES_ERROR;
				GCC_WARN_UNDECLARED_SELECTOR = YES;
				GCC_WARN_UNINITIALIZED_AUTOS = YES_AGGRESSIVE;
				GCC_WARN_UNUSED_FUNCTION = YES;
				GCC_WARN_UNUSED_VARIABLE = YES;
				IPHONEOS_DEPLOYMENT_TARGET = 17.0;
				MTL_ENABLE_DEBUG_INFO = INCLUDE_SOURCE;
				MTL_FAST_MATH = YES;
				ONLY_ACTIVE_ARCH = YES;
				PRODUCT_NAME = "$(TARGET_NAME)";
				SDKROOT = iphoneos;
				SWIFT_ACTIVE_COMPILATION_CONDITIONS = DEBUG;
				SWIFT_OPTIMIZATION_LEVEL = "-Onone";
				SWIFT_VERSION = 5.9;
			};
			name = Debug;
		};
/* End XCBuildConfiguration section */

/* Begin XCConfigurationList section */
		06F9BD971E0AA1BDB74EB72F /* Build configuration list for PBXNativeTarget "PawlyTests" */ = {
			isa = XCConfigurationList;
			buildConfigurations = (
				766B38BD34D15F5A2C4AF70B /* Debug */,
				6FE0E80546A0D3F6359D0ABD /* Release */,
			);
			defaultConfigurationIsVisible = 0;
			defaultConfigurationName = Debug;
		};
		459402491062AC2B10183DF5 /* Build configuration list for PBXNativeTarget "Pawly" */ = {
			isa = XCConfigurationList;
			buildConfigurations = (
				B6DC594CC7044E2731F1155B /* Debug */,
				EB10153A86B578A7F41F68DA /* Release */,
			);
			defaultConfigurationIsVisible = 0;
			defaultConfigurationName = Debug;
		};
		E73D8F42B77469FF9E49D866 /* Build configuration list for PBXProject "Pawly" */ = {
			isa = XCConfigurationList;
			buildConfigurations = (
				F89A153318792F58674E188D /* Debug */,
				99A8FD23912A84C640BAA443 /* Release */,
			);
			defaultConfigurationIsVisible = 0;
			defaultConfigurationName = Debug;
		};
/* End XCConfigurationList section */

/* Begin XCRemoteSwiftPackageReference section */
		1A2E9E994D31DEE195C7792C /* XCRemoteSwiftPackageReference "supabase-swift" */ = {
			isa = XCRemoteSwiftPackageReference;
			repositoryURL = "https://github.com/supabase/supabase-swift.git";
			requirement = {
				kind = upToNextMajorVersion;
				minimumVersion = 2.5.0;
			};
		};
/* End XCRemoteSwiftPackageReference section */

/* Begin XCSwiftPackageProductDependency section */
		FE51CE2C6C809C7BE7169BC0 /* Supabase */ = {
			isa = XCSwiftPackageProductDependency;
			package = 1A2E9E994D31DEE195C7792C /* XCRemoteSwiftPackageReference "supabase-swift" */;
			productName = Supabase;
		};
/* End XCSwiftPackageProductDependency section */
	};
	rootObject = B8EB757B8F504E30BF293D2B /* Project object */;
}
