// !$*UTF8*$!
{
	archiveVersion = 1;
	classes = {
	};
	objectVersion = 77;
	objects = {

/* Begin PBXBuildFile section */
		03680B355B6CCB7EE648EAAF /* commit-msg.sample in Resources */ = {isa = PBXBuildFile; fileRef = 1A9028CF39F1422171C97160 /* commit-msg.sample */; };
		09B86609F09D9EE6315A1292 /* OnboardingScreens.swift in Sources */ = {isa = PBXBuildFile; fileRef = ABBC997537BDA8146552D9DF /* OnboardingScreens.swift */; };
		11037C327F6129B8A4E818A2 /* pre-commit.sample in Resources */ = {isa = PBXBuildFile; fileRef = F28F5BD49D9C16A3E46EC95E /* pre-commit.sample */; };
		12B75AA3D656CC9E9985B54D /* Typography.swift in Sources */ = {isa = PBXBuildFile; fileRef = 2F0DA6B6411F53049521A2C1 /* Typography.swift */; };
		12E88B0497A3BFE8BD132E01 /* MonthGrid.swift in Sources */ = {isa = PBXBuildFile; fileRef = C2CBDF1605AB542A495CC9FE /* MonthGrid.swift */; };
		17EF9C412B839FC9E4B26BA2 /* RecurrenceEngine.swift in Sources */ = {isa = PBXBuildFile; fileRef = BBD66E8AAD3F4443C80F9602 /* RecurrenceEngine.swift */; };
		1DEBE4CEA1EF6E5747857E7B /* CalendarView.swift in Sources */ = {isa = PBXBuildFile; fileRef = 7DC6DFDC296A056B2B18F9BC /* CalendarView.swift */; };
		20BA9952C18D5B2F5EC6A4AB /* Pet.swift in Sources */ = {isa = PBXBuildFile; fileRef = A56BB6523B5B761DAAACDFCE /* Pet.swift */; };
		20BB3345ABBFC6A24D3AD071 /* RootView.swift in Sources */ = {isa = PBXBuildFile; fileRef = 471376D6B9EE814590231F79 /* RootView.swift */; };
		30969EA7B4793150E6DC3896 /* QuickLogSheet.swift in Sources */ = {isa = PBXBuildFile; fileRef = BC76F68803CC98D3B3E0316B /* QuickLogSheet.swift */; };
		332D848D464C9F34D1899C85 /* Spacing.swift in Sources */ = {isa = PBXBuildFile; fileRef = B085A566B38E46A55755A719 /* Spacing.swift */; };
		3B0FC70EFDC2A63E021C8235 /* ReminderType.swift in Sources */ = {isa = PBXBuildFile; fileRef = 2744E3D8EDFBFFF1A4C9F852 /* ReminderType.swift */; };
		40B20F9415715342786F94D8 /* push-to-checkout.sample in Resources */ = {isa = PBXBuildFile; fileRef = B44FC5437B0EED3782ADE926 /* push-to-checkout.sample */; };
		4177A96857E5E588C0A0D2E4 /* post-update.sample in Resources */ = {isa = PBXBuildFile; fileRef = FA27CD5FD2847F2B297C7868 /* post-update.sample */; };
		4202AEBE56121D5CBEEDCA3E /* prepare-commit-msg.sample in Resources */ = {isa = PBXBuildFile; fileRef = 145FD4EB35CD9B63C8991A93 /* prepare-commit-msg.sample */; };
		43C327A51E06DCFBC31FEE00 /* DiscoverView.swift in Sources */ = {isa = PBXBuildFile; fileRef = F88091CCFB9B990FBC63EA30 /* DiscoverView.swift */; };
		4597798078FE77A552623EBF /* AIDoctorView.swift in Sources */ = {isa = PBXBuildFile; fileRef = CDC7FEDBD30B4304BBA538BD /* AIDoctorView.swift */; };
		485D0550C2C40BA7A911EADC /* PawlyTests.swift in Sources */ = {isa = PBXBuildFile; fileRef = 45F7D8EE25A6996FCF7F8083 /* PawlyTests.swift */; };
		6024CDE95F7C1069C6045B6C /* HomeView.swift in Sources */ = {isa = PBXBuildFile; fileRef = 8E4DC15F26EC66776C6B7C46 /* HomeView.swift */; };
		622F98D1098DA4CFAAE250E2 /* Species.swift in Sources */ = {isa = PBXBuildFile; fileRef = 748135EB8A20CF617EE37B71 /* Species.swift */; };
		67E17E0E36ADE7352ED25EA3 /* OnboardingDraft.swift in Sources */ = {isa = PBXBuildFile; fileRef = DF979BC3BFF74E33B7B8E27F /* OnboardingDraft.swift */; };
		68B83849C80812F0B67FFA5D /* pre-merge-commit.sample in Resources */ = {isa = PBXBuildFile; fileRef = C87DDDA71A8B59FF9AC60F48 /* pre-merge-commit.sample */; };
		6B80CB599DD811589EC57E4D /* PawlyApp.swift in Sources */ = {isa = PBXBuildFile; fileRef = "TEMP_5805CFD1-09DB-4281-B8DF-54FB24AAF600" /* PawlyApp.swift */; };
		6EE4F82FA73DAF3712B0E4B2 /* pre-receive.sample in Resources */ = {isa = PBXBuildFile; fileRef = A55D130FBD797A68109A5EAB /* pre-receive.sample */; };
		6FD1579F5C0F072CC5ADBC37 /* Assets.xcassets in Resources */ = {isa = PBXBuildFile; fileRef = "TEMP_D37372CC-C970-4014-9E99-5E82A6D05891" /* Assets.xcassets */; };
		7194870A6B3383EB5D6DBB39 /* PetContextStore.swift in Sources */ = {isa = PBXBuildFile; fileRef = 90E43EAAF3E7E338A4C2F207 /* PetContextStore.swift */; };
		790CF6CBC8A50A79E0E734A0 /* MainTabView.swift in Sources */ = {isa = PBXBuildFile; fileRef = FC73EB60E91B222E56B5726F /* MainTabView.swift */; };
		798A7C53129168D6034ADE21 /* PawlyCard.swift in Sources */ = {isa = PBXBuildFile; fileRef = AC8465200035BA2774D6B656 /* PawlyCard.swift */; };
		808580CFA67344C6D0656BBC /* applypatch-msg.sample in Resources */ = {isa = PBXBuildFile; fileRef = DB8C4282CDD9763CCF66D735 /* applypatch-msg.sample */; };
		84D9EC054433B9B6DE544193 /* PetsView.swift in Sources */ = {isa = PBXBuildFile; fileRef = 4B99932BB2FD29671729C957 /* PetsView.swift */; };
		8780E207879BC397CD100343 /* Motion.swift in Sources */ = {isa = PBXBuildFile; fileRef = B8F0FECA4E0B105B0143DF30 /* Motion.swift */; };
		8C7787B6C1E5BEDE90838B9E /* pre-rebase.sample in Resources */ = {isa = PBXBuildFile; fileRef = 449E0993DEF19BAC08794537 /* pre-rebase.sample */; };
		8E1BDCDD5922490D93A346C9 /* PawlyTextField.swift in Sources */ = {isa = PBXBuildFile; fileRef = 3E67F476005E815E8CCB3747 /* PawlyTextField.swift */; };
		9087EF46BB6D47FE48DF6756 /* LogEntry.swift in Sources */ = {isa = PBXBuildFile; fileRef = BAC73679E7C2B8B72390CFF1 /* LogEntry.swift */; };
		916820C31B004507B62F1441 /* PreviewSupport.swift in Sources */ = {isa = PBXBuildFile; fileRef = BCCFEE196EF8287E95D81C90 /* PreviewSupport.swift */; };
		93AC7EB9123A6645F5D0C48B /* DayDetailSheet.swift in Sources */ = {isa = PBXBuildFile; fileRef = 96D2EEDE3FCEFAE6B0430B29 /* DayDetailSheet.swift */; };
		965DAD0BD756FDFBAE03694C /* MoodEntry.swift in Sources */ = {isa = PBXBuildFile; fileRef = CE7561E0406F3B29603697ED /* MoodEntry.swift */; };
		9D9D7EACFF8C99FC6F267205 /* StatusDot.swift in Sources */ = {isa = PBXBuildFile; fileRef = A346A589A529196C96165CE9 /* StatusDot.swift */; };
		A0390254A98E3171866DFB8B /* RecurrencePicker.swift in Sources */ = {isa = PBXBuildFile; fileRef = 49D55B6CF97017E5AAB3DDD2 /* RecurrencePicker.swift */; };
		A3B8C3B39AF9CA6E21394EA0 /* sendemail-validate.sample in Resources */ = {isa = PBXBuildFile; fileRef = A3DD85E0831F9B7BB44180CE /* sendemail-validate.sample */; };
		A8E5A60E58BF2618F8FE5414 /* pre-push.sample in Resources */ = {isa = PBXBuildFile; fileRef = 8835AAE861C258778B02A0C3 /* pre-push.sample */; };
		AA3CC07E5B35C8451895C987 /* update.sample in Resources */ = {isa = PBXBuildFile; fileRef = 9D704C2C9C1BE3635D57BB15 /* update.sample */; };
		AA90B529ED27FAEA6918194A /* Date+Pawly.swift in Sources */ = {isa = PBXBuildFile; fileRef = 83A2B7990C019839F1DA732F /* Date+Pawly.swift */; };
		AF21460400CBED8E7682FFB3 /* RemindersListView.swift in Sources */ = {isa = PBXBuildFile; fileRef = 7FA3C8FD7E65170F0854E7AA /* RemindersListView.swift */; };
		B3805E45B94821EAA703A31A /* pre-applypatch.sample in Resources */ = {isa = PBXBuildFile; fileRef = 1F957BA962D5E316D5BBF842 /* pre-applypatch.sample */; };
		B8C6A7D10F4A5AAE452F7246 /* Reminder.swift in Sources */ = {isa = PBXBuildFile; fileRef = 2205C73F83C44E2BB18BE934 /* Reminder.swift */; };
		BDF577FC84E46FC4AE423DC8 /* OnboardingCoordinator.swift in Sources */ = {isa = PBXBuildFile; fileRef = DCF2728588EDB6C3866744FD /* OnboardingCoordinator.swift */; };
		BF858F71932CEACA7CD4AD1C /* PawlyColors.swift in Sources */ = {isa = PBXBuildFile; fileRef = 3773C6EA7C80EF0CC546D8A4 /* PawlyColors.swift */; };
		C0CB697CCE0E14EF75C3E9AE /* PetProfileView.swift in Sources */ = {isa = PBXBuildFile; fileRef = 7A0CD760EB7DB060CC8865E8 /* PetProfileView.swift */; };
		C5F89C6F297AAEFF1C2EF216 /* HapticsService.swift in Sources */ = {isa = PBXBuildFile; fileRef = 2A1584E7056EC47EEEF24FC6 /* HapticsService.swift */; };
		C977CF7589582F415D18CB4D /* MockAIDoctorService.swift in Sources */ = {isa = PBXBuildFile; fileRef = B33DACCAA52F951B4C817512 /* MockAIDoctorService.swift */; };
		CDA2274E7E281CB2F8B0D309 /* NotificationService.swift in Sources */ = {isa = PBXBuildFile; fileRef = 65F04FFBD11EB4BA2A4D8BDB /* NotificationService.swift */; };
		D242D40705F00016DA8DE34F /* WeekTimelineView.swift in Sources */ = {isa = PBXBuildFile; fileRef = 2553EFC0E80A5208D95179D0 /* WeekTimelineView.swift */; };
		D8E733E06B05F7E832DECD1F /* Image+PhotoData.swift in Sources */ = {isa = PBXBuildFile; fileRef = 2568D5D714E3FDCDF6AB397D /* Image+PhotoData.swift */; };
		D9B485279CC5A01BD030A431 /* ReminderEditView.swift in Sources */ = {isa = PBXBuildFile; fileRef = 8BAF81E101085D59FCDC056F /* ReminderEditView.swift */; };
		E25369ECCDE81829D459DAF2 /* RecipesView.swift in Sources */ = {isa = PBXBuildFile; fileRef = 4DE7F82B64CED87E92948350 /* RecipesView.swift */; };
		E67929F8953EA161CA9A37D2 /* ReminderInstance.swift in Sources */ = {isa = PBXBuildFile; fileRef = 773BF51D421D305731D7BABC /* ReminderInstance.swift */; };
		E882871BE75D308673DC0792 /* HygieneLibraryView.swift in Sources */ = {isa = PBXBuildFile; fileRef = 988655E393CF34F78457EC91 /* HygieneLibraryView.swift */; };
		EDB4429DD80A06CA94CBE821 /* ConfidenceBadge.swift in Sources */ = {isa = PBXBuildFile; fileRef = DFC55492CF98BE59B0FD2C73 /* ConfidenceBadge.swift */; };
		F09EDB2375F423975FD2367F /* PetSwitcherCarousel.swift in Sources */ = {isa = PBXBuildFile; fileRef = EAAE32F9656AF12666DF1E78 /* PetSwitcherCarousel.swift */; };
		F0E1025FDDA8AEC2C19B83FA /* Recurrence.swift in Sources */ = {isa = PBXBuildFile; fileRef = A50A6B6F222AD0FE624FD5F0 /* Recurrence.swift */; };
		FAF19F61D811DA68A6C41CDD /* SeedData.swift in Sources */ = {isa = PBXBuildFile; fileRef = 712AD4B3555EC68C7A68CBB3 /* SeedData.swift */; };
		FD08194BE59FA2B7FA3AB4C1 /* PawlyButtonStyle.swift in Sources */ = {isa = PBXBuildFile; fileRef = B22532CCFB411C0BE1185DA5 /* PawlyButtonStyle.swift */; };
		FFD9A20758EBFF2A1961C722 /* fsmonitor-watchman.sample in Resources */ = {isa = PBXBuildFile; fileRef = 2451D12286F36A2F84DABAC3 /* fsmonitor-watchman.sample */; };
/* End PBXBuildFile section */

/* Begin PBXContainerItemProxy section */
		D6BEDECBD8C99F6AB287F067 /* PBXContainerItemProxy */ = {
			isa = PBXContainerItemProxy;
			containerPortal = B8EB757B8F504E30BF293D2B /* Project object */;
			proxyType = 1;
			remoteGlobalIDString = B447878F40DFDA711B8DAD4D;
			remoteInfo = Pawly;
		};
/* End PBXContainerItemProxy section */

/* Begin PBXFileReference section */
		00C7D1DACAB5330F299D4111 /* b78b2f4de801bd26a5b45018dba297a0e89e1a */ = {isa = PBXFileReference; path = b78b2f4de801bd26a5b45018dba297a0e89e1a; sourceTree = "<group>"; };
		00D190B5C5B5642DFFE03999 /* f507efa4a94fffc1ed7ef6d725fc7b405c1d66 */ = {isa = PBXFileReference; path = f507efa4a94fffc1ed7ef6d725fc7b405c1d66; sourceTree = "<group>"; };
		0168F631A38E8F0755CC5FAB /* 19e930d9a03591b34c6dc2c642c1bc2b49c4cd */ = {isa = PBXFileReference; path = 19e930d9a03591b34c6dc2c642c1bc2b49c4cd; sourceTree = "<group>"; };
		02CD6DEEC650F5EE3E557F86 /* 48db1013bf470005cd431165a9f2cb86e21779 */ = {isa = PBXFileReference; path = 48db1013bf470005cd431165a9f2cb86e21779; sourceTree = "<group>"; };
		08766A1A5B55F262CB21A31A /* main */ = {isa = PBXFileReference; path = main; sourceTree = "<group>"; };
		0909627AB1A97B8EAD8A0245 /* COMMIT_EDITMSG */ = {isa = PBXFileReference; path = COMMIT_EDITMSG; sourceTree = "<group>"; };
		0AC30B097F583660EEDB7B6A /* e2d72af8567d6e93d0d58f46b3b3acde752340 */ = {isa = PBXFileReference; path = e2d72af8567d6e93d0d58f46b3b3acde752340; sourceTree = "<group>"; };
		0BDC8DCBE51092501729D8D0 /* 78cfc18908a70fc2ec246db319a07f0ba461b5 */ = {isa = PBXFileReference; path = 78cfc18908a70fc2ec246db319a07f0ba461b5; sourceTree = "<group>"; };
		12427477A3A421B13FB836DF /* 2f83a7978f6e4ade9bb5bacd59a074547b8d70 */ = {isa = PBXFileReference; path = 2f83a7978f6e4ade9bb5bacd59a074547b8d70; sourceTree = "<group>"; };
		145FD4EB35CD9B63C8991A93 /* prepare-commit-msg.sample */ = {isa = PBXFileReference; path = "prepare-commit-msg.sample"; sourceTree = "<group>"; };
		146EC78DD8B3A9857A8DBD2D /* 025228ef4c8f9e5302b8c7b3897e7743886cc4 */ = {isa = PBXFileReference; path = 025228ef4c8f9e5302b8c7b3897e7743886cc4; sourceTree = "<group>"; };
		152F1B91189CF0E864361593 /* description */ = {isa = PBXFileReference; path = description; sourceTree = "<group>"; };
		180F587B4327EBEE035C78D8 /* 5d9293600e4b7fe4ade8f2f3c0f7d0b57499b5 */ = {isa = PBXFileReference; path = 5d9293600e4b7fe4ade8f2f3c0f7d0b57499b5; sourceTree = "<group>"; };
		1A9028CF39F1422171C97160 /* commit-msg.sample */ = {isa = PBXFileReference; path = "commit-msg.sample"; sourceTree = "<group>"; };
		1BB594349FFE790A3CC8A134 /* ef949a678ad6bd03d6b68898be068b00159c61 */ = {isa = PBXFileReference; path = ef949a678ad6bd03d6b68898be068b00159c61; sourceTree = "<group>"; };
		1CCF54D3619C286BC5A4611E /* 4c61fe23e45d28c26184c5c79c927aafd22ec7 */ = {isa = PBXFileReference; path = 4c61fe23e45d28c26184c5c79c927aafd22ec7; sourceTree = "<group>"; };
		1F957BA962D5E316D5BBF842 /* pre-applypatch.sample */ = {isa = PBXFileReference; path = "pre-applypatch.sample"; sourceTree = "<group>"; };
		203CDCF1C33ED7CBA247A1C6 /* 9434a6254f0e9651f402737811be6634a03e9c */ = {isa = PBXFileReference; path = 9434a6254f0e9651f402737811be6634a03e9c; sourceTree = "<group>"; };
		2205C73F83C44E2BB18BE934 /* Reminder.swift */ = {isa = PBXFileReference; lastKnownFileType = sourcecode.swift; path = Reminder.swift; sourceTree = "<group>"; };
		226A5F4D7BDAC1B49D24F30B /* cae9973b8f374516ae87eae4048b1e8c08ba51 */ = {isa = PBXFileReference; path = cae9973b8f374516ae87eae4048b1e8c08ba51; sourceTree = "<group>"; };
		2451D12286F36A2F84DABAC3 /* fsmonitor-watchman.sample */ = {isa = PBXFileReference; path = "fsmonitor-watchman.sample"; sourceTree = "<group>"; };
		2553EFC0E80A5208D95179D0 /* WeekTimelineView.swift */ = {isa = PBXFileReference; lastKnownFileType = sourcecode.swift; path = WeekTimelineView.swift; sourceTree = "<group>"; };
		2568D5D714E3FDCDF6AB397D /* Image+PhotoData.swift */ = {isa = PBXFileReference; lastKnownFileType = sourcecode.swift; path = "Image+PhotoData.swift"; sourceTree = "<group>"; };
		26F6781FE706D2F7223C196D /* c1a4f9fa97ed8f5dc60e2856a2c1b1744b817a */ = {isa = PBXFileReference; path = c1a4f9fa97ed8f5dc60e2856a2c1b1744b817a; sourceTree = "<group>"; };
		2744E3D8EDFBFFF1A4C9F852 /* ReminderType.swift */ = {isa = PBXFileReference; lastKnownFileType = sourcecode.swift; path = ReminderType.swift; sourceTree = "<group>"; };
		2A1584E7056EC47EEEF24FC6 /* HapticsService.swift */ = {isa = PBXFileReference; lastKnownFileType = sourcecode.swift; path = HapticsService.swift; sourceTree = "<group>"; };
		2B1B0CC4BEBF29D0A94A33C1 /* 6a45458e8f332788d97d8df7918874674edff0 */ = {isa = PBXFileReference; path = 6a45458e8f332788d97d8df7918874674edff0; sourceTree = "<group>"; };
		2C143F7E162380B6FADA701A /* Pawly.app */ = {isa = PBXFileReference; includeInIndex = 0; lastKnownFileType = wrapper.application; path = Pawly.app; sourceTree = BUILT_PRODUCTS_DIR; };
		2F0DA6B6411F53049521A2C1 /* Typography.swift */ = {isa = PBXFileReference; lastKnownFileType = sourcecode.swift; path = Typography.swift; sourceTree = "<group>"; };
		2F14789274218B04993EF7BA /* 67bcac18ec1e1ee296693ce8d738b8ce05407e */ = {isa = PBXFileReference; path = 67bcac18ec1e1ee296693ce8d738b8ce05407e; sourceTree = "<group>"; };
		2F7F091AE4792F5F48E466CF /* 7bada1b32d429ebe1081a70f8adf36f25ee262 */ = {isa = PBXFileReference; path = 7bada1b32d429ebe1081a70f8adf36f25ee262; sourceTree = "<group>"; };
		2FC82D090E1AF444A495EC8B /* config */ = {isa = PBXFileReference; path = config; sourceTree = "<group>"; };
		30B89F7FE3DB39F9F15F5F68 /* c00596a7fca3f3d4bdd64053b69d86745f9e10 */ = {isa = PBXFileReference; path = c00596a7fca3f3d4bdd64053b69d86745f9e10; sourceTree = "<group>"; };
		35C7BB48B6700AFC0A068E05 /* 00580f61059c4be09d1a85aa5e93a0450d0ed3 */ = {isa = PBXFileReference; path = 00580f61059c4be09d1a85aa5e93a0450d0ed3; sourceTree = "<group>"; };
		360825B572F09038A0F5F5E0 /* a1f4e73eedc6cb274027777d77f4821f685979 */ = {isa = PBXFileReference; path = a1f4e73eedc6cb274027777d77f4821f685979; sourceTree = "<group>"; };
		375448019C58DAA0502467EC /* 6c3c5f4003cf1be18cbbfc11f0930fd922d2c6 */ = {isa = PBXFileReference; path = 6c3c5f4003cf1be18cbbfc11f0930fd922d2c6; sourceTree = "<group>"; };
		3773C6EA7C80EF0CC546D8A4 /* PawlyColors.swift */ = {isa = PBXFileReference; lastKnownFileType = sourcecode.swift; path = PawlyColors.swift; sourceTree = "<group>"; };
		37C54ECC0842AFF453554091 /* 64285d56d317c8fd63e5458f084eb1ef69f9a6 */ = {isa = PBXFileReference; path = 64285d56d317c8fd63e5458f084eb1ef69f9a6; sourceTree = "<group>"; };
		3C9D7EDF18937CE0A58C24E1 /* c800e3a2840fd36223694d7fdace4e4fdb866c */ = {isa = PBXFileReference; path = c800e3a2840fd36223694d7fdace4e4fdb866c; sourceTree = "<group>"; };
		3DADD00931B94BE01709562A /* d8f6058a5ffbec05f06a81b8314de1162a3da8 */ = {isa = PBXFileReference; path = d8f6058a5ffbec05f06a81b8314de1162a3da8; sourceTree = "<group>"; };
		3E67F476005E815E8CCB3747 /* PawlyTextField.swift */ = {isa = PBXFileReference; lastKnownFileType = sourcecode.swift; path = PawlyTextField.swift; sourceTree = "<group>"; };
		3F2E67C03AACF6F500D36EF1 /* 84a9a3d4c88db2809cf6b0f2fd18210bad8638 */ = {isa = PBXFileReference; path = 84a9a3d4c88db2809cf6b0f2fd18210bad8638; sourceTree = "<group>"; };
		3FB39C41971052534F8B8D93 /* main */ = {isa = PBXFileReference; path = main; sourceTree = "<group>"; };
		42518E2AB604196B6F18721F /* 483c1b1c4dfa367600b3fc768477fa9a93547f */ = {isa = PBXFileReference; path = 483c1b1c4dfa367600b3fc768477fa9a93547f; sourceTree = "<group>"; };
		438B07610507CF51E9CA1190 /* main */ = {isa = PBXFileReference; path = main; sourceTree = "<group>"; };
		43CB96E7AD00FAB8C1D8AE5E /* 1e20769d0659917337cedee0b689e19921c7a4 */ = {isa = PBXFileReference; path = 1e20769d0659917337cedee0b689e19921c7a4; sourceTree = "<group>"; };
		43D2E6E7CE086C594E19002A /* main */ = {isa = PBXFileReference; path = main; sourceTree = "<group>"; };
		449E0993DEF19BAC08794537 /* pre-rebase.sample */ = {isa = PBXFileReference; path = "pre-rebase.sample"; sourceTree = "<group>"; };
		45F732F97F5476789EF61302 /* 20e224242e1671ae88c34c7bf30a9288e86dae */ = {isa = PBXFileReference; path = 20e224242e1671ae88c34c7bf30a9288e86dae; sourceTree = "<group>"; };
		45F7D8EE25A6996FCF7F8083 /* PawlyTests.swift */ = {isa = PBXFileReference; lastKnownFileType = sourcecode.swift; path = PawlyTests.swift; sourceTree = "<group>"; };
		468482D5BC757D2475ECD9E0 /* 1a3acbd947c856c4579d101806253aee0a1375 */ = {isa = PBXFileReference; path = 1a3acbd947c856c4579d101806253aee0a1375; sourceTree = "<group>"; };
		4688B479040E7D6CC181BBA3 /* 74e913471c6d61a5d007ff175c62e33d1fbf2b */ = {isa = PBXFileReference; path = 74e913471c6d61a5d007ff175c62e33d1fbf2b; sourceTree = "<group>"; };
		471376D6B9EE814590231F79 /* RootView.swift */ = {isa = PBXFileReference; lastKnownFileType = sourcecode.swift; path = RootView.swift; sourceTree = "<group>"; };
		478AD89B909D1311FE809D86 /* 0e343dc705f78d97e848d574a51d0630626565 */ = {isa = PBXFileReference; path = 0e343dc705f78d97e848d574a51d0630626565; sourceTree = "<group>"; };
		479AB8999334B555290E800D /* 825dc642cb6eb9a060e54bf8d69288fbee4904 */ = {isa = PBXFileReference; path = 825dc642cb6eb9a060e54bf8d69288fbee4904; sourceTree = "<group>"; };
		49D55B6CF97017E5AAB3DDD2 /* RecurrencePicker.swift */ = {isa = PBXFileReference; lastKnownFileType = sourcecode.swift; path = RecurrencePicker.swift; sourceTree = "<group>"; };
		4B99932BB2FD29671729C957 /* PetsView.swift */ = {isa = PBXFileReference; lastKnownFileType = sourcecode.swift; path = PetsView.swift; sourceTree = "<group>"; };
		4CFA7F9CBE9B05D376C0DB08 /* 677f4c247e7254d68a321e3be8fe1a80bee32e */ = {isa = PBXFileReference; path = 677f4c247e7254d68a321e3be8fe1a80bee32e; sourceTree = "<group>"; };
		4DE7F82B64CED87E92948350 /* RecipesView.swift */ = {isa = PBXFileReference; lastKnownFileType = sourcecode.swift; path = RecipesView.swift; sourceTree = "<group>"; };
		4E0F75D27C4AD3AF97A5A7BB /* 844237e2f676c0fecadd99c9e326df8cdae37c */ = {isa = PBXFileReference; path = 844237e2f676c0fecadd99c9e326df8cdae37c; sourceTree = "<group>"; };
		50486FBD477C985A5CEB244C /* f1c37f4c84cf672f9236e7e4f693c0781e9607 */ = {isa = PBXFileReference; path = f1c37f4c84cf672f9236e7e4f693c0781e9607; sourceTree = "<group>"; };
		55EA4D31D071C21D18773D79 /* 6cc4cfda70f3b406e39922e9724bbea6d38fe1 */ = {isa = PBXFileReference; path = 6cc4cfda70f3b406e39922e9724bbea6d38fe1; sourceTree = "<group>"; };
		5649337FEC005CA3C6898C00 /* b3495cd828406e7f3a51ebfd0b405f16ad3a42 */ = {isa = PBXFileReference; path = b3495cd828406e7f3a51ebfd0b405f16ad3a42; sourceTree = "<group>"; };
		5E0A854EB5083D86B8C7F355 /* 9bdf687ee5285ccbeaf6a876beb67e5e6980f6 */ = {isa = PBXFileReference; path = 9bdf687ee5285ccbeaf6a876beb67e5e6980f6; sourceTree = "<group>"; };
		61CB7FED4AE7D778065994CF /* d06aa34558bfa94a5f618d3e4105799d73a207 */ = {isa = PBXFileReference; path = d06aa34558bfa94a5f618d3e4105799d73a207; sourceTree = "<group>"; };
		63007CBEFAAF718D99DF0BC6 /* c57bb664964ec84a424eca4feca994f7269b6b */ = {isa = PBXFileReference; path = c57bb664964ec84a424eca4feca994f7269b6b; sourceTree = "<group>"; };
		65F04FFBD11EB4BA2A4D8BDB /* NotificationService.swift */ = {isa = PBXFileReference; lastKnownFileType = sourcecode.swift; path = NotificationService.swift; sourceTree = "<group>"; };
		6645D9B06F3585DC9CA7F522 /* aa0587c0eb1ae8a43f502eb9e73f85a357b19f */ = {isa = PBXFileReference; path = aa0587c0eb1ae8a43f502eb9e73f85a357b19f; sourceTree = "<group>"; };
		688544D6E3736D68B0DF5F81 /* 84a972a2315e20b66f17c7c11629a48b96860f */ = {isa = PBXFileReference; path = 84a972a2315e20b66f17c7c11629a48b96860f; sourceTree = "<group>"; };
		6AB739A745A8CDF4DDA3FE51 /* 86630e44eaa97865c9ef5f744f21c6d10c360e */ = {isa = PBXFileReference; path = 86630e44eaa97865c9ef5f744f21c6d10c360e; sourceTree = "<group>"; };
		6B1FD6F0B21799C7BBB62D96 /* bdd2b8c9ebcffc96454a4425515735d4c98ac4 */ = {isa = PBXFileReference; path = bdd2b8c9ebcffc96454a4425515735d4c98ac4; sourceTree = "<group>"; };
		6B94A6DA10A2D152867B7102 /* bb9f1e7cef942f1503f5515ab8c9f02dbbf210 */ = {isa = PBXFileReference; path = bb9f1e7cef942f1503f5515ab8c9f02dbbf210; sourceTree = "<group>"; };
		6F7CA38B2C21921F96F4E929 /* d187b8de87bd5c3b1a965c727509bd51243003 */ = {isa = PBXFileReference; path = d187b8de87bd5c3b1a965c727509bd51243003; sourceTree = "<group>"; };
		7029BDC7419743A7E664BA59 /* 42d0f66ab5747302812a96ee39539d271015b9 */ = {isa = PBXFileReference; path = 42d0f66ab5747302812a96ee39539d271015b9; sourceTree = "<group>"; };
		712AD4B3555EC68C7A68CBB3 /* SeedData.swift */ = {isa = PBXFileReference; lastKnownFileType = sourcecode.swift; path = SeedData.swift; sourceTree = "<group>"; };
		748135EB8A20CF617EE37B71 /* Species.swift */ = {isa = PBXFileReference; lastKnownFileType = sourcecode.swift; path = Species.swift; sourceTree = "<group>"; };
		769896C2FD40893B022F3327 /* 7215e43ab09f438ac304d7c190b6d20fecc803 */ = {isa = PBXFileReference; path = 7215e43ab09f438ac304d7c190b6d20fecc803; sourceTree = "<group>"; };
		773BF51D421D305731D7BABC /* ReminderInstance.swift */ = {isa = PBXFileReference; lastKnownFileType = sourcecode.swift; path = ReminderInstance.swift; sourceTree = "<group>"; };
		7873B4F0B408184749955759 /* 8e8d6b88ce92fab66a4db83945e4069651a030 */ = {isa = PBXFileReference; path = 8e8d6b88ce92fab66a4db83945e4069651a030; sourceTree = "<group>"; };
		79FFD0E53CFAF5B462688273 /* 162cd426574388d7609254e11c4a43e2572c83 */ = {isa = PBXFileReference; path = 162cd426574388d7609254e11c4a43e2572c83; sourceTree = "<group>"; };
		7A0CD760EB7DB060CC8865E8 /* PetProfileView.swift */ = {isa = PBXFileReference; lastKnownFileType = sourcecode.swift; path = PetProfileView.swift; sourceTree = "<group>"; };
		7A1D9DCFCD0D2994DA277586 /* fb2c843f2529c83c7b31df3b30d20774c62dbe */ = {isa = PBXFileReference; path = fb2c843f2529c83c7b31df3b30d20774c62dbe; sourceTree = "<group>"; };
		7A63941690A73A125534E2D7 /* c4aa280ac0d7f907bd1891df147a2c354ed06a */ = {isa = PBXFileReference; path = c4aa280ac0d7f907bd1891df147a2c354ed06a; sourceTree = "<group>"; };
		7AA7F2E71CBADFBEB8A76F0C /* ccfa8e3e1a4ce5a6ffd94769d6bf2fd9cf1783 */ = {isa = PBXFileReference; path = ccfa8e3e1a4ce5a6ffd94769d6bf2fd9cf1783; sourceTree = "<group>"; };
		7B5FABC0D84F85FA47882272 /* fa0970bd37a6d894a304f05e314b89898a22c3 */ = {isa = PBXFileReference; path = fa0970bd37a6d894a304f05e314b89898a22c3; sourceTree = "<group>"; };
		7DAD25F66AD2F5C1369707FC /* d299e79debb6be8ab66ab1616d4fd06a224b5f */ = {isa = PBXFileReference; path = d299e79debb6be8ab66ab1616d4fd06a224b5f; sourceTree = "<group>"; };
		7DC6DFDC296A056B2B18F9BC /* CalendarView.swift */ = {isa = PBXFileReference; lastKnownFileType = sourcecode.swift; path = CalendarView.swift; sourceTree = "<group>"; };
		7FA3C8FD7E65170F0854E7AA /* RemindersListView.swift */ = {isa = PBXFileReference; lastKnownFileType = sourcecode.swift; path = RemindersListView.swift; sourceTree = "<group>"; };
		81CA1145F522924901D5F70D /* b3cec29e8bd4faeb099a90cc3e69f034d6f8fa */ = {isa = PBXFileReference; path = b3cec29e8bd4faeb099a90cc3e69f034d6f8fa; sourceTree = "<group>"; };
		83A2B7990C019839F1DA732F /* Date+Pawly.swift */ = {isa = PBXFileReference; lastKnownFileType = sourcecode.swift; path = "Date+Pawly.swift"; sourceTree = "<group>"; };
		859429FFB27D35A1AB3C2595 /* 42844a0a05b4ec66b35b1a76702b48dd9c5719 */ = {isa = PBXFileReference; path = 42844a0a05b4ec66b35b1a76702b48dd9c5719; sourceTree = "<group>"; };
		876D1376C895867C34676085 /* 11f9a4c2ec7c115327adaf028658733be95b5b */ = {isa = PBXFileReference; path = 11f9a4c2ec7c115327adaf028658733be95b5b; sourceTree = "<group>"; };
		8835AAE861C258778B02A0C3 /* pre-push.sample */ = {isa = PBXFileReference; path = "pre-push.sample"; sourceTree = "<group>"; };
		8869AA68D8CF212443C5F70E /* d498dd5d6111d0e6b676f56a302f88d53f44b0 */ = {isa = PBXFileReference; path = d498dd5d6111d0e6b676f56a302f88d53f44b0; sourceTree = "<group>"; };
		8A09AEE188F503840114473C /* a53a278a926a910197d2a7f7f1397d61abc9f6 */ = {isa = PBXFileReference; path = a53a278a926a910197d2a7f7f1397d61abc9f6; sourceTree = "<group>"; };
		8A38E3A155F766AECB210E5A /* 6d8ea3e6e8f868edda4f5b1964ecc25f5804ab */ = {isa = PBXFileReference; path = 6d8ea3e6e8f868edda4f5b1964ecc25f5804ab; sourceTree = "<group>"; };
		8A8EA71F9FD815B09EED0AC0 /* b7bd49a4d9c5e33330377dc1e702ac9d9c7c39 */ = {isa = PBXFileReference; path = b7bd49a4d9c5e33330377dc1e702ac9d9c7c39; sourceTree = "<group>"; };
		8AE8B6026C28FC7D2CC5EE15 /* df59ba078fb28cc709213d7483dc498a5376dc */ = {isa = PBXFileReference; path = df59ba078fb28cc709213d7483dc498a5376dc; sourceTree = "<group>"; };
		8B09071CC6E0669CDA5D8F53 /* 4fca57aef1937dee1244171a11e7f397c3d13d */ = {isa = PBXFileReference; path = 4fca57aef1937dee1244171a11e7f397c3d13d; sourceTree = "<group>"; };
		8BAF81E101085D59FCDC056F /* ReminderEditView.swift */ = {isa = PBXFileReference; lastKnownFileType = sourcecode.swift; path = ReminderEditView.swift; sourceTree = "<group>"; };
		8C256301D73AA57634B3A441 /* fe8b0366e35976641d8d59ea2a39cb8bbafea2 */ = {isa = PBXFileReference; path = fe8b0366e35976641d8d59ea2a39cb8bbafea2; sourceTree = "<group>"; };
		8CAAFAE0897F51C092E6E81E /* 7423e1090bf50d1f1ff5fe17770f9adcc4d604 */ = {isa = PBXFileReference; path = 7423e1090bf50d1f1ff5fe17770f9adcc4d604; sourceTree = "<group>"; };
		8DD295462BFE0E5BE5492B73 /* 4547ebcaef28efd88dd0ccc2a342b53ac0d8a0 */ = {isa = PBXFileReference; path = 4547ebcaef28efd88dd0ccc2a342b53ac0d8a0; sourceTree = "<group>"; };
		8E4DC15F26EC66776C6B7C46 /* HomeView.swift */ = {isa = PBXFileReference; lastKnownFileType = sourcecode.swift; path = HomeView.swift; sourceTree = "<group>"; };
		8E69896FEF585A5CC975B3D4 /* ffd0ee35edb799d5cf1bf89ce93c7e4ef9a0a0 */ = {isa = PBXFileReference; path = ffd0ee35edb799d5cf1bf89ce93c7e4ef9a0a0; sourceTree = "<group>"; };
		90E43EAAF3E7E338A4C2F207 /* PetContextStore.swift */ = {isa = PBXFileReference; lastKnownFileType = sourcecode.swift; path = PetContextStore.swift; sourceTree = "<group>"; };
		90FCD75D00F22B64670F2815 /* 21e9ed9e77f1ee096ae1713d77854d2c74c5c7 */ = {isa = PBXFileReference; path = 21e9ed9e77f1ee096ae1713d77854d2c74c5c7; sourceTree = "<group>"; };
		921BD39C2CB4B1392DE26F60 /* PawlyTests.xctest */ = {isa = PBXFileReference; includeInIndex = 0; lastKnownFileType = wrapper.cfbundle; path = PawlyTests.xctest; sourceTree = BUILT_PRODUCTS_DIR; };
		93FF512320FE31F92DA55C13 /* f51cc5a6ac8fc4e33bf7498ee3dcfd1e961c27 */ = {isa = PBXFileReference; path = f51cc5a6ac8fc4e33bf7498ee3dcfd1e961c27; sourceTree = "<group>"; };
		942E02E63E0365B592F4B829 /* HEAD */ = {isa = PBXFileReference; path = HEAD; sourceTree = "<group>"; };
		956ECA0B9536309A9A0BA86E /* 9399fccccb5f050cfdb277779daba73afa909c */ = {isa = PBXFileReference; path = 9399fccccb5f050cfdb277779daba73afa909c; sourceTree = "<group>"; };
		96D2EEDE3FCEFAE6B0430B29 /* DayDetailSheet.swift */ = {isa = PBXFileReference; lastKnownFileType = sourcecode.swift; path = DayDetailSheet.swift; sourceTree = "<group>"; };
		96D9E0CC8B206E5031F8C38B /* 0a84c83f61c653cf492425b41eb66ca59a8c33 */ = {isa = PBXFileReference; path = 0a84c83f61c653cf492425b41eb66ca59a8c33; sourceTree = "<group>"; };
		988655E393CF34F78457EC91 /* HygieneLibraryView.swift */ = {isa = PBXFileReference; lastKnownFileType = sourcecode.swift; path = HygieneLibraryView.swift; sourceTree = "<group>"; };
		98A707812CE0043F15FEB5C4 /* b142303c2cd5c37b275b7d6449e4cca6d34ecc */ = {isa = PBXFileReference; path = b142303c2cd5c37b275b7d6449e4cca6d34ecc; sourceTree = "<group>"; };
		98D06FA1975FE3042EEE44E4 /* 356da602878b23b771f928c7c6c7379d9b13b3 */ = {isa = PBXFileReference; path = 356da602878b23b771f928c7c6c7379d9b13b3; sourceTree = "<group>"; };
		9A06FC5A25550A4ACB4117B5 /* 63819272ff5fbf7651ec125049fa9034f9b96c */ = {isa = PBXFileReference; path = 63819272ff5fbf7651ec125049fa9034f9b96c; sourceTree = "<group>"; };
		9B491E68AB799554D4A5C572 /* fbe13568f21e4a190589401de7adee7563b7bb */ = {isa = PBXFileReference; path = fbe13568f21e4a190589401de7adee7563b7bb; sourceTree = "<group>"; };
		9B683A49A5F1D06DA2D8A640 /* index */ = {isa = PBXFileReference; path = index; sourceTree = "<group>"; };
		9BE5EB6B10B51595011F5EAC /* f1f900f5176badfd33a51d3a9351a20c297ec6 */ = {isa = PBXFileReference; path = f1f900f5176badfd33a51d3a9351a20c297ec6; sourceTree = "<group>"; };
		9D704C2C9C1BE3635D57BB15 /* update.sample */ = {isa = PBXFileReference; path = update.sample; sourceTree = "<group>"; };
		A0685718C82D41395E8C0A86 /* e08c261c0be99eaf5d56429afa1a47bb4b28e2 */ = {isa = PBXFileReference; path = e08c261c0be99eaf5d56429afa1a47bb4b28e2; sourceTree = "<group>"; };
		A2E12648D200B67FA32E007C /* a9c4bd022acb9172fd6e0973634e50ebc4fb30 */ = {isa = PBXFileReference; path = a9c4bd022acb9172fd6e0973634e50ebc4fb30; sourceTree = "<group>"; };
		A346A589A529196C96165CE9 /* StatusDot.swift */ = {isa = PBXFileReference; lastKnownFileType = sourcecode.swift; path = StatusDot.swift; sourceTree = "<group>"; };
		A3498821052571E2838921C4 /* fb032c57eb3dad8cf1d9c1e850285d62771d84 */ = {isa = PBXFileReference; path = fb032c57eb3dad8cf1d9c1e850285d62771d84; sourceTree = "<group>"; };
		A3DD85E0831F9B7BB44180CE /* sendemail-validate.sample */ = {isa = PBXFileReference; path = "sendemail-validate.sample"; sourceTree = "<group>"; };
		A50A6B6F222AD0FE624FD5F0 /* Recurrence.swift */ = {isa = PBXFileReference; lastKnownFileType = sourcecode.swift; path = Recurrence.swift; sourceTree = "<group>"; };
		A55D130FBD797A68109A5EAB /* pre-receive.sample */ = {isa = PBXFileReference; path = "pre-receive.sample"; sourceTree = "<group>"; };
		A56BB6523B5B761DAAACDFCE /* Pet.swift */ = {isa = PBXFileReference; lastKnownFileType = sourcecode.swift; path = Pet.swift; sourceTree = "<group>"; };
		A963A9D3C4E5273DE8AF69FF /* 69b93c53866c743f3e0a716b970caf3e71ef81 */ = {isa = PBXFileReference; path = 69b93c53866c743f3e0a716b970caf3e71ef81; sourceTree = "<group>"; };
		ABBC997537BDA8146552D9DF /* OnboardingScreens.swift */ = {isa = PBXFileReference; lastKnownFileType = sourcecode.swift; path = OnboardingScreens.swift; sourceTree = "<group>"; };
		ABD1578EB994C58C991826A4 /* HEAD */ = {isa = PBXFileReference; path = HEAD; sourceTree = "<group>"; };
		AC8465200035BA2774D6B656 /* PawlyCard.swift */ = {isa = PBXFileReference; lastKnownFileType = sourcecode.swift; path = PawlyCard.swift; sourceTree = "<group>"; };
		ADCE1BAC1A8762ACA9DD7BC7 /* c1846c91e9aaa0ddd047feccfb8cf10306cbb6 */ = {isa = PBXFileReference; path = c1846c91e9aaa0ddd047feccfb8cf10306cbb6; sourceTree = "<group>"; };
		AF03C376DE2CF43AB064F602 /* 62fae095ecc6bafda727f6e2d6691097f855d6 */ = {isa = PBXFileReference; path = 62fae095ecc6bafda727f6e2d6691097f855d6; sourceTree = "<group>"; };
		B085A566B38E46A55755A719 /* Spacing.swift */ = {isa = PBXFileReference; lastKnownFileType = sourcecode.swift; path = Spacing.swift; sourceTree = "<group>"; };
		B1C5F605182117819BF9BD1C /* 1a7a83614dfb2fd1415445f3a433f4eab718dc */ = {isa = PBXFileReference; path = 1a7a83614dfb2fd1415445f3a433f4eab718dc; sourceTree = "<group>"; };
		B22532CCFB411C0BE1185DA5 /* PawlyButtonStyle.swift */ = {isa = PBXFileReference; lastKnownFileType = sourcecode.swift; path = PawlyButtonStyle.swift; sourceTree = "<group>"; };
		B33DACCAA52F951B4C817512 /* MockAIDoctorService.swift */ = {isa = PBXFileReference; lastKnownFileType = sourcecode.swift; path = MockAIDoctorService.swift; sourceTree = "<group>"; };
		B44FC5437B0EED3782ADE926 /* push-to-checkout.sample */ = {isa = PBXFileReference; path = "push-to-checkout.sample"; sourceTree = "<group>"; };
		B45FCAA5B87C9B101CA53313 /* 8aca2f23a1026b41b2ce97f37c9e4a662516c1 */ = {isa = PBXFileReference; path = 8aca2f23a1026b41b2ce97f37c9e4a662516c1; sourceTree = "<group>"; };
		B571BFF0822B0F2B2476F383 /* eb2c9d51b96ace4c33a37877d0a2347e897e8c */ = {isa = PBXFileReference; path = eb2c9d51b96ace4c33a37877d0a2347e897e8c; sourceTree = "<group>"; };
		B8F0FECA4E0B105B0143DF30 /* Motion.swift */ = {isa = PBXFileReference; lastKnownFileType = sourcecode.swift; path = Motion.swift; sourceTree = "<group>"; };
		BAC73679E7C2B8B72390CFF1 /* LogEntry.swift */ = {isa = PBXFileReference; lastKnownFileType = sourcecode.swift; path = LogEntry.swift; sourceTree = "<group>"; };
		BBD66E8AAD3F4443C80F9602 /* RecurrenceEngine.swift */ = {isa = PBXFileReference; lastKnownFileType = sourcecode.swift; path = RecurrenceEngine.swift; sourceTree = "<group>"; };
		BC1F298610939D52989C9C75 /* 78b1420e371fe8c7155c4351290f6fc5dff535 */ = {isa = PBXFileReference; path = 78b1420e371fe8c7155c4351290f6fc5dff535; sourceTree = "<group>"; };
		BC76F68803CC98D3B3E0316B /* QuickLogSheet.swift */ = {isa = PBXFileReference; lastKnownFileType = sourcecode.swift; path = QuickLogSheet.swift; sourceTree = "<group>"; };
		BCCFEE196EF8287E95D81C90 /* PreviewSupport.swift */ = {isa = PBXFileReference; lastKnownFileType = sourcecode.swift; path = PreviewSupport.swift; sourceTree = "<group>"; };
		BDFFABD99188EAC129EA7DDE /* 1f2f5b41172cd9ed9d4e15ce66fd621c9701ca */ = {isa = PBXFileReference; path = 1f2f5b41172cd9ed9d4e15ce66fd621c9701ca; sourceTree = "<group>"; };
		C2CBDF1605AB542A495CC9FE /* MonthGrid.swift */ = {isa = PBXFileReference; lastKnownFileType = sourcecode.swift; path = MonthGrid.swift; sourceTree = "<group>"; };
		C538A02C7CBFD093768BCB89 /* 7fe93367a1f379286b4a565cd6d448376773fb */ = {isa = PBXFileReference; path = 7fe93367a1f379286b4a565cd6d448376773fb; sourceTree = "<group>"; };
		C675999CFB7922A94500E219 /* 308cc248b8363ae3bc5767ea55db1659376632 */ = {isa = PBXFileReference; path = 308cc248b8363ae3bc5767ea55db1659376632; sourceTree = "<group>"; };
		C87DDDA71A8B59FF9AC60F48 /* pre-merge-commit.sample */ = {isa = PBXFileReference; path = "pre-merge-commit.sample"; sourceTree = "<group>"; };
		CD6495336AD495B9CA9DA871 /* 3659e0ae40a71401e22c709a6c0cedca767ab1 */ = {isa = PBXFileReference; path = 3659e0ae40a71401e22c709a6c0cedca767ab1; sourceTree = "<group>"; };
		CDC7FEDBD30B4304BBA538BD /* AIDoctorView.swift */ = {isa = PBXFileReference; lastKnownFileType = sourcecode.swift; path = AIDoctorView.swift; sourceTree = "<group>"; };
		CE7561E0406F3B29603697ED /* MoodEntry.swift */ = {isa = PBXFileReference; lastKnownFileType = sourcecode.swift; path = MoodEntry.swift; sourceTree = "<group>"; };
		CE9DF19A235CBBDFE86D2E6E /* 67abedd7815231adc5e3085b67d499ef814cb9 */ = {isa = PBXFileReference; path = 67abedd7815231adc5e3085b67d499ef814cb9; sourceTree = "<group>"; };
		CFB7A3EDBAB22DA69B3856A7 /* e8f909612bac5bda7ec0cfb90594825ed9d138 */ = {isa = PBXFileReference; path = e8f909612bac5bda7ec0cfb90594825ed9d138; sourceTree = "<group>"; };
		D0B164C7F43758E0A37CD442 /* ea2c0a5df6a0b88d1763cc4e4fd0789ec2af67 */ = {isa = PBXFileReference; path = ea2c0a5df6a0b88d1763cc4e4fd0789ec2af67; sourceTree = "<group>"; };
		D14C0CAF7CC37E5C36611664 /* addd42d924ca94901b01117196ed1e3a7173b9 */ = {isa = PBXFileReference; path = addd42d924ca94901b01117196ed1e3a7173b9; sourceTree = "<group>"; };
		D38D7EF1E5F496209F1D9003 /* dc114b83638254f3a4043bccc166bf2583ec30 */ = {isa = PBXFileReference; path = dc114b83638254f3a4043bccc166bf2583ec30; sourceTree = "<group>"; };
		D684A896506C8CC251202365 /* f60ec289d86eaea978ff23f901adac0e60f0f3 */ = {isa = PBXFileReference; path = f60ec289d86eaea978ff23f901adac0e60f0f3; sourceTree = "<group>"; };
		D6A2750EE184F044CB26A94F /* 0a762110523fa783b643c50de052c9dc5bfeeb */ = {isa = PBXFileReference; path = 0a762110523fa783b643c50de052c9dc5bfeeb; sourceTree = "<group>"; };
		D71BD7EBBAEDDDC5C8D65BDC /* ef7b44120f6f11dbe10b4af729be645c15a766 */ = {isa = PBXFileReference; path = ef7b44120f6f11dbe10b4af729be645c15a766; sourceTree = "<group>"; };
		D77364D2B61AD1CCDED31980 /* aa37abb136099be6cb69ec8443d6528ffa2c6f */ = {isa = PBXFileReference; path = aa37abb136099be6cb69ec8443d6528ffa2c6f; sourceTree = "<group>"; };
		DB8C4282CDD9763CCF66D735 /* applypatch-msg.sample */ = {isa = PBXFileReference; path = "applypatch-msg.sample"; sourceTree = "<group>"; };
		DCF2728588EDB6C3866744FD /* OnboardingCoordinator.swift */ = {isa = PBXFileReference; lastKnownFileType = sourcecode.swift; path = OnboardingCoordinator.swift; sourceTree = "<group>"; };
		DE59F6BDAFD40AE59C00AB44 /* 30a6a71d5043e2c341df16ddd45fd09085a607 */ = {isa = PBXFileReference; path = 30a6a71d5043e2c341df16ddd45fd09085a607; sourceTree = "<group>"; };
		DF8E4770807EDD770864CDB0 /* exclude */ = {isa = PBXFileReference; path = exclude; sourceTree = "<group>"; };
		DF979BC3BFF74E33B7B8E27F /* OnboardingDraft.swift */ = {isa = PBXFileReference; lastKnownFileType = sourcecode.swift; path = OnboardingDraft.swift; sourceTree = "<group>"; };
		DFC55492CF98BE59B0FD2C73 /* ConfidenceBadge.swift */ = {isa = PBXFileReference; lastKnownFileType = sourcecode.swift; path = ConfidenceBadge.swift; sourceTree = "<group>"; };
		E0848766B86C9BEB039B6DDB /* 613e3ee1a9348462a11a77a619faa808a346eb */ = {isa = PBXFileReference; path = 613e3ee1a9348462a11a77a619faa808a346eb; sourceTree = "<group>"; };
		E3AEC425E60B416B537CACCF /* 850d1b0342d363cd3a73c93cdad98529947b8a */ = {isa = PBXFileReference; path = 850d1b0342d363cd3a73c93cdad98529947b8a; sourceTree = "<group>"; };
		EAAE32F9656AF12666DF1E78 /* PetSwitcherCarousel.swift */ = {isa = PBXFileReference; lastKnownFileType = sourcecode.swift; path = PetSwitcherCarousel.swift; sourceTree = "<group>"; };
		ECCEBEE442C1F00E642092AB /* 5af6de8729c80e45fe561dbba93d646ef73cd9 */ = {isa = PBXFileReference; path = 5af6de8729c80e45fe561dbba93d646ef73cd9; sourceTree = "<group>"; };
		EF3FFBDBA878365E33FF0198 /* 65fa69988efc9eca38cb96681d9964cefe47e0 */ = {isa = PBXFileReference; path = 65fa69988efc9eca38cb96681d9964cefe47e0; sourceTree = "<group>"; };
		F10BFCEB624EBBB1CB01C164 /* 158145b90dfe99d0be676bed5e914ebe90b42d */ = {isa = PBXFileReference; path = 158145b90dfe99d0be676bed5e914ebe90b42d; sourceTree = "<group>"; };
		F1F3E9F196A08C0467039943 /* 48338fd81ba9ca8862a11bbc935b2c2fda5ea0 */ = {isa = PBXFileReference; path = 48338fd81ba9ca8862a11bbc935b2c2fda5ea0; sourceTree = "<group>"; };
		F28F5BD49D9C16A3E46EC95E /* pre-commit.sample */ = {isa = PBXFileReference; path = "pre-commit.sample"; sourceTree = "<group>"; };
		F2B61FEE2F10EF5C81FDD9C9 /* b45d695fe46d272d9af87cb6b434b41e7613ac */ = {isa = PBXFileReference; path = b45d695fe46d272d9af87cb6b434b41e7613ac; sourceTree = "<group>"; };
		F850B2957A6A38F6BE757847 /* c0f6851c1bda73981fa51d45b2b2c0294a70b4 */ = {isa = PBXFileReference; path = c0f6851c1bda73981fa51d45b2b2c0294a70b4; sourceTree = "<group>"; };
		F88091CCFB9B990FBC63EA30 /* DiscoverView.swift */ = {isa = PBXFileReference; lastKnownFileType = sourcecode.swift; path = DiscoverView.swift; sourceTree = "<group>"; };
		F8F4519405981E1DA35B7A52 /* 16c163b50992ebcb86a67605eed36736590f1e */ = {isa = PBXFileReference; path = 16c163b50992ebcb86a67605eed36736590f1e; sourceTree = "<group>"; };
		FA27CD5FD2847F2B297C7868 /* post-update.sample */ = {isa = PBXFileReference; path = "post-update.sample"; sourceTree = "<group>"; };
		FC73EB60E91B222E56B5726F /* MainTabView.swift */ = {isa = PBXFileReference; lastKnownFileType = sourcecode.swift; path = MainTabView.swift; sourceTree = "<group>"; };
		FD35D16BAD71B13DC5C818FD /* d430ef0604f8e5c04bee116d1b0fa4903a6dcd */ = {isa = PBXFileReference; path = d430ef0604f8e5c04bee116d1b0fa4903a6dcd; sourceTree = "<group>"; };
		FF0B6CC387EEF6D319BF4C0E /* 27f602a06f38b3c00d4dd3f379935b5455cce9 */ = {isa = PBXFileReference; path = 27f602a06f38b3c00d4dd3f379935b5455cce9; sourceTree = "<group>"; };
		"TEMP_5805CFD1-09DB-4281-B8DF-54FB24AAF600" /* PawlyApp.swift */ = {isa = PBXFileReference; lastKnownFileType = sourcecode.swift; path = PawlyApp.swift; sourceTree = "<group>"; };
		"TEMP_D37372CC-C970-4014-9E99-5E82A6D05891" /* Assets.xcassets */ = {isa = PBXFileReference; lastKnownFileType = folder.assetcatalog; path = Assets.xcassets; sourceTree = "<group>"; };
/* End PBXFileReference section */

/* Begin PBXGroup section */
		009E7EA18BCD981F2EEE4061 /* 6c */ = {
			isa = PBXGroup;
			children = (
				3F2E67C03AACF6F500D36EF1 /* 84a9a3d4c88db2809cf6b0f2fd18210bad8638 */,
				00C7D1DACAB5330F299D4111 /* b78b2f4de801bd26a5b45018dba297a0e89e1a */,
			);
			path = 6c;
			sourceTree = "<group>";
		};
		0155F195EA15ABFCB87D90A8 /* 2f */ = {
			isa = PBXGroup;
			children = (
				CD6495336AD495B9CA9DA871 /* 3659e0ae40a71401e22c709a6c0cedca767ab1 */,
			);
			path = 2f;
			sourceTree = "<group>";
		};
		067C4B6C8278C45AE4AB3A89 /* 91 */ = {
			isa = PBXGroup;
			children = (
				203CDCF1C33ED7CBA247A1C6 /* 9434a6254f0e9651f402737811be6634a03e9c */,
				5649337FEC005CA3C6898C00 /* b3495cd828406e7f3a51ebfd0b405f16ad3a42 */,
			);
			path = 91;
			sourceTree = "<group>";
		};
		06BF0833B87F6016ED434445 /* 13 */ = {
			isa = PBXGroup;
			children = (
				E0848766B86C9BEB039B6DDB /* 613e3ee1a9348462a11a77a619faa808a346eb */,
			);
			path = 13;
			sourceTree = "<group>";
		};
		08C13A6F05D9C144AFFB2AD6 /* remotes */ = {
			isa = PBXGroup;
			children = (
				B403314F3F33082C4C7BB6A7 /* origin */,
			);
			path = remotes;
			sourceTree = "<group>";
		};
		0A60700BB4A33DD3618F70D7 /* cd */ = {
			isa = PBXGroup;
			children = (
				43CB96E7AD00FAB8C1D8AE5E /* 1e20769d0659917337cedee0b689e19921c7a4 */,
				EF3FFBDBA878365E33FF0198 /* 65fa69988efc9eca38cb96681d9964cefe47e0 */,
			);
			path = cd;
			sourceTree = "<group>";
		};
		0B0AE7775FA0FD6EEA17F44A /* c4 */ = {
			isa = PBXGroup;
			children = (
				96D9E0CC8B206E5031F8C38B /* 0a84c83f61c653cf492425b41eb66ca59a8c33 */,
			);
			path = c4;
			sourceTree = "<group>";
		};
		0CC2B80EDA3EF1B5CD275A79 /* dd */ = {
			isa = PBXGroup;
			children = (
				26F6781FE706D2F7223C196D /* c1a4f9fa97ed8f5dc60e2856a2c1b1744b817a */,
			);
			path = dd;
			sourceTree = "<group>";
		};
		0D6095FB2502E8E6C503C590 /* a4 */ = {
			isa = PBXGroup;
			children = (
				9A06FC5A25550A4ACB4117B5 /* 63819272ff5fbf7651ec125049fa9034f9b96c */,
			);
			path = a4;
			sourceTree = "<group>";
		};
		0F0B040D109E072CA13DE7AC /* Home */ = {
			isa = PBXGroup;
			children = (
				8E4DC15F26EC66776C6B7C46 /* HomeView.swift */,
				EAAE32F9656AF12666DF1E78 /* PetSwitcherCarousel.swift */,
			);
			path = Home;
			sourceTree = "<group>";
		};
		147ECFE819B9215D6F215D72 /* f1 */ = {
			isa = PBXGroup;
			children = (
				6B94A6DA10A2D152867B7102 /* bb9f1e7cef942f1503f5515ab8c9f02dbbf210 */,
				D0B164C7F43758E0A37CD442 /* ea2c0a5df6a0b88d1763cc4e4fd0789ec2af67 */,
			);
			path = f1;
			sourceTree = "<group>";
		};
		14B647D5CBBA601B84307B48 /* 8d */ = {
			isa = PBXGroup;
			children = (
				B45FCAA5B87C9B101CA53313 /* 8aca2f23a1026b41b2ce97f37c9e4a662516c1 */,
				226A5F4D7BDAC1B49D24F30B /* cae9973b8f374516ae87eae4048b1e8c08ba51 */,
			);
			path = 8d;
			sourceTree = "<group>";
		};
		1728B5A370A51252B3626C67 /* a2 */ = {
			isa = PBXGroup;
			children = (
				98A707812CE0043F15FEB5C4 /* b142303c2cd5c37b275b7d6449e4cca6d34ecc */,
			);
			path = a2;
			sourceTree = "<group>";
		};
		1915B236DAB6462D9F992073 /* d1 */ = {
			isa = PBXGroup;
			children = (
				F8F4519405981E1DA35B7A52 /* 16c163b50992ebcb86a67605eed36736590f1e */,
				2F14789274218B04993EF7BA /* 67bcac18ec1e1ee296693ce8d738b8ce05407e */,
			);
			path = d1;
			sourceTree = "<group>";
		};
		1A8EA5C3BB6FA6CB862D9862 /* 47 */ = {
			isa = PBXGroup;
			children = (
				AF03C376DE2CF43AB064F602 /* 62fae095ecc6bafda727f6e2d6691097f855d6 */,
			);
			path = 47;
			sourceTree = "<group>";
		};
		1A932B2E35B0DAF62B2B5B73 /* AIDoctor */ = {
			isa = PBXGroup;
			children = (
				CDC7FEDBD30B4304BBA538BD /* AIDoctorView.swift */,
			);
			path = AIDoctor;
			sourceTree = "<group>";
		};
		1B90A70E707DE5BEF198083B /* c5 */ = {
			isa = PBXGroup;
			children = (
				8869AA68D8CF212443C5F70E /* d498dd5d6111d0e6b676f56a302f88d53f44b0 */,
			);
			path = c5;
			sourceTree = "<group>";
		};
		1F8CC643BF5C3A079BB7288C /* 30 */ = {
			isa = PBXGroup;
			children = (
				7A63941690A73A125534E2D7 /* c4aa280ac0d7f907bd1891df147a2c354ed06a */,
			);
			path = 30;
			sourceTree = "<group>";
		};
		20A010CCF6A2320FE0AA7648 /* hooks */ = {
			isa = PBXGroup;
			children = (
				DB8C4282CDD9763CCF66D735 /* applypatch-msg.sample */,
				1A9028CF39F1422171C97160 /* commit-msg.sample */,
				2451D12286F36A2F84DABAC3 /* fsmonitor-watchman.sample */,
				FA27CD5FD2847F2B297C7868 /* post-update.sample */,
				1F957BA962D5E316D5BBF842 /* pre-applypatch.sample */,
				F28F5BD49D9C16A3E46EC95E /* pre-commit.sample */,
				C87DDDA71A8B59FF9AC60F48 /* pre-merge-commit.sample */,
				8835AAE861C258778B02A0C3 /* pre-push.sample */,
				449E0993DEF19BAC08794537 /* pre-rebase.sample */,
				A55D130FBD797A68109A5EAB /* pre-receive.sample */,
				145FD4EB35CD9B63C8991A93 /* prepare-commit-msg.sample */,
				B44FC5437B0EED3782ADE926 /* push-to-checkout.sample */,
				A3DD85E0831F9B7BB44180CE /* sendemail-validate.sample */,
				9D704C2C9C1BE3635D57BB15 /* update.sample */,
			);
			path = hooks;
			sourceTree = "<group>";
		};
		230EF5BCE53B637D1949B65F /* 75 */ = {
			isa = PBXGroup;
			children = (
				4E0F75D27C4AD3AF97A5A7BB /* 844237e2f676c0fecadd99c9e326df8cdae37c */,
				9B491E68AB799554D4A5C572 /* fbe13568f21e4a190589401de7adee7563b7bb */,
			);
			path = 75;
			sourceTree = "<group>";
		};
		24EC9CFED1DD49A0CF8058DB /* 01 */ = {
			isa = PBXGroup;
			children = (
				360825B572F09038A0F5F5E0 /* a1f4e73eedc6cb274027777d77f4821f685979 */,
			);
			path = 01;
			sourceTree = "<group>";
		};
		255099857ED51CD37B46AAF8 /* 2c */ = {
			isa = PBXGroup;
			children = (
				DE59F6BDAFD40AE59C00AB44 /* 30a6a71d5043e2c341df16ddd45fd09085a607 */,
			);
			path = 2c;
			sourceTree = "<group>";
		};
		2690D7A5E3DFEC78C060456F /* 78 */ = {
			isa = PBXGroup;
			children = (
				956ECA0B9536309A9A0BA86E /* 9399fccccb5f050cfdb277779daba73afa909c */,
				8C256301D73AA57634B3A441 /* fe8b0366e35976641d8d59ea2a39cb8bbafea2 */,
			);
			path = 78;
			sourceTree = "<group>";
		};
		2921B5F6E14AE1A383BA025B /* 43 */ = {
			isa = PBXGroup;
			children = (
				F1F3E9F196A08C0467039943 /* 48338fd81ba9ca8862a11bbc935b2c2fda5ea0 */,
			);
			path = 43;
			sourceTree = "<group>";
		};
		2B6B37527727A7F317D11AC3 /* logs */ = {
			isa = PBXGroup;
			children = (
				ABD1578EB994C58C991826A4 /* HEAD */,
				54605433CE59E2343C9271B3 /* refs */,
			);
			path = logs;
			sourceTree = "<group>";
		};
		2F3781DFB6AC178CB67F6ABF /* Pets */ = {
			isa = PBXGroup;
			children = (
				7A0CD760EB7DB060CC8865E8 /* PetProfileView.swift */,
				4B99932BB2FD29671729C957 /* PetsView.swift */,
			);
			path = Pets;
			sourceTree = "<group>";
		};
		30B704ADF0821178E4727817 /* 27 */ = {
			isa = PBXGroup;
			children = (
				4CFA7F9CBE9B05D376C0DB08 /* 677f4c247e7254d68a321e3be8fe1a80bee32e */,
				7DAD25F66AD2F5C1369707FC /* d299e79debb6be8ab66ab1616d4fd06a224b5f */,
			);
			path = 27;
			sourceTree = "<group>";
		};
		329B1FBE0538CCA091261EAF /* info */ = {
			isa = PBXGroup;
			children = (
				DF8E4770807EDD770864CDB0 /* exclude */,
			);
			path = info;
			sourceTree = "<group>";
		};
		35FFEDC55193B15F1531725B /* fd */ = {
			isa = PBXGroup;
			children = (
				8CAAFAE0897F51C092E6E81E /* 7423e1090bf50d1f1ff5fe17770f9adcc4d604 */,
			);
			path = fd;
			sourceTree = "<group>";
		};
		36BFA7E78E2AA7CA316C309F /* 7b */ = {
			isa = PBXGroup;
			children = (
				79FFD0E53CFAF5B462688273 /* 162cd426574388d7609254e11c4a43e2572c83 */,
			);
			path = 7b;
			sourceTree = "<group>";
		};
		37779F96E4D55FBA97ACC0C1 /* e6 */ = {
			isa = PBXGroup;
			children = (
				98D06FA1975FE3042EEE44E4 /* 356da602878b23b771f928c7c6c7379d9b13b3 */,
			);
			path = e6;
			sourceTree = "<group>";
		};
		39F92AE4240D4F8A87562F7B /* objects */ = {
			isa = PBXGroup;
			children = (
				49D8B8B8F16271AC404B4330 /* 00 */,
				4655DDAEA8A7C9D7B1320C82 /* 0a */,
				4DCDF8CF402E98D8E9FEAD28 /* 0b */,
				24EC9CFED1DD49A0CF8058DB /* 01 */,
				F5B684F241AC382EC99CC11C /* 1a */,
				C4531ACE0CAD078F00676585 /* 1d */,
				255099857ED51CD37B46AAF8 /* 2c */,
				0155F195EA15ABFCB87D90A8 /* 2f */,
				9CAF9DECBA90B8BB74E600DF /* 04 */,
				4F0C464CA6BC74A0EE248701 /* 4a */,
				B13E0CA3C6887FAFF0EAA00F /* 4b */,
				AF2DE2CF5E97E82E2B32A601 /* 4c */,
				B5603CDEE3309F095230D312 /* 4d */,
				E4CA8384E718C94B12865AC5 /* 05 */,
				55901439BD8EB8C3652D5C14 /* 5a */,
				4096FBCEE594E7F0CDC206DC /* 5b */,
				6BC7D4080558B9A885A9758E /* 5c */,
				009E7EA18BCD981F2EEE4061 /* 6c */,
				5AA13210B47637A204C08F02 /* 6d */,
				BEF45D79CCABA6E075AD432D /* 07 */,
				36BFA7E78E2AA7CA316C309F /* 7b */,
				59AA967E6659FE418A3B018F /* 7d */,
				F1689FD75D0ADF83DB0916E6 /* 7f */,
				7F09627950CD236A28648295 /* 08 */,
				14B647D5CBBA601B84307B48 /* 8d */,
				9AB2296B89635D9E0760DA20 /* 8e */,
				B6FC7EFE5DC9C097DF20DC39 /* 9c */,
				06BF0833B87F6016ED434445 /* 13 */,
				4F04A3BC2B70EEBF58FBFAA2 /* 16 */,
				B5DF278513055D6A5CDEF9D7 /* 17 */,
				A15DF9445801E45E29340917 /* 20 */,
				520F840650FE05D8FBFBEBE1 /* 22 */,
				C440D166CF41008E0533E438 /* 24 */,
				30B704ADF0821178E4727817 /* 27 */,
				1F8CC643BF5C3A079BB7288C /* 30 */,
				9B933370C171C2603A40152B /* 31 */,
				3E80D9F1317E9646DE8B7E72 /* 33 */,
				3E5CE206BA19A2DB7708DCEA /* 36 */,
				2921B5F6E14AE1A383BA025B /* 43 */,
				CED05A18CF45BB9227CADCBC /* 45 */,
				1A8EA5C3BB6FA6CB862D9862 /* 47 */,
				9113BBB6D780494A6A14F62E /* 49 */,
				B876F8BE84F6984C0A2923B6 /* 51 */,
				644F42F3A8ADC21FD119BDF7 /* 55 */,
				6D1479CBB8E0331A208CC018 /* 56 */,
				CEF38BFEA83BE38FAB27B835 /* 60 */,
				CD67FA8853CBC3486363F29F /* 62 */,
				7D55B6EA8A79F73077267AA9 /* 70 */,
				D16FFBCC01192950D4F67070 /* 71 */,
				B1D0D14075A00ACC55FAD0A2 /* 73 */,
				230EF5BCE53B637D1949B65F /* 75 */,
				2690D7A5E3DFEC78C060456F /* 78 */,
				F6CBB1A81475B416BED59EDC /* 79 */,
				EF717995DE191BEFE4778F77 /* 80 */,
				A8ABE4A1A7E50C590EC038F5 /* 83 */,
				C53C6FB21AF48D466A6230E9 /* 84 */,
				7E89410457FF641FF1BED2AA /* 86 */,
				3FF494AEE0C5EF284CD431EB /* 90 */,
				067C4B6C8278C45AE4AB3A89 /* 91 */,
				AE65725D3BF44BF846FDC3C0 /* 96 */,
				6B5FEE0A7AE75A7306C34D40 /* 97 */,
				A7BCA1E7260FCE80D0C5D95E /* a1 */,
				1728B5A370A51252B3626C67 /* a2 */,
				0D6095FB2502E8E6C503C590 /* a4 */,
				9B5F273439EE6F0FC0C3023F /* a6 */,
				66D7DF4280D090850ECCB008 /* a7 */,
				FADC604CCCA9157D21368AE1 /* a9 */,
				EFB2963A51B4833026D5A66D /* ac */,
				B1FBB98A26647FEA33E46BBF /* ad */,
				96A69FD246A73EC84FE3B0A7 /* af */,
				4607F8AAB22E255EE2D2C391 /* bf */,
				7ADB4C719E5E2BB005DE7544 /* c2 */,
				6071ED0A4FB32998A460964F /* c3 */,
				0B0AE7775FA0FD6EEA17F44A /* c4 */,
				1B90A70E707DE5BEF198083B /* c5 */,
				0A60700BB4A33DD3618F70D7 /* cd */,
				84D57B7EE91140868A893994 /* d0 */,
				1915B236DAB6462D9F992073 /* d1 */,
				CB7B721858597226F0DF085C /* d5 */,
				78E9148FC6CAABF64C099BB6 /* d7 */,
				0CC2B80EDA3EF1B5CD275A79 /* dd */,
				BB59A07D680840356C7E3109 /* e0 */,
				9CFBDC59FF592B4CF372A548 /* e5 */,
				37779F96E4D55FBA97ACC0C1 /* e6 */,
				8F5A7D267D05FDC329AD9C44 /* e7 */,
				D9A44B964CA9323C255243EA /* eb */,
				5735C2061F1B9DA7F5841FCB /* ef */,
				147ECFE819B9215D6F215D72 /* f1 */,
				634B35928FFE30312FD8268C /* f2 */,
				B9630E2A6945198EB5A82490 /* f8 */,
				73938327C35275AFA05E1903 /* f9 */,
				35FFEDC55193B15F1531725B /* fd */,
				3F4AF9638AE57640C97A79B2 /* ff */,
			);
			path = objects;
			sourceTree = "<group>";
		};
		3E5CE206BA19A2DB7708DCEA /* 36 */ = {
			isa = PBXGroup;
			children = (
				7A1D9DCFCD0D2994DA277586 /* fb2c843f2529c83c7b31df3b30d20774c62dbe */,
			);
			path = 36;
			sourceTree = "<group>";
		};
		3E80D9F1317E9646DE8B7E72 /* 33 */ = {
			isa = PBXGroup;
			children = (
				3C9D7EDF18937CE0A58C24E1 /* c800e3a2840fd36223694d7fdace4e4fdb866c */,
				D71BD7EBBAEDDDC5C8D65BDC /* ef7b44120f6f11dbe10b4af729be645c15a766 */,
			);
			path = 33;
			sourceTree = "<group>";
		};
		3F4AF9638AE57640C97A79B2 /* ff */ = {
			isa = PBXGroup;
			children = (
				468482D5BC757D2475ECD9E0 /* 1a3acbd947c856c4579d101806253aee0a1375 */,
				45F732F97F5476789EF61302 /* 20e224242e1671ae88c34c7bf30a9288e86dae */,
				0BDC8DCBE51092501729D8D0 /* 78cfc18908a70fc2ec246db319a07f0ba461b5 */,
				8A8EA71F9FD815B09EED0AC0 /* b7bd49a4d9c5e33330377dc1e702ac9d9c7c39 */,
			);
			path = ff;
			sourceTree = "<group>";
		};
		3F50A35CBF84B246D6926BB5 = {
			isa = PBXGroup;
			children = (
				EE465AFB3D6A99CE60628D08 /* .git */,
				F8814528C6541D8800A31D3F /* DesignSystem */,
				EE0E81378E6807C3217DCE80 /* Features */,
				6278EB5965142A56CF11F073 /* Models */,
				ECABCA489987A187E37F37ED /* Navigation */,
				C395B59593EC5CA78737438E /* PawlyTests */,
				FC83FD5A33A2814A67C1E99C /* Persistence */,
				AE718C4296793B2B26A6920B /* Services */,
				E636A23961F12C4EDFA57ABA /* Utilities */,
				CF0E4FC9F8806EEC9C2AE70A /* Products */,
			);
			sourceTree = "<group>";
		};
		3FF494AEE0C5EF284CD431EB /* 90 */ = {
			isa = PBXGroup;
			children = (
				8E69896FEF585A5CC975B3D4 /* ffd0ee35edb799d5cf1bf89ce93c7e4ef9a0a0 */,
			);
			path = 90;
			sourceTree = "<group>";
		};
		4096FBCEE594E7F0CDC206DC /* 5b */ = {
			isa = PBXGroup;
			children = (
				688544D6E3736D68B0DF5F81 /* 84a972a2315e20b66f17c7c11629a48b96860f */,
			);
			path = 5b;
			sourceTree = "<group>";
		};
		4607F8AAB22E255EE2D2C391 /* bf */ = {
			isa = PBXGroup;
			children = (
				5E0A854EB5083D86B8C7F355 /* 9bdf687ee5285ccbeaf6a876beb67e5e6980f6 */,
			);
			path = bf;
			sourceTree = "<group>";
		};
		4655DDAEA8A7C9D7B1320C82 /* 0a */ = {
			isa = PBXGroup;
			children = (
				8A09AEE188F503840114473C /* a53a278a926a910197d2a7f7f1397d61abc9f6 */,
			);
			path = 0a;
			sourceTree = "<group>";
		};
		49D8B8B8F16271AC404B4330 /* 00 */ = {
			isa = PBXGroup;
			children = (
				F850B2957A6A38F6BE757847 /* c0f6851c1bda73981fa51d45b2b2c0294a70b4 */,
			);
			path = 00;
			sourceTree = "<group>";
		};
		4DCDF8CF402E98D8E9FEAD28 /* 0b */ = {
			isa = PBXGroup;
			children = (
				8AE8B6026C28FC7D2CC5EE15 /* df59ba078fb28cc709213d7483dc498a5376dc */,
			);
			path = 0b;
			sourceTree = "<group>";
		};
		4F04A3BC2B70EEBF58FBFAA2 /* 16 */ = {
			isa = PBXGroup;
			children = (
				93FF512320FE31F92DA55C13 /* f51cc5a6ac8fc4e33bf7498ee3dcfd1e961c27 */,
			);
			path = 16;
			sourceTree = "<group>";
		};
		4F0C464CA6BC74A0EE248701 /* 4a */ = {
			isa = PBXGroup;
			children = (
				375448019C58DAA0502467EC /* 6c3c5f4003cf1be18cbbfc11f0930fd922d2c6 */,
				61CB7FED4AE7D778065994CF /* d06aa34558bfa94a5f618d3e4105799d73a207 */,
			);
			path = 4a;
			sourceTree = "<group>";
		};
		520F840650FE05D8FBFBEBE1 /* 22 */ = {
			isa = PBXGroup;
			children = (
				F2B61FEE2F10EF5C81FDD9C9 /* b45d695fe46d272d9af87cb6b434b41e7613ac */,
			);
			path = 22;
			sourceTree = "<group>";
		};
		54605433CE59E2343C9271B3 /* refs */ = {
			isa = PBXGroup;
			children = (
				6F0D50916E18756F6B24FB02 /* heads */,
				C4FDA67FCEAF4B3ADEF3A763 /* remotes */,
			);
			path = refs;
			sourceTree = "<group>";
		};
		54A32C4530105DC0AEB6BE21 /* heads */ = {
			isa = PBXGroup;
			children = (
				43D2E6E7CE086C594E19002A /* main */,
			);
			path = heads;
			sourceTree = "<group>";
		};
		55901439BD8EB8C3652D5C14 /* 5a */ = {
			isa = PBXGroup;
			children = (
				859429FFB27D35A1AB3C2595 /* 42844a0a05b4ec66b35b1a76702b48dd9c5719 */,
			);
			path = 5a;
			sourceTree = "<group>";
		};
		5735C2061F1B9DA7F5841FCB /* ef */ = {
			isa = PBXGroup;
			children = (
				7AA7F2E71CBADFBEB8A76F0C /* ccfa8e3e1a4ce5a6ffd94769d6bf2fd9cf1783 */,
			);
			path = ef;
			sourceTree = "<group>";
		};
		59AA967E6659FE418A3B018F /* 7d */ = {
			isa = PBXGroup;
			children = (
				D14C0CAF7CC37E5C36611664 /* addd42d924ca94901b01117196ed1e3a7173b9 */,
			);
			path = 7d;
			sourceTree = "<group>";
		};
		5AA13210B47637A204C08F02 /* 6d */ = {
			isa = PBXGroup;
			children = (
				6B1FD6F0B21799C7BBB62D96 /* bdd2b8c9ebcffc96454a4425515735d4c98ac4 */,
			);
			path = 6d;
			sourceTree = "<group>";
		};
		6071ED0A4FB32998A460964F /* c3 */ = {
			isa = PBXGroup;
			children = (
				D6A2750EE184F044CB26A94F /* 0a762110523fa783b643c50de052c9dc5bfeeb */,
			);
			path = c3;
			sourceTree = "<group>";
		};
		6278EB5965142A56CF11F073 /* Models */ = {
			isa = PBXGroup;
			children = (
				BAC73679E7C2B8B72390CFF1 /* LogEntry.swift */,
				CE7561E0406F3B29603697ED /* MoodEntry.swift */,
				A56BB6523B5B761DAAACDFCE /* Pet.swift */,
				A50A6B6F222AD0FE624FD5F0 /* Recurrence.swift */,
				2205C73F83C44E2BB18BE934 /* Reminder.swift */,
				773BF51D421D305731D7BABC /* ReminderInstance.swift */,
				2744E3D8EDFBFFF1A4C9F852 /* ReminderType.swift */,
				748135EB8A20CF617EE37B71 /* Species.swift */,
			);
			path = Models;
			sourceTree = "<group>";
		};
		634B35928FFE30312FD8268C /* f2 */ = {
			isa = PBXGroup;
			children = (
				1CCF54D3619C286BC5A4611E /* 4c61fe23e45d28c26184c5c79c927aafd22ec7 */,
			);
			path = f2;
			sourceTree = "<group>";
		};
		644F42F3A8ADC21FD119BDF7 /* 55 */ = {
			isa = PBXGroup;
			children = (
				BC1F298610939D52989C9C75 /* 78b1420e371fe8c7155c4351290f6fc5dff535 */,
			);
			path = 55;
			sourceTree = "<group>";
		};
		66D7DF4280D090850ECCB008 /* a7 */ = {
			isa = PBXGroup;
			children = (
				35C7BB48B6700AFC0A068E05 /* 00580f61059c4be09d1a85aa5e93a0450d0ed3 */,
			);
			path = a7;
			sourceTree = "<group>";
		};
		6B5FEE0A7AE75A7306C34D40 /* 97 */ = {
			isa = PBXGroup;
			children = (
				ECCEBEE442C1F00E642092AB /* 5af6de8729c80e45fe561dbba93d646ef73cd9 */,
			);
			path = 97;
			sourceTree = "<group>";
		};
		6BC7D4080558B9A885A9758E /* 5c */ = {
			isa = PBXGroup;
			children = (
				8A38E3A155F766AECB210E5A /* 6d8ea3e6e8f868edda4f5b1964ecc25f5804ab */,
			);
			path = 5c;
			sourceTree = "<group>";
		};
		6D1479CBB8E0331A208CC018 /* 56 */ = {
			isa = PBXGroup;
			children = (
				876D1376C895867C34676085 /* 11f9a4c2ec7c115327adaf028658733be95b5b */,
			);
			path = 56;
			sourceTree = "<group>";
		};
		6F0D50916E18756F6B24FB02 /* heads */ = {
			isa = PBXGroup;
			children = (
				3FB39C41971052534F8B8D93 /* main */,
			);
			path = heads;
			sourceTree = "<group>";
		};
		727BC7AB9B02F5CA263A9624 /* QuickLog */ = {
			isa = PBXGroup;
			children = (
				BC76F68803CC98D3B3E0316B /* QuickLogSheet.swift */,
			);
			path = QuickLog;
			sourceTree = "<group>";
		};
		73938327C35275AFA05E1903 /* f9 */ = {
			isa = PBXGroup;
			children = (
				6F7CA38B2C21921F96F4E929 /* d187b8de87bd5c3b1a965c727509bd51243003 */,
			);
			path = f9;
			sourceTree = "<group>";
		};
		768111A1383B4EA5816C58B4 /* Discover */ = {
			isa = PBXGroup;
			children = (
				F88091CCFB9B990FBC63EA30 /* DiscoverView.swift */,
				1A932B2E35B0DAF62B2B5B73 /* AIDoctor */,
				98A3688D5BAFCEBB0B42D7C5 /* Hygiene */,
				AE36B26DD1C1D41E7BA9221E /* Recipes */,
			);
			path = Discover;
			sourceTree = "<group>";
		};
		78E9148FC6CAABF64C099BB6 /* d7 */ = {
			isa = PBXGroup;
			children = (
				37C54ECC0842AFF453554091 /* 64285d56d317c8fd63e5458f084eb1ef69f9a6 */,
			);
			path = d7;
			sourceTree = "<group>";
		};
		7ADB4C719E5E2BB005DE7544 /* c2 */ = {
			isa = PBXGroup;
			children = (
				C538A02C7CBFD093768BCB89 /* 7fe93367a1f379286b4a565cd6d448376773fb */,
			);
			path = c2;
			sourceTree = "<group>";
		};
		7D55B6EA8A79F73077267AA9 /* 70 */ = {
			isa = PBXGroup;
			children = (
				146EC78DD8B3A9857A8DBD2D /* 025228ef4c8f9e5302b8c7b3897e7743886cc4 */,
			);
			path = 70;
			sourceTree = "<group>";
		};
		7E89410457FF641FF1BED2AA /* 86 */ = {
			isa = PBXGroup;
			children = (
				7873B4F0B408184749955759 /* 8e8d6b88ce92fab66a4db83945e4069651a030 */,
			);
			path = 86;
			sourceTree = "<group>";
		};
		7F09627950CD236A28648295 /* 08 */ = {
			isa = PBXGroup;
			children = (
				F10BFCEB624EBBB1CB01C164 /* 158145b90dfe99d0be676bed5e914ebe90b42d */,
			);
			path = 08;
			sourceTree = "<group>";
		};
		84D57B7EE91140868A893994 /* d0 */ = {
			isa = PBXGroup;
			children = (
				CE9DF19A235CBBDFE86D2E6E /* 67abedd7815231adc5e3085b67d499ef814cb9 */,
			);
			path = d0;
			sourceTree = "<group>";
		};
		8F5A7D267D05FDC329AD9C44 /* e7 */ = {
			isa = PBXGroup;
			children = (
				02CD6DEEC650F5EE3E557F86 /* 48db1013bf470005cd431165a9f2cb86e21779 */,
			);
			path = e7;
			sourceTree = "<group>";
		};
		9113BBB6D780494A6A14F62E /* 49 */ = {
			isa = PBXGroup;
			children = (
				42518E2AB604196B6F18721F /* 483c1b1c4dfa367600b3fc768477fa9a93547f */,
			);
			path = 49;
			sourceTree = "<group>";
		};
		92C73FEB7802F4B63325A6A4 /* origin */ = {
			isa = PBXGroup;
			children = (
				08766A1A5B55F262CB21A31A /* main */,
			);
			path = origin;
			sourceTree = "<group>";
		};
		96A69FD246A73EC84FE3B0A7 /* af */ = {
			isa = PBXGroup;
			children = (
				90FCD75D00F22B64670F2815 /* 21e9ed9e77f1ee096ae1713d77854d2c74c5c7 */,
			);
			path = af;
			sourceTree = "<group>";
		};
		98A3688D5BAFCEBB0B42D7C5 /* Hygiene */ = {
			isa = PBXGroup;
			children = (
				988655E393CF34F78457EC91 /* HygieneLibraryView.swift */,
			);
			path = Hygiene;
			sourceTree = "<group>";
		};
		9AB2296B89635D9E0760DA20 /* 8e */ = {
			isa = PBXGroup;
			children = (
				1BB594349FFE790A3CC8A134 /* ef949a678ad6bd03d6b68898be068b00159c61 */,
			);
			path = 8e;
			sourceTree = "<group>";
		};
		9B5F273439EE6F0FC0C3023F /* a6 */ = {
			isa = PBXGroup;
			children = (
				A2E12648D200B67FA32E007C /* a9c4bd022acb9172fd6e0973634e50ebc4fb30 */,
			);
			path = a6;
			sourceTree = "<group>";
		};
		9B933370C171C2603A40152B /* 31 */ = {
			isa = PBXGroup;
			children = (
				180F587B4327EBEE035C78D8 /* 5d9293600e4b7fe4ade8f2f3c0f7d0b57499b5 */,
				7B5FABC0D84F85FA47882272 /* fa0970bd37a6d894a304f05e314b89898a22c3 */,
			);
			path = 31;
			sourceTree = "<group>";
		};
		9CAF9DECBA90B8BB74E600DF /* 04 */ = {
			isa = PBXGroup;
			children = (
				50486FBD477C985A5CEB244C /* f1c37f4c84cf672f9236e7e4f693c0781e9607 */,
			);
			path = 04;
			sourceTree = "<group>";
		};
		9CFBDC59FF592B4CF372A548 /* e5 */ = {
			isa = PBXGroup;
			children = (
				CFB7A3EDBAB22DA69B3856A7 /* e8f909612bac5bda7ec0cfb90594825ed9d138 */,
			);
			path = e5;
			sourceTree = "<group>";
		};
		A15DF9445801E45E29340917 /* 20 */ = {
			isa = PBXGroup;
			children = (
				4688B479040E7D6CC181BBA3 /* 74e913471c6d61a5d007ff175c62e33d1fbf2b */,
			);
			path = 20;
			sourceTree = "<group>";
		};
		A59B82E41354BA10D301A54B /* Calendar */ = {
			isa = PBXGroup;
			children = (
				7DC6DFDC296A056B2B18F9BC /* CalendarView.swift */,
				96D2EEDE3FCEFAE6B0430B29 /* DayDetailSheet.swift */,
				C2CBDF1605AB542A495CC9FE /* MonthGrid.swift */,
				2553EFC0E80A5208D95179D0 /* WeekTimelineView.swift */,
			);
			path = Calendar;
			sourceTree = "<group>";
		};
		A7BCA1E7260FCE80D0C5D95E /* a1 */ = {
			isa = PBXGroup;
			children = (
				FD35D16BAD71B13DC5C818FD /* d430ef0604f8e5c04bee116d1b0fa4903a6dcd */,
			);
			path = a1;
			sourceTree = "<group>";
		};
		A8ABE4A1A7E50C590EC038F5 /* 83 */ = {
			isa = PBXGroup;
			children = (
				D77364D2B61AD1CCDED31980 /* aa37abb136099be6cb69ec8443d6528ffa2c6f */,
			);
			path = 83;
			sourceTree = "<group>";
		};
		AE36B26DD1C1D41E7BA9221E /* Recipes */ = {
			isa = PBXGroup;
			children = (
				4DE7F82B64CED87E92948350 /* RecipesView.swift */,
			);
			path = Recipes;
			sourceTree = "<group>";
		};
		AE65725D3BF44BF846FDC3C0 /* 96 */ = {
			isa = PBXGroup;
			children = (
				7029BDC7419743A7E664BA59 /* 42d0f66ab5747302812a96ee39539d271015b9 */,
			);
			path = 96;
			sourceTree = "<group>";
		};
		AE718C4296793B2B26A6920B /* Services */ = {
			isa = PBXGroup;
			children = (
				2A1584E7056EC47EEEF24FC6 /* HapticsService.swift */,
				B33DACCAA52F951B4C817512 /* MockAIDoctorService.swift */,
				65F04FFBD11EB4BA2A4D8BDB /* NotificationService.swift */,
				90E43EAAF3E7E338A4C2F207 /* PetContextStore.swift */,
			);
			path = Services;
			sourceTree = "<group>";
		};
		AF2DE2CF5E97E82E2B32A601 /* 4c */ = {
			isa = PBXGroup;
			children = (
				8B09071CC6E0669CDA5D8F53 /* 4fca57aef1937dee1244171a11e7f397c3d13d */,
			);
			path = 4c;
			sourceTree = "<group>";
		};
		B13E0CA3C6887FAFF0EAA00F /* 4b */ = {
			isa = PBXGroup;
			children = (
				479AB8999334B555290E800D /* 825dc642cb6eb9a060e54bf8d69288fbee4904 */,
			);
			path = 4b;
			sourceTree = "<group>";
		};
		B1D0D14075A00ACC55FAD0A2 /* 73 */ = {
			isa = PBXGroup;
			children = (
				30B89F7FE3DB39F9F15F5F68 /* c00596a7fca3f3d4bdd64053b69d86745f9e10 */,
			);
			path = 73;
			sourceTree = "<group>";
		};
		B1FBB98A26647FEA33E46BBF /* ad */ = {
			isa = PBXGroup;
			children = (
				2B1B0CC4BEBF29D0A94A33C1 /* 6a45458e8f332788d97d8df7918874674edff0 */,
			);
			path = ad;
			sourceTree = "<group>";
		};
		B403314F3F33082C4C7BB6A7 /* origin */ = {
			isa = PBXGroup;
			children = (
				438B07610507CF51E9CA1190 /* main */,
			);
			path = origin;
			sourceTree = "<group>";
		};
		B5603CDEE3309F095230D312 /* 4d */ = {
			isa = PBXGroup;
			children = (
				00D190B5C5B5642DFFE03999 /* f507efa4a94fffc1ed7ef6d725fc7b405c1d66 */,
			);
			path = 4d;
			sourceTree = "<group>";
		};
		B5DF278513055D6A5CDEF9D7 /* 17 */ = {
			isa = PBXGroup;
			children = (
				BDFFABD99188EAC129EA7DDE /* 1f2f5b41172cd9ed9d4e15ce66fd621c9701ca */,
				81CA1145F522924901D5F70D /* b3cec29e8bd4faeb099a90cc3e69f034d6f8fa */,
			);
			path = 17;
			sourceTree = "<group>";
		};
		B6FC7EFE5DC9C097DF20DC39 /* 9c */ = {
			isa = PBXGroup;
			children = (
				6645D9B06F3585DC9CA7F522 /* aa0587c0eb1ae8a43f502eb9e73f85a357b19f */,
			);
			path = 9c;
			sourceTree = "<group>";
		};
		B876F8BE84F6984C0A2923B6 /* 51 */ = {
			isa = PBXGroup;
			children = (
				FF0B6CC387EEF6D319BF4C0E /* 27f602a06f38b3c00d4dd3f379935b5455cce9 */,
				D684A896506C8CC251202365 /* f60ec289d86eaea978ff23f901adac0e60f0f3 */,
			);
			path = 51;
			sourceTree = "<group>";
		};
		B9630E2A6945198EB5A82490 /* f8 */ = {
			isa = PBXGroup;
			children = (
				55EA4D31D071C21D18773D79 /* 6cc4cfda70f3b406e39922e9724bbea6d38fe1 */,
			);
			path = f8;
			sourceTree = "<group>";
		};
		BB59A07D680840356C7E3109 /* e0 */ = {
			isa = PBXGroup;
			children = (
				769896C2FD40893B022F3327 /* 7215e43ab09f438ac304d7c190b6d20fecc803 */,
			);
			path = e0;
			sourceTree = "<group>";
		};
		BEF45D79CCABA6E075AD432D /* 07 */ = {
			isa = PBXGroup;
			children = (
				E3AEC425E60B416B537CACCF /* 850d1b0342d363cd3a73c93cdad98529947b8a */,
				63007CBEFAAF718D99DF0BC6 /* c57bb664964ec84a424eca4feca994f7269b6b */,
			);
			path = 07;
			sourceTree = "<group>";
		};
		BF4107015446CD96C475C243 /* refs */ = {
			isa = PBXGroup;
			children = (
				54A32C4530105DC0AEB6BE21 /* heads */,
				08C13A6F05D9C144AFFB2AD6 /* remotes */,
			);
			path = refs;
			sourceTree = "<group>";
		};
		C0BBB01B3140554E5A99E67E /* Onboarding */ = {
			isa = PBXGroup;
			children = (
				DCF2728588EDB6C3866744FD /* OnboardingCoordinator.swift */,
				DF979BC3BFF74E33B7B8E27F /* OnboardingDraft.swift */,
				ABBC997537BDA8146552D9DF /* OnboardingScreens.swift */,
			);
			path = Onboarding;
			sourceTree = "<group>";
		};
		C395B59593EC5CA78737438E /* PawlyTests */ = {
			isa = PBXGroup;
			children = (
				45F7D8EE25A6996FCF7F8083 /* PawlyTests.swift */,
			);
			path = PawlyTests;
			sourceTree = "<group>";
		};
		C440D166CF41008E0533E438 /* 24 */ = {
			isa = PBXGroup;
			children = (
				0AC30B097F583660EEDB7B6A /* e2d72af8567d6e93d0d58f46b3b3acde752340 */,
			);
			path = 24;
			sourceTree = "<group>";
		};
		C4531ACE0CAD078F00676585 /* 1d */ = {
			isa = PBXGroup;
			children = (
				ADCE1BAC1A8762ACA9DD7BC7 /* c1846c91e9aaa0ddd047feccfb8cf10306cbb6 */,
			);
			path = 1d;
			sourceTree = "<group>";
		};
		C4FDA67FCEAF4B3ADEF3A763 /* remotes */ = {
			isa = PBXGroup;
			children = (
				92C73FEB7802F4B63325A6A4 /* origin */,
			);
			path = remotes;
			sourceTree = "<group>";
		};
		C53C6FB21AF48D466A6230E9 /* 84 */ = {
			isa = PBXGroup;
			children = (
				0168F631A38E8F0755CC5FAB /* 19e930d9a03591b34c6dc2c642c1bc2b49c4cd */,
			);
			path = 84;
			sourceTree = "<group>";
		};
		CB7B721858597226F0DF085C /* d5 */ = {
			isa = PBXGroup;
			children = (
				478AD89B909D1311FE809D86 /* 0e343dc705f78d97e848d574a51d0630626565 */,
			);
			path = d5;
			sourceTree = "<group>";
		};
		CD67FA8853CBC3486363F29F /* 62 */ = {
			isa = PBXGroup;
			children = (
				9BE5EB6B10B51595011F5EAC /* f1f900f5176badfd33a51d3a9351a20c297ec6 */,
			);
			path = 62;
			sourceTree = "<group>";
		};
		CED05A18CF45BB9227CADCBC /* 45 */ = {
			isa = PBXGroup;
			children = (
				A0685718C82D41395E8C0A86 /* e08c261c0be99eaf5d56429afa1a47bb4b28e2 */,
			);
			path = 45;
			sourceTree = "<group>";
		};
		CEF38BFEA83BE38FAB27B835 /* 60 */ = {
			isa = PBXGroup;
			children = (
				2F7F091AE4792F5F48E466CF /* 7bada1b32d429ebe1081a70f8adf36f25ee262 */,
			);
			path = 60;
			sourceTree = "<group>";
		};
		CF0E4FC9F8806EEC9C2AE70A /* Products */ = {
			isa = PBXGroup;
			children = (
				2C143F7E162380B6FADA701A /* Pawly.app */,
				921BD39C2CB4B1392DE26F60 /* PawlyTests.xctest */,
			);
			name = Products;
			sourceTree = "<group>";
		};
		D16FFBCC01192950D4F67070 /* 71 */ = {
			isa = PBXGroup;
			children = (
				A963A9D3C4E5273DE8AF69FF /* 69b93c53866c743f3e0a716b970caf3e71ef81 */,
			);
			path = 71;
			sourceTree = "<group>";
		};
		D9A44B964CA9323C255243EA /* eb */ = {
			isa = PBXGroup;
			children = (
				A3498821052571E2838921C4 /* fb032c57eb3dad8cf1d9c1e850285d62771d84 */,
			);
			path = eb;
			sourceTree = "<group>";
		};
		E4CA8384E718C94B12865AC5 /* 05 */ = {
			isa = PBXGroup;
			children = (
				6AB739A745A8CDF4DDA3FE51 /* 86630e44eaa97865c9ef5f744f21c6d10c360e */,
			);
			path = 05;
			sourceTree = "<group>";
		};
		E636A23961F12C4EDFA57ABA /* Utilities */ = {
			isa = PBXGroup;
			children = (
				83A2B7990C019839F1DA732F /* Date+Pawly.swift */,
				2568D5D714E3FDCDF6AB397D /* Image+PhotoData.swift */,
				BCCFEE196EF8287E95D81C90 /* PreviewSupport.swift */,
			);
			path = Utilities;
			sourceTree = "<group>";
		};
		ECABCA489987A187E37F37ED /* Navigation */ = {
			isa = PBXGroup;
			children = (
				FC73EB60E91B222E56B5726F /* MainTabView.swift */,
				471376D6B9EE814590231F79 /* RootView.swift */,
			);
			path = Navigation;
			sourceTree = "<group>";
		};
		EE0E81378E6807C3217DCE80 /* Features */ = {
			isa = PBXGroup;
			children = (
				A59B82E41354BA10D301A54B /* Calendar */,
				768111A1383B4EA5816C58B4 /* Discover */,
				0F0B040D109E072CA13DE7AC /* Home */,
				C0BBB01B3140554E5A99E67E /* Onboarding */,
				2F3781DFB6AC178CB67F6ABF /* Pets */,
				727BC7AB9B02F5CA263A9624 /* QuickLog */,
				F93E822351C9740E230A1F4E /* Reminders */,
			);
			path = Features;
			sourceTree = "<group>";
		};
		EE465AFB3D6A99CE60628D08 /* .git */ = {
			isa = PBXGroup;
			children = (
				0909627AB1A97B8EAD8A0245 /* COMMIT_EDITMSG */,
				2FC82D090E1AF444A495EC8B /* config */,
				152F1B91189CF0E864361593 /* description */,
				942E02E63E0365B592F4B829 /* HEAD */,
				9B683A49A5F1D06DA2D8A640 /* index */,
				20A010CCF6A2320FE0AA7648 /* hooks */,
				329B1FBE0538CCA091261EAF /* info */,
				2B6B37527727A7F317D11AC3 /* logs */,
				39F92AE4240D4F8A87562F7B /* objects */,
				BF4107015446CD96C475C243 /* refs */,
			);
			path = .git;
			sourceTree = "<group>";
		};
		EF717995DE191BEFE4778F77 /* 80 */ = {
			isa = PBXGroup;
			children = (
				8DD295462BFE0E5BE5492B73 /* 4547ebcaef28efd88dd0ccc2a342b53ac0d8a0 */,
			);
			path = 80;
			sourceTree = "<group>";
		};
		EFB2963A51B4833026D5A66D /* ac */ = {
			isa = PBXGroup;
			children = (
				B1C5F605182117819BF9BD1C /* 1a7a83614dfb2fd1415445f3a433f4eab718dc */,
			);
			path = ac;
			sourceTree = "<group>";
		};
		F1689FD75D0ADF83DB0916E6 /* 7f */ = {
			isa = PBXGroup;
			children = (
				D38D7EF1E5F496209F1D9003 /* dc114b83638254f3a4043bccc166bf2583ec30 */,
			);
			path = 7f;
			sourceTree = "<group>";
		};
		F5B684F241AC382EC99CC11C /* 1a */ = {
			isa = PBXGroup;
			children = (
				12427477A3A421B13FB836DF /* 2f83a7978f6e4ade9bb5bacd59a074547b8d70 */,
				C675999CFB7922A94500E219 /* 308cc248b8363ae3bc5767ea55db1659376632 */,
			);
			path = 1a;
			sourceTree = "<group>";
		};
		F6CBB1A81475B416BED59EDC /* 79 */ = {
			isa = PBXGroup;
			children = (
				3DADD00931B94BE01709562A /* d8f6058a5ffbec05f06a81b8314de1162a3da8 */,
			);
			path = 79;
			sourceTree = "<group>";
		};
		F8814528C6541D8800A31D3F /* DesignSystem */ = {
			isa = PBXGroup;
			children = (
				DFC55492CF98BE59B0FD2C73 /* ConfidenceBadge.swift */,
				B8F0FECA4E0B105B0143DF30 /* Motion.swift */,
				B22532CCFB411C0BE1185DA5 /* PawlyButtonStyle.swift */,
				AC8465200035BA2774D6B656 /* PawlyCard.swift */,
				3773C6EA7C80EF0CC546D8A4 /* PawlyColors.swift */,
				3E67F476005E815E8CCB3747 /* PawlyTextField.swift */,
				B085A566B38E46A55755A719 /* Spacing.swift */,
				A346A589A529196C96165CE9 /* StatusDot.swift */,
				2F0DA6B6411F53049521A2C1 /* Typography.swift */,
			);
			path = DesignSystem;
			sourceTree = "<group>";
		};
		F93E822351C9740E230A1F4E /* Reminders */ = {
			isa = PBXGroup;
			children = (
				49D55B6CF97017E5AAB3DDD2 /* RecurrencePicker.swift */,
				8BAF81E101085D59FCDC056F /* ReminderEditView.swift */,
				7FA3C8FD7E65170F0854E7AA /* RemindersListView.swift */,
			);
			path = Reminders;
			sourceTree = "<group>";
		};
		FADC604CCCA9157D21368AE1 /* a9 */ = {
			isa = PBXGroup;
			children = (
				B571BFF0822B0F2B2476F383 /* eb2c9d51b96ace4c33a37877d0a2347e897e8c */,
			);
			path = a9;
			sourceTree = "<group>";
		};
		FC83FD5A33A2814A67C1E99C /* Persistence */ = {
			isa = PBXGroup;
			children = (
				BBD66E8AAD3F4443C80F9602 /* RecurrenceEngine.swift */,
				712AD4B3555EC68C7A68CBB3 /* SeedData.swift */,
			);
			path = Persistence;
			sourceTree = "<group>";
		};
		"TEMP_7118B17B-A185-47EC-9420-99D1C9D48FF7" /* . */ = {
			isa = PBXGroup;
			children = (
				"TEMP_D37372CC-C970-4014-9E99-5E82A6D05891" /* Assets.xcassets */,
				"TEMP_5805CFD1-09DB-4281-B8DF-54FB24AAF600" /* PawlyApp.swift */,
				F8814528C6541D8800A31D3F /* DesignSystem */,
				EE0E81378E6807C3217DCE80 /* Features */,
				ECABCA489987A187E37F37ED /* Navigation */,
				6278EB5965142A56CF11F073 /* Models */,
				E636A23961F12C4EDFA57ABA /* Utilities */,
				FC83FD5A33A2814A67C1E99C /* Persistence */,
				EE465AFB3D6A99CE60628D08 /* .git */,
				AE718C4296793B2B26A6920B /* Services */,
			);
			name = .;
			path = .;
			sourceTree = "<group>";
		};
/* End PBXGroup section */

/* Begin PBXNativeTarget section */
		B447878F40DFDA711B8DAD4D /* Pawly */ = {
			isa = PBXNativeTarget;
			buildConfigurationList = 459402491062AC2B10183DF5 /* Build configuration list for PBXNativeTarget "Pawly" */;
			buildPhases = (
				41D1B01EE4BE7F32B0BC8A66 /* Sources */,
				601CCAA93FAA9C63C62D271F /* Resources */,
			);
			buildRules = (
			);
			dependencies = (
			);
			name = Pawly;
			packageProductDependencies = (
			);
			productName = Pawly;
			productReference = 2C143F7E162380B6FADA701A /* Pawly.app */;
			productType = "com.apple.product-type.application";
		};
		C3356C31E16DDD80E9226CAD /* PawlyTests */ = {
			isa = PBXNativeTarget;
			buildConfigurationList = 06F9BD971E0AA1BDB74EB72F /* Build configuration list for PBXNativeTarget "PawlyTests" */;
			buildPhases = (
				9C425BAE3D1111AB62C72705 /* Sources */,
			);
			buildRules = (
			);
			dependencies = (
				D9A4F6C80B31C58930751418 /* PBXTargetDependency */,
			);
			name = PawlyTests;
			packageProductDependencies = (
			);
			productName = PawlyTests;
			productReference = 921BD39C2CB4B1392DE26F60 /* PawlyTests.xctest */;
			productType = "com.apple.product-type.bundle.unit-test";
		};
/* End PBXNativeTarget section */

/* Begin PBXProject section */
		B8EB757B8F504E30BF293D2B /* Project object */ = {
			isa = PBXProject;
			attributes = {
				BuildIndependentTargetsInParallel = YES;
				LastUpgradeCheck = 1430;
				TargetAttributes = {
					B447878F40DFDA711B8DAD4D = {
						DevelopmentTeam = "";
						ProvisioningStyle = Automatic;
					};
					C3356C31E16DDD80E9226CAD = {
						DevelopmentTeam = "";
						ProvisioningStyle = Automatic;
					};
				};
			};
			buildConfigurationList = E73D8F42B77469FF9E49D866 /* Build configuration list for PBXProject "Pawly" */;
			developmentRegion = en;
			hasScannedForEncodings = 0;
			knownRegions = (
				Base,
				en,
			);
			mainGroup = 3F50A35CBF84B246D6926BB5;
			minimizedProjectReferenceProxies = 1;
			preferredProjectObjectVersion = 77;
			productRefGroup = CF0E4FC9F8806EEC9C2AE70A /* Products */;
			projectDirPath = "";
			projectRoot = "";
			targets = (
				B447878F40DFDA711B8DAD4D /* Pawly */,
				C3356C31E16DDD80E9226CAD /* PawlyTests */,
			);
		};
/* End PBXProject section */

/* Begin PBXResourcesBuildPhase section */
		601CCAA93FAA9C63C62D271F /* Resources */ = {
			isa = PBXResourcesBuildPhase;
			buildActionMask = 2147483647;
			files = (
				6FD1579F5C0F072CC5ADBC37 /* Assets.xcassets in Resources */,
				808580CFA67344C6D0656BBC /* applypatch-msg.sample in Resources */,
				03680B355B6CCB7EE648EAAF /* commit-msg.sample in Resources */,
				FFD9A20758EBFF2A1961C722 /* fsmonitor-watchman.sample in Resources */,
				4177A96857E5E588C0A0D2E4 /* post-update.sample in Resources */,
				B3805E45B94821EAA703A31A /* pre-applypatch.sample in Resources */,
				11037C327F6129B8A4E818A2 /* pre-commit.sample in Resources */,
				68B83849C80812F0B67FFA5D /* pre-merge-commit.sample in Resources */,
				A8E5A60E58BF2618F8FE5414 /* pre-push.sample in Resources */,
				8C7787B6C1E5BEDE90838B9E /* pre-rebase.sample in Resources */,
				6EE4F82FA73DAF3712B0E4B2 /* pre-receive.sample in Resources */,
				4202AEBE56121D5CBEEDCA3E /* prepare-commit-msg.sample in Resources */,
				40B20F9415715342786F94D8 /* push-to-checkout.sample in Resources */,
				A3B8C3B39AF9CA6E21394EA0 /* sendemail-validate.sample in Resources */,
				AA3CC07E5B35C8451895C987 /* update.sample in Resources */,
			);
			runOnlyForDeploymentPostprocessing = 0;
		};
/* End PBXResourcesBuildPhase section */

/* Begin PBXSourcesBuildPhase section */
		41D1B01EE4BE7F32B0BC8A66 /* Sources */ = {
			isa = PBXSourcesBuildPhase;
			buildActionMask = 2147483647;
			files = (
				4597798078FE77A552623EBF /* AIDoctorView.swift in Sources */,
				1DEBE4CEA1EF6E5747857E7B /* CalendarView.swift in Sources */,
				EDB4429DD80A06CA94CBE821 /* ConfidenceBadge.swift in Sources */,
				AA90B529ED27FAEA6918194A /* Date+Pawly.swift in Sources */,
				93AC7EB9123A6645F5D0C48B /* DayDetailSheet.swift in Sources */,
				43C327A51E06DCFBC31FEE00 /* DiscoverView.swift in Sources */,
				C5F89C6F297AAEFF1C2EF216 /* HapticsService.swift in Sources */,
				6024CDE95F7C1069C6045B6C /* HomeView.swift in Sources */,
				E882871BE75D308673DC0792 /* HygieneLibraryView.swift in Sources */,
				D8E733E06B05F7E832DECD1F /* Image+PhotoData.swift in Sources */,
				9087EF46BB6D47FE48DF6756 /* LogEntry.swift in Sources */,
				790CF6CBC8A50A79E0E734A0 /* MainTabView.swift in Sources */,
				C977CF7589582F415D18CB4D /* MockAIDoctorService.swift in Sources */,
				12E88B0497A3BFE8BD132E01 /* MonthGrid.swift in Sources */,
				965DAD0BD756FDFBAE03694C /* MoodEntry.swift in Sources */,
				8780E207879BC397CD100343 /* Motion.swift in Sources */,
				CDA2274E7E281CB2F8B0D309 /* NotificationService.swift in Sources */,
				BDF577FC84E46FC4AE423DC8 /* OnboardingCoordinator.swift in Sources */,
				67E17E0E36ADE7352ED25EA3 /* OnboardingDraft.swift in Sources */,
				09B86609F09D9EE6315A1292 /* OnboardingScreens.swift in Sources */,
				6B80CB599DD811589EC57E4D /* PawlyApp.swift in Sources */,
				FD08194BE59FA2B7FA3AB4C1 /* PawlyButtonStyle.swift in Sources */,
				798A7C53129168D6034ADE21 /* PawlyCard.swift in Sources */,
				BF858F71932CEACA7CD4AD1C /* PawlyColors.swift in Sources */,
				8E1BDCDD5922490D93A346C9 /* PawlyTextField.swift in Sources */,
				20BA9952C18D5B2F5EC6A4AB /* Pet.swift in Sources */,
				7194870A6B3383EB5D6DBB39 /* PetContextStore.swift in Sources */,
				C0CB697CCE0E14EF75C3E9AE /* PetProfileView.swift in Sources */,
				F09EDB2375F423975FD2367F /* PetSwitcherCarousel.swift in Sources */,
				84D9EC054433B9B6DE544193 /* PetsView.swift in Sources */,
				916820C31B004507B62F1441 /* PreviewSupport.swift in Sources */,
				30969EA7B4793150E6DC3896 /* QuickLogSheet.swift in Sources */,
				E25369ECCDE81829D459DAF2 /* RecipesView.swift in Sources */,
				F0E1025FDDA8AEC2C19B83FA /* Recurrence.swift in Sources */,
				17EF9C412B839FC9E4B26BA2 /* RecurrenceEngine.swift in Sources */,
				A0390254A98E3171866DFB8B /* RecurrencePicker.swift in Sources */,
				B8C6A7D10F4A5AAE452F7246 /* Reminder.swift in Sources */,
				D9B485279CC5A01BD030A431 /* ReminderEditView.swift in Sources */,
				E67929F8953EA161CA9A37D2 /* ReminderInstance.swift in Sources */,
				3B0FC70EFDC2A63E021C8235 /* ReminderType.swift in Sources */,
				AF21460400CBED8E7682FFB3 /* RemindersListView.swift in Sources */,
				20BB3345ABBFC6A24D3AD071 /* RootView.swift in Sources */,
				FAF19F61D811DA68A6C41CDD /* SeedData.swift in Sources */,
				332D848D464C9F34D1899C85 /* Spacing.swift in Sources */,
				622F98D1098DA4CFAAE250E2 /* Species.swift in Sources */,
				9D9D7EACFF8C99FC6F267205 /* StatusDot.swift in Sources */,
				12B75AA3D656CC9E9985B54D /* Typography.swift in Sources */,
				D242D40705F00016DA8DE34F /* WeekTimelineView.swift in Sources */,
			);
			runOnlyForDeploymentPostprocessing = 0;
		};
		9C425BAE3D1111AB62C72705 /* Sources */ = {
			isa = PBXSourcesBuildPhase;
			buildActionMask = 2147483647;
			files = (
				485D0550C2C40BA7A911EADC /* PawlyTests.swift in Sources */,
			);
			runOnlyForDeploymentPostprocessing = 0;
		};
/* End PBXSourcesBuildPhase section */

/* Begin PBXTargetDependency section */
		D9A4F6C80B31C58930751418 /* PBXTargetDependency */ = {
			isa = PBXTargetDependency;
			target = B447878F40DFDA711B8DAD4D /* Pawly */;
			targetProxy = D6BEDECBD8C99F6AB287F067 /* PBXContainerItemProxy */;
		};
/* End PBXTargetDependency section */

/* Begin XCBuildConfiguration section */
		6FE0E80546A0D3F6359D0ABD /* Release */ = {
			isa = XCBuildConfiguration;
			buildSettings = {
				BUNDLE_LOADER = "$(TEST_HOST)";
				GENERATE_INFOPLIST_FILE = YES;
				IPHONEOS_DEPLOYMENT_TARGET = 17.0;
				LD_RUNPATH_SEARCH_PATHS = (
					"$(inherited)",
					"@executable_path/Frameworks",
					"@loader_path/Frameworks",
				);
				PRODUCT_BUNDLE_IDENTIFIER = com.yourname.pawly.tests;
				SDKROOT = iphoneos;
				TARGETED_DEVICE_FAMILY = "1,2";
				TEST_HOST = "$(BUILT_PRODUCTS_DIR)/Pawly.app/Pawly";
			};
			name = Release;
		};
		766B38BD34D15F5A2C4AF70B /* Debug */ = {
			isa = XCBuildConfiguration;
			buildSettings = {
				BUNDLE_LOADER = "$(TEST_HOST)";
				GENERATE_INFOPLIST_FILE = YES;
				IPHONEOS_DEPLOYMENT_TARGET = 17.0;
				LD_RUNPATH_SEARCH_PATHS = (
					"$(inherited)",
					"@executable_path/Frameworks",
					"@loader_path/Frameworks",
				);
				PRODUCT_BUNDLE_IDENTIFIER = com.yourname.pawly.tests;
				SDKROOT = iphoneos;
				TARGETED_DEVICE_FAMILY = "1,2";
				TEST_HOST = "$(BUILT_PRODUCTS_DIR)/Pawly.app/Pawly";
			};
			name = Debug;
		};
		99A8FD23912A84C640BAA443 /* Release */ = {
			isa = XCBuildConfiguration;
			buildSettings = {
				ALWAYS_SEARCH_USER_PATHS = NO;
				CLANG_ANALYZER_NONNULL = YES;
				CLANG_ANALYZER_NUMBER_OBJECT_CONVERSION = YES_AGGRESSIVE;
				CLANG_CXX_LANGUAGE_STANDARD = "gnu++14";
				CLANG_CXX_LIBRARY = "libc++";
				CLANG_ENABLE_MODULES = YES;
				CLANG_ENABLE_OBJC_ARC = YES;
				CLANG_ENABLE_OBJC_WEAK = YES;
				CLANG_WARN_BLOCK_CAPTURE_AUTORELEASING = YES;
				CLANG_WARN_BOOL_CONVERSION = YES;
				CLANG_WARN_COMMA = YES;
				CLANG_WARN_CONSTANT_CONVERSION = YES;
				CLANG_WARN_DEPRECATED_OBJC_IMPLEMENTATIONS = YES;
				CLANG_WARN_DIRECT_OBJC_ISA_USAGE = YES_ERROR;
				CLANG_WARN_DOCUMENTATION_COMMENTS = YES;
				CLANG_WARN_EMPTY_BODY = YES;
				CLANG_WARN_ENUM_CONVERSION = YES;
				CLANG_WARN_INFINITE_RECURSION = YES;
				CLANG_WARN_INT_CONVERSION = YES;
				CLANG_WARN_NON_LITERAL_NULL_CONVERSION = YES;
				CLANG_WARN_OBJC_IMPLICIT_RETAIN_SELF = YES;
				CLANG_WARN_OBJC_LITERAL_CONVERSION = YES;
				CLANG_WARN_OBJC_ROOT_CLASS = YES_ERROR;
				CLANG_WARN_QUOTED_INCLUDE_IN_FRAMEWORK_HEADER = YES;
				CLANG_WARN_RANGE_LOOP_ANALYSIS = YES;
				CLANG_WARN_STRICT_PROTOTYPES = YES;
				CLANG_WARN_SUSPICIOUS_MOVE = YES;
				CLANG_WARN_UNGUARDED_AVAILABILITY = YES_AGGRESSIVE;
				CLANG_WARN_UNREACHABLE_CODE = YES;
				CLANG_WARN__DUPLICATE_METHOD_MATCH = YES;
				CODE_SIGNING_ALLOWED = NO;
				CODE_SIGNING_REQUIRED = NO;
				CODE_SIGN_IDENTITY = "-";
				CODE_SIGN_STYLE = Automatic;
				COPY_PHASE_STRIP = NO;
				DEBUG_INFORMATION_FORMAT = "dwarf-with-dsym";
				DEVELOPMENT_TEAM = "";
				ENABLE_NS_ASSERTIONS = NO;
				ENABLE_STRICT_OBJC_MSGSEND = YES;
				ENABLE_USER_SCRIPT_SANDBOXING = NO;
				GCC_C_LANGUAGE_STANDARD = gnu11;
				GCC_NO_COMMON_BLOCKS = YES;
				GCC_WARN_64_TO_32_BIT_CONVERSION = YES;
				GCC_WARN_ABOUT_RETURN_TYPE = YES_ERROR;
				GCC_WARN_UNDECLARED_SELECTOR = YES;
				GCC_WARN_UNINITIALIZED_AUTOS = YES_AGGRESSIVE;
				GCC_WARN_UNUSED_FUNCTION = YES;
				GCC_WARN_UNUSED_VARIABLE = YES;
				IPHONEOS_DEPLOYMENT_TARGET = 17.0;
				MTL_ENABLE_DEBUG_INFO = NO;
				MTL_FAST_MATH = YES;
				PRODUCT_NAME = "$(TARGET_NAME)";
				SDKROOT = iphoneos;
				SWIFT_COMPILATION_MODE = wholemodule;
				SWIFT_OPTIMIZATION_LEVEL = "-O";
				SWIFT_VERSION = 5.9;
			};
			name = Release;
		};
		B6DC594CC7044E2731F1155B /* Debug */ = {
			isa = XCBuildConfiguration;
			buildSettings = {
				ASSETCATALOG_COMPILER_APPICON_NAME = AppIcon;
				ASSETCATALOG_COMPILER_GLOBAL_ACCENT_COLOR_NAME = AccentColor;
				CODE_SIGN_IDENTITY = "iPhone Developer";
				GENERATE_INFOPLIST_FILE = NO;
				INFOPLIST_FILE = Info.plist;
				IPHONEOS_DEPLOYMENT_TARGET = 17.0;
				LD_RUNPATH_SEARCH_PATHS = (
					"$(inherited)",
					"@executable_path/Frameworks",
				);
				PRODUCT_BUNDLE_IDENTIFIER = com.yourname.pawly;
				SDKROOT = iphoneos;
				TARGETED_DEVICE_FAMILY = "1,2";
			};
			name = Debug;
		};
		EB10153A86B578A7F41F68DA /* Release */ = {
			isa = XCBuildConfiguration;
			buildSettings = {
				ASSETCATALOG_COMPILER_APPICON_NAME = AppIcon;
				ASSETCATALOG_COMPILER_GLOBAL_ACCENT_COLOR_NAME = AccentColor;
				CODE_SIGN_IDENTITY = "iPhone Developer";
				GENERATE_INFOPLIST_FILE = NO;
				INFOPLIST_FILE = Info.plist;
				IPHONEOS_DEPLOYMENT_TARGET = 17.0;
				LD_RUNPATH_SEARCH_PATHS = (
					"$(inherited)",
					"@executable_path/Frameworks",
				);
				PRODUCT_BUNDLE_IDENTIFIER = com.yourname.pawly;
				SDKROOT = iphoneos;
				TARGETED_DEVICE_FAMILY = "1,2";
			};
			name = Release;
		};
		F89A153318792F58674E188D /* Debug */ = {
			isa = XCBuildConfiguration;
			buildSettings = {
				ALWAYS_SEARCH_USER_PATHS = NO;
				CLANG_ANALYZER_NONNULL = YES;
				CLANG_ANALYZER_NUMBER_OBJECT_CONVERSION = YES_AGGRESSIVE;
				CLANG_CXX_LANGUAGE_STANDARD = "gnu++14";
				CLANG_CXX_LIBRARY = "libc++";
				CLANG_ENABLE_MODULES = YES;
				CLANG_ENABLE_OBJC_ARC = YES;
				CLANG_ENABLE_OBJC_WEAK = YES;
				CLANG_WARN_BLOCK_CAPTURE_AUTORELEASING = YES;
				CLANG_WARN_BOOL_CONVERSION = YES;
				CLANG_WARN_COMMA = YES;
				CLANG_WARN_CONSTANT_CONVERSION = YES;
				CLANG_WARN_DEPRECATED_OBJC_IMPLEMENTATIONS = YES;
				CLANG_WARN_DIRECT_OBJC_ISA_USAGE = YES_ERROR;
				CLANG_WARN_DOCUMENTATION_COMMENTS = YES;
				CLANG_WARN_EMPTY_BODY = YES;
				CLANG_WARN_ENUM_CONVERSION = YES;
				CLANG_WARN_INFINITE_RECURSION = YES;
				CLANG_WARN_INT_CONVERSION = YES;
				CLANG_WARN_NON_LITERAL_NULL_CONVERSION = YES;
				CLANG_WARN_OBJC_IMPLICIT_RETAIN_SELF = YES;
				CLANG_WARN_OBJC_LITERAL_CONVERSION = YES;
				CLANG_WARN_OBJC_ROOT_CLASS = YES_ERROR;
				CLANG_WARN_QUOTED_INCLUDE_IN_FRAMEWORK_HEADER = YES;
				CLANG_WARN_RANGE_LOOP_ANALYSIS = YES;
				CLANG_WARN_STRICT_PROTOTYPES = YES;
				CLANG_WARN_SUSPICIOUS_MOVE = YES;
				CLANG_WARN_UNGUARDED_AVAILABILITY = YES_AGGRESSIVE;
				CLANG_WARN_UNREACHABLE_CODE = YES;
				CLANG_WARN__DUPLICATE_METHOD_MATCH = YES;
				CODE_SIGNING_ALLOWED = NO;
				CODE_SIGNING_REQUIRED = NO;
				CODE_SIGN_IDENTITY = "-";
				CODE_SIGN_STYLE = Automatic;
				COPY_PHASE_STRIP = NO;
				DEBUG_INFORMATION_FORMAT = dwarf;
				DEVELOPMENT_TEAM = "";
				ENABLE_STRICT_OBJC_MSGSEND = YES;
				ENABLE_TESTABILITY = YES;
				ENABLE_USER_SCRIPT_SANDBOXING = NO;
				GCC_C_LANGUAGE_STANDARD = gnu11;
				GCC_DYNAMIC_NO_PIC = NO;
				GCC_NO_COMMON_BLOCKS = YES;
				GCC_OPTIMIZATION_LEVEL = 0;
				GCC_PREPROCESSOR_DEFINITIONS = (
					"$(inherited)",
					"DEBUG=1",
				);
				GCC_WARN_64_TO_32_BIT_CONVERSION = YES;
				GCC_WARN_ABOUT_RETURN_TYPE = YES_ERROR;
				GCC_WARN_UNDECLARED_SELECTOR = YES;
				GCC_WARN_UNINITIALIZED_AUTOS = YES_AGGRESSIVE;
				GCC_WARN_UNUSED_FUNCTION = YES;
				GCC_WARN_UNUSED_VARIABLE = YES;
				IPHONEOS_DEPLOYMENT_TARGET = 17.0;
				MTL_ENABLE_DEBUG_INFO = INCLUDE_SOURCE;
				MTL_FAST_MATH = YES;
				ONLY_ACTIVE_ARCH = YES;
				PRODUCT_NAME = "$(TARGET_NAME)";
				SDKROOT = iphoneos;
				SWIFT_ACTIVE_COMPILATION_CONDITIONS = DEBUG;
				SWIFT_OPTIMIZATION_LEVEL = "-Onone";
				SWIFT_VERSION = 5.9;
			};
			name = Debug;
		};
/* End XCBuildConfiguration section */

/* Begin XCConfigurationList section */
		06F9BD971E0AA1BDB74EB72F /* Build configuration list for PBXNativeTarget "PawlyTests" */ = {
			isa = XCConfigurationList;
			buildConfigurations = (
				766B38BD34D15F5A2C4AF70B /* Debug */,
				6FE0E80546A0D3F6359D0ABD /* Release */,
			);
			defaultConfigurationIsVisible = 0;
			defaultConfigurationName = Debug;
		};
		459402491062AC2B10183DF5 /* Build configuration list for PBXNativeTarget "Pawly" */ = {
			isa = XCConfigurationList;
			buildConfigurations = (
				B6DC594CC7044E2731F1155B /* Debug */,
				EB10153A86B578A7F41F68DA /* Release */,
			);
			defaultConfigurationIsVisible = 0;
			defaultConfigurationName = Debug;
		};
		E73D8F42B77469FF9E49D866 /* Build configuration list for PBXProject "Pawly" */ = {
			isa = XCConfigurationList;
			buildConfigurations = (
				F89A153318792F58674E188D /* Debug */,
				99A8FD23912A84C640BAA443 /* Release */,
			);
			defaultConfigurationIsVisible = 0;
			defaultConfigurationName = Debug;
		};
/* End XCConfigurationList section */
	};
	rootObject = B8EB757B8F504E30BF293D2B /* Project object */;
}
